<?xml version="1.0" encoding="utf-8"?>
<Project ToolsVersion="4.0" xmlns="http://schemas.microsoft.com/developer/msbuild/2003">
  <ItemGroup>
    <Filter Include="Form Files">
      <UniqueIdentifier>{99349809-55BA-4b9d-BF79-8FDBB0286EB3}</UniqueIdentifier>
      <Extensions>ui</Extensions>
      <ParseFiles>false</ParseFiles>
    </Filter>
    <Filter Include="Form Files">
      <UniqueIdentifier>{99349809-55BA-4b9d-BF79-8FDBB0286EB3}</UniqueIdentifier>
      <Extensions>ui</Extensions>
      <ParseFiles>false</ParseFiles>
    </Filter>
    <Filter Include="Generated Files">
      <UniqueIdentifier>{71ED8ED8-ACB9-4CE9-BBE1-E00B30144E11}</UniqueIdentifier>
      <Extensions>cpp;c;cxx;moc;h;def;odl;idl;res;</Extensions>
    </Filter>
    <Filter Include="Generated Files">
      <UniqueIdentifier>{71ED8ED8-ACB9-4CE9-BBE1-E00B30144E11}</UniqueIdentifier>
      <Extensions>cpp;c;cxx;moc;h;def;odl;idl;res;</Extensions>
    </Filter>
    <Filter Include="Header Files">
      <UniqueIdentifier>{93995380-89BD-4b04-88EB-625FBE52EBFB}</UniqueIdentifier>
      <Extensions>h;hpp;hxx;hm;inl;inc;xsd</Extensions>
    </Filter>
    <Filter Include="Header Files">
      <UniqueIdentifier>{93995380-89BD-4b04-88EB-625FBE52EBFB}</UniqueIdentifier>
      <Extensions>h;hpp;hxx;hm;inl;inc;xsd</Extensions>
    </Filter>
    <Filter Include="Resource Files">
      <UniqueIdentifier>{D9D6E242-F8AF-46E4-B9FD-80ECBC20BA3E}</UniqueIdentifier>
      <Extensions>qrc;*</Extensions>
      <ParseFiles>false</ParseFiles>
    </Filter>
    <Filter Include="Resource Files">
      <UniqueIdentifier>{D9D6E242-F8AF-46E4-B9FD-80ECBC20BA3E}</UniqueIdentifier>
      <Extensions>qrc;*</Extensions>
      <ParseFiles>false</ParseFiles>
    </Filter>
    <Filter Include="Source Files">
      <UniqueIdentifier>{4FC737F1-C7A5-4376-A066-2A32D752A2FF}</UniqueIdentifier>
      <Extensions>cpp;c;cxx;def;odl;idl;hpj;bat;asm;asmx</Extensions>
    </Filter>
    <Filter Include="Source Files">
      <UniqueIdentifier>{4FC737F1-C7A5-4376-A066-2A32D752A2FF}</UniqueIdentifier>
      <Extensions>cpp;c;cxx;def;odl;idl;hpj;bat;asm;asmx</Extensions>
    </Filter>
    <Filter Include="Generated Files\Debug">
      <UniqueIdentifier>{c307cb0c-eccd-4a96-bcdc-df9c9cf93fdf}</UniqueIdentifier>
      <Extensions>cpp;moc</Extensions>
      <SourceControlFiles>False</SourceControlFiles>
    </Filter>
    <Filter Include="Generated Files\Release">
      <UniqueIdentifier>{f6ec7299-1192-4da2-9a6f-897df2a6a962}</UniqueIdentifier>
      <Extensions>cpp;moc</Extensions>
      <SourceControlFiles>False</SourceControlFiles>
    </Filter>
  </ItemGroup>
  <ItemGroup>
    <ClCompile Include="alarm.cpp">
      <Filter>Source Files</Filter>
    </ClCompile>
    <ClCompile Include="channel.cpp">
      <Filter>Source Files</Filter>
    </ClCompile>
    <ClCompile Include="channeldialog.cpp">
      <Filter>Source Files</Filter>
    </ClCompile>
    <ClCompile Include="delegate.cpp">
      <Filter>Source Files</Filter>
    </ClCompile>
    <ClCompile Include="device.cpp">
      <Filter>Source Files</Filter>
    </ClCompile>
    <ClCompile Include="devicedialog.cpp">
      <Filter>Source Files</Filter>
    </ClCompile>
    <ClCompile Include="equip.cpp">
      <Filter>Source Files</Filter>
    </ClCompile>
    <ClCompile Include="equipmentmodel.cpp">
      <Filter>Source Files</Filter>
    </ClCompile>
    <ClCompile Include="fesmodel.cpp">
      <Filter>Source Files</Filter>
    </ClCompile>
    <ClCompile Include="graph.cpp">
      <Filter>Source Files</Filter>
    </ClCompile>
    <ClCompile Include="graphmodel.cpp">
      <Filter>Source Files</Filter>
    </ClCompile>
    <ClCompile Include="hissave.cpp">
      <Filter>Source Files</Filter>
    </ClCompile>
    <ClCompile Include="leftdock.cpp">
      <Filter>Source Files</Filter>
    </ClCompile>
    <ClCompile Include="main.cpp">
      <Filter>Source Files</Filter>
    </ClCompile>
    <ClCompile Include="nodeparamodel.cpp">
      <Filter>Source Files</Filter>
    </ClCompile>
    <ClCompile Include="quoteItem.cpp">
      <Filter>Source Files</Filter>
    </ClCompile>
    <ClCompile Include="readtableconfig.cpp">
      <Filter>Source Files</Filter>
    </ClCompile>
    <ClCompile Include="reportmodel.cpp">
      <Filter>Source Files</Filter>
    </ClCompile>
    <ClCompile Include="rightdock.cpp">
      <Filter>Source Files</Filter>
    </ClCompile>
    <ClCompile Include="scale.cpp">
      <Filter>Source Files</Filter>
    </ClCompile>
    <ClCompile Include="seqscriptmodel.cpp">
      <Filter>Source Files</Filter>
    </ClCompile>
    <ClCompile Include="singleton.cpp">
      <Filter>Source Files</Filter>
    </ClCompile>
    <ClCompile Include="sortfiltermodel.cpp">
      <Filter>Source Files</Filter>
    </ClCompile>
    <ClCompile Include="splitter.cpp">
      <Filter>Source Files</Filter>
    </ClCompile>
    <ClCompile Include="standarview.cpp">
      <Filter>Source Files</Filter>
    </ClCompile>
    <ClCompile Include="sysmodel.cpp">
      <Filter>Source Files</Filter>
    </ClCompile>
    <ClCompile Include="sysoutdock.cpp">
      <Filter>Source Files</Filter>
    </ClCompile>
    <ClCompile Include="tablemodel.cpp">
      <Filter>Source Files</Filter>
    </ClCompile>
    <ClCompile Include="tableview.cpp">
      <Filter>Source Files</Filter>
    </ClCompile>
    <ClCompile Include="tabwidget.cpp">
      <Filter>Source Files</Filter>
    </ClCompile>
    <ClCompile Include="treewidget.cpp">
      <Filter>Source Files</Filter>
    </ClCompile>
    <ClCompile Include="user.cpp">
      <Filter>Source Files</Filter>
    </ClCompile>
    <ClCompile Include="usermodel.cpp">
      <Filter>Source Files</Filter>
    </ClCompile>
    <ClCompile Include="variable.cpp">
      <Filter>Source Files</Filter>
    </ClCompile>
    <ClCompile Include="base.cpp">
      <Filter>Source Files</Filter>
    </ClCompile>
    <ClCompile Include="scadastudio.cpp">
      <Filter>Source Files</Filter>
    </ClCompile>
    <ClCompile Include="GeneratedFiles\Debug\moc_scadastudio.cpp">
      <Filter>Generated Files\Debug</Filter>
    </ClCompile>
    <ClCompile Include="GeneratedFiles\Release\moc_scadastudio.cpp">
      <Filter>Generated Files\Release</Filter>
    </ClCompile>
    <ClCompile Include="GeneratedFiles\Debug\moc_atrribute.cpp">
      <Filter>Generated Files\Debug</Filter>
    </ClCompile>
    <ClCompile Include="GeneratedFiles\Release\moc_atrribute.cpp">
      <Filter>Generated Files\Release</Filter>
    </ClCompile>
    <ClCompile Include="atrribute.cpp">
      <Filter>Source Files</Filter>
    </ClCompile>
    <ClCompile Include="GeneratedFiles\Debug\moc_outputmessagerclient.cpp">
      <Filter>Generated Files\Debug</Filter>
    </ClCompile>
    <ClCompile Include="GeneratedFiles\Release\moc_outputmessagerclient.cpp">
      <Filter>Generated Files\Release</Filter>
    </ClCompile>
    <ClCompile Include="GeneratedFiles\Debug\moc_outputmessagerserver.cpp">
      <Filter>Generated Files\Debug</Filter>
    </ClCompile>
    <ClCompile Include="GeneratedFiles\Release\moc_outputmessagerserver.cpp">
      <Filter>Generated Files\Release</Filter>
    </ClCompile>
    <ClCompile Include="outputmessagerclient.cpp">
      <Filter>Source Files</Filter>
    </ClCompile>
    <ClCompile Include="outputmessagerserver.cpp">
      <Filter>Source Files</Filter>
    </ClCompile>
    <ClCompile Include="GeneratedFiles\Debug\moc_systemoutputmodel.cpp">
      <Filter>Generated Files\Debug</Filter>
    </ClCompile>
    <ClCompile Include="GeneratedFiles\Release\moc_systemoutputmodel.cpp">
      <Filter>Generated Files\Release</Filter>
    </ClCompile>
    <ClCompile Include="GeneratedFiles\Debug\moc_systemoutputview.cpp">
      <Filter>Generated Files\Debug</Filter>
    </ClCompile>
    <ClCompile Include="GeneratedFiles\Release\moc_systemoutputview.cpp">
      <Filter>Generated Files\Release</Filter>
    </ClCompile>
    <ClCompile Include="systemoutputmodel.cpp">
      <Filter>Source Files</Filter>
    </ClCompile>
    <ClCompile Include="systemoutputview.cpp">
      <Filter>Source Files</Filter>
    </ClCompile>
  </ItemGroup>
  <ItemGroup>
    <CustomBuild Include="alarm.h">
      <Filter>Header Files</Filter>
    </CustomBuild>
    <CustomBuild Include="channel.h">
      <Filter>Header Files</Filter>
    </CustomBuild>
    <CustomBuild Include="channeldialog.h">
      <Filter>Header Files</Filter>
    </CustomBuild>
    <CustomBuild Include="delegate.h">
      <Filter>Header Files</Filter>
    </CustomBuild>
    <CustomBuild Include="device.h">
      <Filter>Header Files</Filter>
    </CustomBuild>
    <CustomBuild Include="devicedialog.h">
      <Filter>Header Files</Filter>
    </CustomBuild>
    <CustomBuild Include="equip.h">
      <Filter>Header Files</Filter>
    </CustomBuild>
    <CustomBuild Include="equipmentmodel.h">
      <Filter>Header Files</Filter>
    </CustomBuild>
    <CustomBuild Include="graph.h">
      <Filter>Header Files</Filter>
    </CustomBuild>
    <CustomBuild Include="graphmodel.h">
      <Filter>Header Files</Filter>
    </CustomBuild>
    <CustomBuild Include="hissave.h">
      <Filter>Header Files</Filter>
    </CustomBuild>
    <CustomBuild Include="leftdock.h">
      <Filter>Header Files</Filter>
    </CustomBuild>
    <CustomBuild Include="nodeparamodel.h">
      <Filter>Header Files</Filter>
    </CustomBuild>
    <CustomBuild Include="reportmodel.h">
      <Filter>Header Files</Filter>
    </CustomBuild>
    <CustomBuild Include="rightdock.h">
      <Filter>Header Files</Filter>
    </CustomBuild>
    <CustomBuild Include="scale.h">
      <Filter>Header Files</Filter>
    </CustomBuild>
    <CustomBuild Include="seqscriptmodel.h">
      <Filter>Header Files</Filter>
    </CustomBuild>
    <CustomBuild Include="sortfiltermodel.h">
      <Filter>Header Files</Filter>
    </CustomBuild>
    <CustomBuild Include="splitter.h">
      <Filter>Header Files</Filter>
    </CustomBuild>
    <CustomBuild Include="standarview.h">
      <Filter>Header Files</Filter>
    </CustomBuild>
    <CustomBuild Include="sysmodel.h">
      <Filter>Header Files</Filter>
    </CustomBuild>
    <CustomBuild Include="sysoutdock.h">
      <Filter>Header Files</Filter>
    </CustomBuild>
    <CustomBuild Include="tablemodel.h">
      <Filter>Header Files</Filter>
    </CustomBuild>
    <CustomBuild Include="tableview.h">
      <Filter>Header Files</Filter>
    </CustomBuild>
    <CustomBuild Include="tabwidget.h">
      <Filter>Header Files</Filter>
    </CustomBuild>
    <CustomBuild Include="treewidget.h">
      <Filter>Header Files</Filter>
    </CustomBuild>
    <CustomBuild Include="user.h">
      <Filter>Header Files</Filter>
    </CustomBuild>
    <CustomBuild Include="usermodel.h">
      <Filter>Header Files</Filter>
    </CustomBuild>
    <CustomBuild Include="variable.h">
      <Filter>Header Files</Filter>
    </CustomBuild>
    <CustomBuild Include="define.h">
      <Filter>Header Files</Filter>
    </CustomBuild>
    <CustomBuild Include="quoteItem.h">
      <Filter>Header Files</Filter>
    </CustomBuild>
    <CustomBuild Include="readtableconfig.h">
      <Filter>Header Files</Filter>
    </CustomBuild>
    <CustomBuild Include="singleton.h">
      <Filter>Header Files</Filter>
    </CustomBuild>
    <CustomBuild Include="images\node.png">
      <Filter>Resource Files</Filter>
    </CustomBuild>
    <CustomBuild Include="images\report.png">
      <Filter>Resource Files</Filter>
    </CustomBuild>
    <CustomBuild Include="images\seqscript.png">
      <Filter>Resource Files</Filter>
    </CustomBuild>
    <CustomBuild Include="images\system.png">
      <Filter>Resource Files</Filter>
    </CustomBuild>
    <CustomBuild Include="images\alarm.png">
      <Filter>Resource Files</Filter>
    </CustomBuild>
    <CustomBuild Include="images\channel.png">
      <Filter>Resource Files</Filter>
    </CustomBuild>
    <CustomBuild Include="images\close_group.png">
      <Filter>Resource Files</Filter>
    </CustomBuild>
    <CustomBuild Include="images\device.png">
      <Filter>Resource Files</Filter>
    </CustomBuild>
    <CustomBuild Include="images\equipment.png">
      <Filter>Resource Files</Filter>
    </CustomBuild>
    <CustomBuild Include="images\fes.png">
      <Filter>Resource Files</Filter>
    </CustomBuild>
    <CustomBuild Include="images\graph.png">
      <Filter>Resource Files</Filter>
    </CustomBuild>
    <CustomBuild Include="images\hissave.png">
      <Filter>Resource Files</Filter>
    </CustomBuild>
    <CustomBuild Include="images\pdr.png">
      <Filter>Resource Files</Filter>
    </CustomBuild>
    <CustomBuild Include="images\project.png">
      <Filter>Resource Files</Filter>
    </CustomBuild>
    <CustomBuild Include="images\save.png">
      <Filter>Resource Files</Filter>
    </CustomBuild>
    <CustomBuild Include="images\scale.png">
      <Filter>Resource Files</Filter>
    </CustomBuild>
    <CustomBuild Include="images\variablelist.png">
      <Filter>Resource Files</Filter>
    </CustomBuild>
    <CustomBuild Include="resource.h">
      <Filter>Generated Files</Filter>
    </CustomBuild>
    <CustomBuild Include="base.h">
      <Filter>Header Files</Filter>
    </CustomBuild>
    <CustomBuild Include="scadastudio.h">
      <Filter>Header Files</Filter>
    </CustomBuild>
    <CustomBuild Include="atrribute.h">
      <Filter>Header Files</Filter>
    </CustomBuild>
    <CustomBuild Include="fesmodel.h">
      <Filter>Header Files</Filter>
    </CustomBuild>
    <CustomBuild Include="outputmessagerclient.h">
      <Filter>Header Files</Filter>
    </CustomBuild>
    <CustomBuild Include="outputmessagerserver.h">
      <Filter>Header Files</Filter>
    </CustomBuild>
    <CustomBuild Include="systemoutputmodel.h">
      <Filter>Header Files</Filter>
    </CustomBuild>
    <CustomBuild Include="GeneratedFiles\ui_devicedialog.h">
      <Filter>Header Files</Filter>
    </CustomBuild>
    <CustomBuild Include="systemoutputview.h">
      <Filter>Header Files</Filter>
    </CustomBuild>
  </ItemGroup>
  <ItemGroup>
    <ClCompile Include="GeneratedFiles\debug\moc_alarm.cpp">
      <Filter>Generated Files</Filter>
    </ClCompile>
    <ClCompile Include="GeneratedFiles\release\moc_alarm.cpp">
      <Filter>Generated Files</Filter>
    </ClCompile>
    <ClCompile Include="GeneratedFiles\debug\moc_channel.cpp">
      <Filter>Generated Files</Filter>
    </ClCompile>
    <ClCompile Include="GeneratedFiles\release\moc_channel.cpp">
      <Filter>Generated Files</Filter>
    </ClCompile>
    <ClCompile Include="GeneratedFiles\debug\moc_channeldialog.cpp">
      <Filter>Generated Files</Filter>
    </ClCompile>
    <ClCompile Include="GeneratedFiles\release\moc_channeldialog.cpp">
      <Filter>Generated Files</Filter>
    </ClCompile>
    <ClCompile Include="GeneratedFiles\debug\moc_delegate.cpp">
      <Filter>Generated Files</Filter>
    </ClCompile>
    <ClCompile Include="GeneratedFiles\release\moc_delegate.cpp">
      <Filter>Generated Files</Filter>
    </ClCompile>
    <ClCompile Include="GeneratedFiles\debug\moc_device.cpp">
      <Filter>Generated Files</Filter>
    </ClCompile>
    <ClCompile Include="GeneratedFiles\release\moc_device.cpp">
      <Filter>Generated Files</Filter>
    </ClCompile>
    <ClCompile Include="GeneratedFiles\debug\moc_devicedialog.cpp">
      <Filter>Generated Files</Filter>
    </ClCompile>
    <ClCompile Include="GeneratedFiles\release\moc_devicedialog.cpp">
      <Filter>Generated Files</Filter>
    </ClCompile>
    <ClCompile Include="GeneratedFiles\debug\moc_equip.cpp">
      <Filter>Generated Files</Filter>
    </ClCompile>
    <ClCompile Include="GeneratedFiles\release\moc_equip.cpp">
      <Filter>Generated Files</Filter>
    </ClCompile>
    <ClCompile Include="GeneratedFiles\debug\moc_equipmentmodel.cpp">
      <Filter>Generated Files</Filter>
    </ClCompile>
    <ClCompile Include="GeneratedFiles\release\moc_equipmentmodel.cpp">
      <Filter>Generated Files</Filter>
    </ClCompile>
    <ClCompile Include="GeneratedFiles\debug\moc_fesmodel.cpp">
      <Filter>Generated Files</Filter>
    </ClCompile>
    <ClCompile Include="GeneratedFiles\release\moc_fesmodel.cpp">
      <Filter>Generated Files</Filter>
    </ClCompile>
    <ClCompile Include="GeneratedFiles\debug\moc_graph.cpp">
      <Filter>Generated Files</Filter>
    </ClCompile>
    <ClCompile Include="GeneratedFiles\release\moc_graph.cpp">
      <Filter>Generated Files</Filter>
    </ClCompile>
    <ClCompile Include="GeneratedFiles\debug\moc_graphmodel.cpp">
      <Filter>Generated Files</Filter>
    </ClCompile>
    <ClCompile Include="GeneratedFiles\release\moc_graphmodel.cpp">
      <Filter>Generated Files</Filter>
    </ClCompile>
    <ClCompile Include="GeneratedFiles\debug\moc_hissave.cpp">
      <Filter>Generated Files</Filter>
    </ClCompile>
    <ClCompile Include="GeneratedFiles\release\moc_hissave.cpp">
      <Filter>Generated Files</Filter>
    </ClCompile>
    <ClCompile Include="GeneratedFiles\debug\moc_leftdock.cpp">
      <Filter>Generated Files</Filter>
    </ClCompile>
    <ClCompile Include="GeneratedFiles\release\moc_leftdock.cpp">
      <Filter>Generated Files</Filter>
    </ClCompile>
    <ClCompile Include="GeneratedFiles\debug\moc_nodeparamodel.cpp">
      <Filter>Generated Files</Filter>
    </ClCompile>
    <ClCompile Include="GeneratedFiles\release\moc_nodeparamodel.cpp">
      <Filter>Generated Files</Filter>
    </ClCompile>
    <ClCompile Include="GeneratedFiles\debug\moc_reportmodel.cpp">
      <Filter>Generated Files</Filter>
    </ClCompile>
    <ClCompile Include="GeneratedFiles\release\moc_reportmodel.cpp">
      <Filter>Generated Files</Filter>
    </ClCompile>
    <ClCompile Include="GeneratedFiles\debug\moc_rightdock.cpp">
      <Filter>Generated Files</Filter>
    </ClCompile>
    <ClCompile Include="GeneratedFiles\release\moc_rightdock.cpp">
      <Filter>Generated Files</Filter>
    </ClCompile>
    <ClCompile Include="GeneratedFiles\debug\moc_scale.cpp">
      <Filter>Generated Files</Filter>
    </ClCompile>
    <ClCompile Include="GeneratedFiles\release\moc_scale.cpp">
      <Filter>Generated Files</Filter>
    </ClCompile>
    <ClCompile Include="GeneratedFiles\debug\moc_seqscriptmodel.cpp">
      <Filter>Generated Files</Filter>
    </ClCompile>
    <ClCompile Include="GeneratedFiles\release\moc_seqscriptmodel.cpp">
      <Filter>Generated Files</Filter>
    </ClCompile>
    <ClCompile Include="GeneratedFiles\debug\moc_sortfiltermodel.cpp">
      <Filter>Generated Files</Filter>
    </ClCompile>
    <ClCompile Include="GeneratedFiles\release\moc_sortfiltermodel.cpp">
      <Filter>Generated Files</Filter>
    </ClCompile>
    <ClCompile Include="GeneratedFiles\debug\moc_splitter.cpp">
      <Filter>Generated Files</Filter>
    </ClCompile>
    <ClCompile Include="GeneratedFiles\release\moc_splitter.cpp">
      <Filter>Generated Files</Filter>
    </ClCompile>
    <ClCompile Include="GeneratedFiles\debug\moc_standarview.cpp">
      <Filter>Generated Files</Filter>
    </ClCompile>
    <ClCompile Include="GeneratedFiles\release\moc_standarview.cpp">
      <Filter>Generated Files</Filter>
    </ClCompile>
    <ClCompile Include="GeneratedFiles\debug\moc_sysmodel.cpp">
      <Filter>Generated Files</Filter>
    </ClCompile>
    <ClCompile Include="GeneratedFiles\release\moc_sysmodel.cpp">
      <Filter>Generated Files</Filter>
    </ClCompile>
    <ClCompile Include="GeneratedFiles\debug\moc_sysoutdock.cpp">
      <Filter>Generated Files</Filter>
    </ClCompile>
    <ClCompile Include="GeneratedFiles\release\moc_sysoutdock.cpp">
      <Filter>Generated Files</Filter>
    </ClCompile>
    <ClCompile Include="GeneratedFiles\debug\moc_tablemodel.cpp">
      <Filter>Generated Files</Filter>
    </ClCompile>
    <ClCompile Include="GeneratedFiles\release\moc_tablemodel.cpp">
      <Filter>Generated Files</Filter>
    </ClCompile>
    <ClCompile Include="GeneratedFiles\debug\moc_tableview.cpp">
      <Filter>Generated Files</Filter>
    </ClCompile>
    <ClCompile Include="GeneratedFiles\release\moc_tableview.cpp">
      <Filter>Generated Files</Filter>
    </ClCompile>
    <ClCompile Include="GeneratedFiles\debug\moc_tabwidget.cpp">
      <Filter>Generated Files</Filter>
    </ClCompile>
    <ClCompile Include="GeneratedFiles\release\moc_tabwidget.cpp">
      <Filter>Generated Files</Filter>
    </ClCompile>
    <ClCompile Include="GeneratedFiles\debug\moc_treewidget.cpp">
      <Filter>Generated Files</Filter>
    </ClCompile>
    <ClCompile Include="GeneratedFiles\release\moc_treewidget.cpp">
      <Filter>Generated Files</Filter>
    </ClCompile>
    <ClCompile Include="GeneratedFiles\debug\moc_user.cpp">
      <Filter>Generated Files</Filter>
    </ClCompile>
    <ClCompile Include="GeneratedFiles\release\moc_user.cpp">
      <Filter>Generated Files</Filter>
    </ClCompile>
    <ClCompile Include="GeneratedFiles\debug\moc_usermodel.cpp">
      <Filter>Generated Files</Filter>
    </ClCompile>
    <ClCompile Include="GeneratedFiles\release\moc_usermodel.cpp">
      <Filter>Generated Files</Filter>
    </ClCompile>
    <ClCompile Include="GeneratedFiles\debug\moc_variable.cpp">
      <Filter>Generated Files</Filter>
    </ClCompile>
    <ClCompile Include="GeneratedFiles\release\moc_variable.cpp">
      <Filter>Generated Files</Filter>
    </ClCompile>
    <ClCompile Include="GeneratedFiles\qrc_scadastudio.cpp">
      <Filter>Generated Files</Filter>
    </ClCompile>
  </ItemGroup>
  <ItemGroup>
    <CustomBuild Include="devicedialog.ui">
      <Filter>Form Files</Filter>
    </CustomBuild>
  </ItemGroup>
  <ItemGroup>
    <CustomBuild Include="scadastudio.qrc">
      <Filter>Resource Files</Filter>
    </CustomBuild>
  </ItemGroup>
  <ItemGroup>
    <ResourceCompile Include="scadastudio.rc" />
  </ItemGroup>
</Project>