<?xml version="1.0" encoding="utf-8"?>
<Project ToolsVersion="4.0" xmlns="http://schemas.microsoft.com/developer/msbuild/2003">
  <ItemGroup>
    <Filter Include="Form Files">
      <UniqueIdentifier>{99349809-55BA-4b9d-BF79-8FDBB0286EB3}</UniqueIdentifier>
      <Extensions>ui</Extensions>
      <ParseFiles>false</ParseFiles>
    </Filter>
    <Filter Include="Form Files">
      <UniqueIdentifier>{99349809-55BA-4b9d-BF79-8FDBB0286EB3}</UniqueIdentifier>
      <Extensions>ui</Extensions>
      <ParseFiles>false</ParseFiles>
    </Filter>
    <Filter Include="Generated Files">
      <UniqueIdentifier>{71ED8ED8-ACB9-4CE9-BBE1-E00B30144E11}</UniqueIdentifier>
      <Extensions>cpp;c;cxx;moc;h;def;odl;idl;res;</Extensions>
    </Filter>
    <Filter Include="Generated Files">
      <UniqueIdentifier>{71ED8ED8-ACB9-4CE9-BBE1-E00B30144E11}</UniqueIdentifier>
      <Extensions>cpp;c;cxx;moc;h;def;odl;idl;res;</Extensions>
    </Filter>
    <Filter Include="Header Files">
      <UniqueIdentifier>{93995380-89BD-4b04-88EB-625FBE52EBFB}</UniqueIdentifier>
      <Extensions>h;hpp;hxx;hm;inl;inc;xsd</Extensions>
    </Filter>
    <Filter Include="Header Files">
      <UniqueIdentifier>{93995380-89BD-4b04-88EB-625FBE52EBFB}</UniqueIdentifier>
      <Extensions>h;hpp;hxx;hm;inl;inc;xsd</Extensions>
    </Filter>
    <Filter Include="Resource Files">
      <UniqueIdentifier>{D9D6E242-F8AF-46E4-B9FD-80ECBC20BA3E}</UniqueIdentifier>
      <Extensions>qrc;*</Extensions>
      <ParseFiles>false</ParseFiles>
    </Filter>
    <Filter Include="Resource Files">
      <UniqueIdentifier>{D9D6E242-F8AF-46E4-B9FD-80ECBC20BA3E}</UniqueIdentifier>
      <Extensions>qrc;*</Extensions>
      <ParseFiles>false</ParseFiles>
    </Filter>
    <Filter Include="Source Files">
      <UniqueIdentifier>{4FC737F1-C7A5-4376-A066-2A32D752A2FF}</UniqueIdentifier>
      <Extensions>cpp;c;cxx;def;odl;idl;hpj;bat;asm;asmx</Extensions>
    </Filter>
    <Filter Include="Source Files">
      <UniqueIdentifier>{4FC737F1-C7A5-4376-A066-2A32D752A2FF}</UniqueIdentifier>
      <Extensions>cpp;c;cxx;def;odl;idl;hpj;bat;asm;asmx</Extensions>
    </Filter>
    <Filter Include="Generated Files\Debug">
      <UniqueIdentifier>{d1552431-1aaf-423e-9a84-9ecb3dbdda00}</UniqueIdentifier>
      <Extensions>cpp;moc</Extensions>
      <SourceControlFiles>False</SourceControlFiles>
    </Filter>
    <Filter Include="Generated Files\Release">
      <UniqueIdentifier>{ef31b0c0-0be5-49cc-ae2a-5047615eb46e}</UniqueIdentifier>
      <Extensions>cpp;moc</Extensions>
      <SourceControlFiles>False</SourceControlFiles>
    </Filter>
  </ItemGroup>
  <ItemGroup>
    <ClCompile Include="axisframe.cpp">
      <Filter>Source Files</Filter>
    </ClCompile>
    <ClCompile Include="background.cpp">
      <Filter>Source Files</Filter>
    </ClCompile>
    <ClCompile Include="base_dync.cpp">
      <Filter>Source Files</Filter>
    </ClCompile>
    <ClCompile Include="base_widget.cpp">
      <Filter>Source Files</Filter>
    </ClCompile>
    <ClCompile Include="binddatawgt.cpp">
      <Filter>Source Files</Filter>
    </ClCompile>
    <ClCompile Include="bindinfoproperty.cpp">
      <Filter>Source Files</Filter>
    </ClCompile>
    <ClCompile Include="dynamic_factory.cpp">
      <Filter>Source Files</Filter>
    </ClCompile>
    <ClCompile Include="dync_color.cpp">
      <Filter>Source Files</Filter>
    </ClCompile>
    <ClCompile Include="dync_moving.cpp">
      <Filter>Source Files</Filter>
    </ClCompile>
    <ClCompile Include="dync_text.cpp">
      <Filter>Source Files</Filter>
    </ClCompile>
    <ClCompile Include="dync_transparency.cpp">
      <Filter>Source Files</Filter>
    </ClCompile>
    <ClCompile Include="dync_value.cpp">
      <Filter>Source Files</Filter>
    </ClCompile>
    <ClCompile Include="dync_visible.cpp">
      <Filter>Source Files</Filter>
    </ClCompile>
    <ClCompile Include="editcolorthreshold.cpp">
      <Filter>Source Files</Filter>
    </ClCompile>
    <ClCompile Include="graph_container.cpp">
      <Filter>Source Files</Filter>
    </ClCompile>
    <ClCompile Include="graph_file.cpp">
      <Filter>Source Files</Filter>
    </ClCompile>
    <ClCompile Include="graph_folder.cpp">
      <Filter>Source Files</Filter>
    </ClCompile>
    <ClCompile Include="graph_module.cpp">
      <Filter>Source Files</Filter>
    </ClCompile>
    <ClCompile Include="graph_serializer.cpp">
      <Filter>Source Files</Filter>
    </ClCompile>
    <ClCompile Include="graph_serializer_factory.cpp">
      <Filter>Source Files</Filter>
    </ClCompile>
    <ClCompile Include="graphbasedata.cpp">
      <Filter>Source Files</Filter>
    </ClCompile>
    <ClCompile Include="graphics_layer.cpp">
      <Filter>Source Files</Filter>
    </ClCompile>
    <ClCompile Include="graphlayer_dockwidget.cpp">
      <Filter>Source Files</Filter>
    </ClCompile>
    <ClCompile Include="graphscene.cpp">
      <Filter>Source Files</Filter>
    </ClCompile>
    <ClCompile Include="graphtabview.cpp">
      <Filter>Source Files</Filter>
    </ClCompile>
    <ClCompile Include="graphtoolswgt.cpp">
      <Filter>Source Files</Filter>
    </ClCompile>
    <ClCompile Include="graphview.cpp">
      <Filter>Source Files</Filter>
    </ClCompile>
    <ClCompile Include="group_move_line.cpp">
      <Filter>Source Files</Filter>
    </ClCompile>
    <ClCompile Include="group_widget.cpp">
      <Filter>Source Files</Filter>
    </ClCompile>
    <ClCompile Include="line_widget.cpp">
      <Filter>Source Files</Filter>
    </ClCompile>
    <ClCompile Include="shape_widget.cpp">
      <Filter>Source Files</Filter>
    </ClCompile>
    <ClCompile Include="spin_item.cpp">
      <Filter>Source Files</Filter>
    </ClCompile>
    <ClCompile Include="text_threshold.cpp">
      <Filter>Source Files</Filter>
    </ClCompile>
    <ClCompile Include="text_widget.cpp">
      <Filter>Source Files</Filter>
    </ClCompile>
    <ClCompile Include="thresholdchoosewgt.cpp">
      <Filter>Source Files</Filter>
    </ClCompile>
    <ClCompile Include="..\scdpub\variant_data.cpp">
      <Filter>Source Files</Filter>
    </ClCompile>
    <ClCompile Include="widget_factory.cpp">
      <Filter>Source Files</Filter>
    </ClCompile>
    <ClCompile Include="xml_serializer.cpp">
      <Filter>Source Files</Filter>
    </ClCompile>
    <ClCompile Include="GeneratedFiles\Debug\moc_createnewtemplatewgt.cpp">
      <Filter>Generated Files\Debug</Filter>
    </ClCompile>
    <ClCompile Include="GeneratedFiles\Release\moc_createnewtemplatewgt.cpp">
      <Filter>Generated Files\Release</Filter>
    </ClCompile>
    <ClCompile Include="createnewtemplatewgt.cpp">
      <Filter>Source Files</Filter>
    </ClCompile>
    <ClCompile Include="GeneratedFiles\Debug\moc_pushbtn_widget.cpp">
      <Filter>Generated Files\Debug</Filter>
    </ClCompile>
    <ClCompile Include="GeneratedFiles\Release\moc_pushbtn_widget.cpp">
      <Filter>Generated Files\Release</Filter>
    </ClCompile>
    <ClCompile Include="pushbtn_widget.cpp">
      <Filter>Source Files</Filter>
    </ClCompile>
    <ClCompile Include="GeneratedFiles\Debug\moc_added_widget.cpp">
      <Filter>Generated Files\Debug</Filter>
    </ClCompile>
    <ClCompile Include="GeneratedFiles\Release\moc_added_widget.cpp">
      <Filter>Generated Files\Release</Filter>
    </ClCompile>
    <ClCompile Include="added_widget.cpp">
      <Filter>Source Files</Filter>
    </ClCompile>
    <ClCompile Include="dync_event.cpp">
      <Filter>Source Files</Filter>
    </ClCompile>
    <ClCompile Include="base_dync_event_item.cpp">
      <Filter>Source Files</Filter>
    </ClCompile>
    <ClCompile Include="dync_var_op_event.cpp">
      <Filter>Source Files</Filter>
    </ClCompile>
    <ClCompile Include="dync_file_op_event.cpp">
      <Filter>Source Files</Filter>
    </ClCompile>
    <ClCompile Include="dync_sys_op_event.cpp">
      <Filter>Source Files</Filter>
    </ClCompile>
    <ClCompile Include="GeneratedFiles\Debug\moc_curveplot_wgt.cpp">
      <Filter>Generated Files\Debug</Filter>
    </ClCompile>
    <ClCompile Include="GeneratedFiles\Release\moc_curveplot_wgt.cpp">
      <Filter>Generated Files\Debug</Filter>
    </ClCompile>
    <ClCompile Include="GeneratedFiles\Debug\moc_orderlistwgt.cpp">
      <Filter>Generated Files\Debug</Filter>
    </ClCompile>
    <ClCompile Include="GeneratedFiles\Release\moc_orderlistwgt.cpp">
      <Filter>Generated Files\Release</Filter>
    </ClCompile>
    <ClCompile Include="orderlistwgt.cpp">
      <Filter>Source Files</Filter>
    </ClCompile>
    <ClCompile Include="curveplot_wgt.cpp">
      <Filter>Source Files</Filter>
    </ClCompile>
    <ClCompile Include="GeneratedFiles\Debug\moc_ordereditwgt.cpp">
      <Filter>Generated Files\Debug</Filter>
    </ClCompile>
    <ClCompile Include="GeneratedFiles\Release\moc_ordereditwgt.cpp">
      <Filter>Generated Files\Release</Filter>
    </ClCompile>
    <ClCompile Include="ordereditwgt.cpp">
      <Filter>Source Files</Filter>
    </ClCompile>
    <ClCompile Include="GeneratedFiles\Debug\moc_browsescreenwgt.cpp">
      <Filter>Generated Files\Debug</Filter>
    </ClCompile>
    <ClCompile Include="GeneratedFiles\Release\moc_browsescreenwgt.cpp">
      <Filter>Generated Files\Release</Filter>
    </ClCompile>
    <ClCompile Include="browsescreenwgt.cpp">
      <Filter>Source Files</Filter>
    </ClCompile>
  </ItemGroup>
  <ItemGroup>
    <CustomBuild Include="base_widget.h">
      <Filter>Header Files</Filter>
    </CustomBuild>
    <CustomBuild Include="binddatawgt.h">
      <Filter>Header Files</Filter>
    </CustomBuild>
    <CustomBuild Include="bindinfoproperty.h">
      <Filter>Header Files</Filter>
    </CustomBuild>
    <CustomBuild Include="editcolorthreshold.h">
      <Filter>Header Files</Filter>
    </CustomBuild>
    <CustomBuild Include="graph_file.h">
      <Filter>Header Files</Filter>
    </CustomBuild>
    <CustomBuild Include="graph_module.h">
      <Filter>Header Files</Filter>
    </CustomBuild>
    <CustomBuild Include="graphlayer_dockwidget.h">
      <Filter>Header Files</Filter>
    </CustomBuild>
    <CustomBuild Include="graphscene.h">
      <Filter>Header Files</Filter>
    </CustomBuild>
    <CustomBuild Include="graphtabview.h">
      <Filter>Header Files</Filter>
    </CustomBuild>
    <CustomBuild Include="graphtoolswgt.h">
      <Filter>Header Files</Filter>
    </CustomBuild>
    <CustomBuild Include="graphview.h">
      <Filter>Header Files</Filter>
    </CustomBuild>
    <CustomBuild Include="group_widget.h">
      <Filter>Header Files</Filter>
    </CustomBuild>
    <CustomBuild Include="line_widget.h">
      <Filter>Header Files</Filter>
    </CustomBuild>
    <CustomBuild Include="shape_widget.h">
      <Filter>Header Files</Filter>
    </CustomBuild>
    <CustomBuild Include="text_threshold.h">
      <Filter>Header Files</Filter>
    </CustomBuild>
    <CustomBuild Include="thresholdchoosewgt.h">
      <Filter>Header Files</Filter>
    </CustomBuild>
    <CustomBuild Include="base_dync.h">
      <Filter>Header Files</Filter>
    </CustomBuild>
    <CustomBuild Include="colour_define.h">
      <Filter>Header Files</Filter>
    </CustomBuild>
    <CustomBuild Include="dynamic_factory.h">
      <Filter>Header Files</Filter>
    </CustomBuild>
    <CustomBuild Include="dync_color.h">
      <Filter>Header Files</Filter>
    </CustomBuild>
    <CustomBuild Include="dync_moving.h">
      <Filter>Header Files</Filter>
    </CustomBuild>
    <CustomBuild Include="dync_text.h">
      <Filter>Header Files</Filter>
    </CustomBuild>
    <CustomBuild Include="dync_transparency.h">
      <Filter>Header Files</Filter>
    </CustomBuild>
    <CustomBuild Include="dync_value.h">
      <Filter>Header Files</Filter>
    </CustomBuild>
    <CustomBuild Include="dync_visible.h">
      <Filter>Header Files</Filter>
    </CustomBuild>
    <CustomBuild Include="graph_container.h">
      <Filter>Header Files</Filter>
    </CustomBuild>
    <CustomBuild Include="graph_folder.h">
      <Filter>Header Files</Filter>
    </CustomBuild>
    <CustomBuild Include="graph_global.h">
      <Filter>Header Files</Filter>
    </CustomBuild>
    <CustomBuild Include="graph_math.h">
      <Filter>Header Files</Filter>
    </CustomBuild>
    <CustomBuild Include="graph_serializer.h">
      <Filter>Header Files</Filter>
    </CustomBuild>
    <CustomBuild Include="graph_serializer_factory.h">
      <Filter>Header Files</Filter>
    </CustomBuild>
    <CustomBuild Include="graph_version.h">
      <Filter>Header Files</Filter>
    </CustomBuild>
    <CustomBuild Include="graphbasedata.h">
      <Filter>Header Files</Filter>
    </CustomBuild>
    <CustomBuild Include="graphdefine.h">
      <Filter>Header Files</Filter>
    </CustomBuild>
    <CustomBuild Include="graphics_layer.h">
      <Filter>Header Files</Filter>
    </CustomBuild>
    <CustomBuild Include="group_move_line.h">
      <Filter>Header Files</Filter>
    </CustomBuild>
    <CustomBuild Include="..\..\include\scadastudio\imodule.h">
      <Filter>Header Files</Filter>
    </CustomBuild>
    <CustomBuild Include="spin_item.h">
      <Filter>Header Files</Filter>
    </CustomBuild>
    <CustomBuild Include="text_widget.h">
      <Filter>Header Files</Filter>
    </CustomBuild>
    <CustomBuild Include="..\scdpub\variant_data.h">
      <Filter>Header Files</Filter>
    </CustomBuild>
    <CustomBuild Include="widget_factory.h">
      <Filter>Header Files</Filter>
    </CustomBuild>
    <CustomBuild Include="xml_serializer.h">
      <Filter>Header Files</Filter>
    </CustomBuild>
    <CustomBuild Include="images\eye_off.png">
      <Filter>Resource Files</Filter>
    </CustomBuild>
    <CustomBuild Include="images\eye_on.png">
      <Filter>Resource Files</Filter>
    </CustomBuild>
    <CustomBuild Include="images\layers.png">
      <Filter>Resource Files</Filter>
    </CustomBuild>
    <CustomBuild Include="images\left.png">
      <Filter>Resource Files</Filter>
    </CustomBuild>
    <CustomBuild Include="createnewtemplatewgt.h">
      <Filter>Header Files</Filter>
    </CustomBuild>
    <CustomBuild Include="createnewtemplatewgt.ui">
      <Filter>Form Files</Filter>
    </CustomBuild>
    <CustomBuild Include="pushbtn_widget.h">
      <Filter>Header Files</Filter>
    </CustomBuild>
    <CustomBuild Include="added_widget.h">
      <Filter>Header Files</Filter>
    </CustomBuild>
    <CustomBuild Include="orderlistwgt.h">
      <Filter>Header Files</Filter>
    </CustomBuild>
    <CustomBuild Include="orderlistwgt.ui">
      <Filter>Form Files</Filter>
    </CustomBuild>
    <CustomBuild Include="curveplot_wgt.h">
      <Filter>Header Files</Filter>
    </CustomBuild>
    <CustomBuild Include="ordereditwgt.h">
      <Filter>Header Files</Filter>
    </CustomBuild>
    <CustomBuild Include="ordereditwgt.ui">
      <Filter>Form Files</Filter>
    </CustomBuild>
    <CustomBuild Include="browsescreenwgt.h">
      <Filter>Header Files</Filter>
    </CustomBuild>
    <CustomBuild Include="browsescreenwgt.ui">
      <Filter>Form Files</Filter>
    </CustomBuild>
  </ItemGroup>
  <ItemGroup>
    <ClCompile Include="GeneratedFiles\debug\moc_base_widget.cpp">
      <Filter>Generated Files</Filter>
    </ClCompile>
    <ClCompile Include="GeneratedFiles\release\moc_base_widget.cpp">
      <Filter>Generated Files</Filter>
    </ClCompile>
    <ClCompile Include="GeneratedFiles\debug\moc_binddatawgt.cpp">
      <Filter>Generated Files</Filter>
    </ClCompile>
    <ClCompile Include="GeneratedFiles\release\moc_binddatawgt.cpp">
      <Filter>Generated Files</Filter>
    </ClCompile>
    <ClCompile Include="GeneratedFiles\debug\moc_bindinfoproperty.cpp">
      <Filter>Generated Files</Filter>
    </ClCompile>
    <ClCompile Include="GeneratedFiles\release\moc_bindinfoproperty.cpp">
      <Filter>Generated Files</Filter>
    </ClCompile>
    <ClCompile Include="GeneratedFiles\debug\moc_editcolorthreshold.cpp">
      <Filter>Generated Files</Filter>
    </ClCompile>
    <ClCompile Include="GeneratedFiles\release\moc_editcolorthreshold.cpp">
      <Filter>Generated Files</Filter>
    </ClCompile>
    <ClCompile Include="GeneratedFiles\debug\moc_graph_file.cpp">
      <Filter>Generated Files</Filter>
    </ClCompile>
    <ClCompile Include="GeneratedFiles\release\moc_graph_file.cpp">
      <Filter>Generated Files</Filter>
    </ClCompile>
    <ClCompile Include="GeneratedFiles\debug\moc_graph_module.cpp">
      <Filter>Generated Files</Filter>
    </ClCompile>
    <ClCompile Include="GeneratedFiles\release\moc_graph_module.cpp">
      <Filter>Generated Files</Filter>
    </ClCompile>
    <ClCompile Include="GeneratedFiles\debug\moc_graphlayer_dockwidget.cpp">
      <Filter>Generated Files</Filter>
    </ClCompile>
    <ClCompile Include="GeneratedFiles\release\moc_graphlayer_dockwidget.cpp">
      <Filter>Generated Files</Filter>
    </ClCompile>
    <ClCompile Include="GeneratedFiles\debug\moc_graphscene.cpp">
      <Filter>Generated Files</Filter>
    </ClCompile>
    <ClCompile Include="GeneratedFiles\release\moc_graphscene.cpp">
      <Filter>Generated Files</Filter>
    </ClCompile>
    <ClCompile Include="GeneratedFiles\debug\moc_graphtabview.cpp">
      <Filter>Generated Files</Filter>
    </ClCompile>
    <ClCompile Include="GeneratedFiles\release\moc_graphtabview.cpp">
      <Filter>Generated Files</Filter>
    </ClCompile>
    <ClCompile Include="GeneratedFiles\debug\moc_graphtoolswgt.cpp">
      <Filter>Generated Files</Filter>
    </ClCompile>
    <ClCompile Include="GeneratedFiles\release\moc_graphtoolswgt.cpp">
      <Filter>Generated Files</Filter>
    </ClCompile>
    <ClCompile Include="GeneratedFiles\debug\moc_graphview.cpp">
      <Filter>Generated Files</Filter>
    </ClCompile>
    <ClCompile Include="GeneratedFiles\release\moc_graphview.cpp">
      <Filter>Generated Files</Filter>
    </ClCompile>
    <ClCompile Include="GeneratedFiles\debug\moc_group_widget.cpp">
      <Filter>Generated Files</Filter>
    </ClCompile>
    <ClCompile Include="GeneratedFiles\release\moc_group_widget.cpp">
      <Filter>Generated Files</Filter>
    </ClCompile>
    <ClCompile Include="GeneratedFiles\debug\moc_line_widget.cpp">
      <Filter>Generated Files</Filter>
    </ClCompile>
    <ClCompile Include="GeneratedFiles\release\moc_line_widget.cpp">
      <Filter>Generated Files</Filter>
    </ClCompile>
    <CustomBuild Include="GeneratedFiles\debug\moc_predefs.h.cbt">
      <Filter>Generated Files</Filter>
    </CustomBuild>
    <CustomBuild Include="GeneratedFiles\release\moc_predefs.h.cbt">
      <Filter>Generated Files</Filter>
    </CustomBuild>
    <ClCompile Include="GeneratedFiles\debug\moc_shape_widget.cpp">
      <Filter>Generated Files</Filter>
    </ClCompile>
    <ClCompile Include="GeneratedFiles\release\moc_shape_widget.cpp">
      <Filter>Generated Files</Filter>
    </ClCompile>
    <ClCompile Include="GeneratedFiles\debug\moc_text_threshold.cpp">
      <Filter>Generated Files</Filter>
    </ClCompile>
    <ClCompile Include="GeneratedFiles\release\moc_text_threshold.cpp">
      <Filter>Generated Files</Filter>
    </ClCompile>
    <ClCompile Include="GeneratedFiles\debug\moc_thresholdchoosewgt.cpp">
      <Filter>Generated Files</Filter>
    </ClCompile>
    <ClCompile Include="GeneratedFiles\release\moc_thresholdchoosewgt.cpp">
      <Filter>Generated Files</Filter>
    </ClCompile>
    <ClCompile Include="GeneratedFiles\qrc_graph.cpp">
      <Filter>Generated Files</Filter>
    </ClCompile>
  </ItemGroup>
  <ItemGroup>
    <CustomBuild Include="editcolorthreshold.ui">
      <Filter>Form Files</Filter>
    </CustomBuild>
    <CustomBuild Include="textthreshold.ui">
      <Filter>Form Files</Filter>
    </CustomBuild>
    <CustomBuild Include="thresholdchoosewgt.ui">
      <Filter>Form Files</Filter>
    </CustomBuild>
    <CustomBuild Include="GeneratedFiles\ui_editcolorthreshold.h">
      <Filter>Generated Files</Filter>
    </CustomBuild>
    <CustomBuild Include="GeneratedFiles\ui_textthreshold.h">
      <Filter>Generated Files</Filter>
    </CustomBuild>
    <CustomBuild Include="GeneratedFiles\ui_thresholdchoosewgt.h">
      <Filter>Generated Files</Filter>
    </CustomBuild>
    <CustomBuild Include="axisframe.h">
      <Filter>Header Files</Filter>
    </CustomBuild>
    <CustomBuild Include="background.h">
      <Filter>Header Files</Filter>
    </CustomBuild>
  </ItemGroup>
  <ItemGroup>
    <CustomBuild Include="graph.qrc">
      <Filter>Resource Files</Filter>
    </CustomBuild>
  </ItemGroup>
  <ItemGroup>
    <ResourceCompile Include="graph.rc" />
  </ItemGroup>
  <ItemGroup>
    <ClInclude Include="GeneratedFiles\ui_createnewtemplatewgt.h">
      <Filter>Generated Files</Filter>
    </ClInclude>
    <ClInclude Include="dync_event.h">
      <Filter>Header Files</Filter>
    </ClInclude>
    <ClInclude Include="base_dync_event_item.h">
      <Filter>Header Files</Filter>
    </ClInclude>
    <ClInclude Include="dync_var_op_event.h">
      <Filter>Header Files</Filter>
    </ClInclude>
    <ClInclude Include="dync_file_op_event.h">
      <Filter>Header Files</Filter>
    </ClInclude>
    <ClInclude Include="dync_sys_op_event.h">
      <Filter>Header Files</Filter>
    </ClInclude>
    <ClInclude Include="GeneratedFiles\ui_orderlistwgt.h">
      <Filter>Generated Files</Filter>
    </ClInclude>
    <ClInclude Include="GeneratedFiles\ui_ordereditwgt.h">
      <Filter>Generated Files</Filter>
    </ClInclude>
    <ClInclude Include="GeneratedFiles\ui_browsescreenwgt.h">
      <Filter>Generated Files</Filter>
    </ClInclude>
  </ItemGroup>
</Project>