<?xml version="1.0" encoding="utf-8"?>
<Project ToolsVersion="4.0" xmlns="http://schemas.microsoft.com/developer/msbuild/2003">
  <ItemGroup>
    <Filter Include="Form Files">
      <UniqueIdentifier>{99349809-55BA-4b9d-BF79-8FDBB0286EB3}</UniqueIdentifier>
      <Extensions>ui</Extensions>
      <ParseFiles>false</ParseFiles>
    </Filter>
    <Filter Include="Form Files">
      <UniqueIdentifier>{99349809-55BA-4b9d-BF79-8FDBB0286EB3}</UniqueIdentifier>
      <Extensions>ui</Extensions>
      <ParseFiles>false</ParseFiles>
    </Filter>
    <Filter Include="Generated Files">
      <UniqueIdentifier>{71ED8ED8-ACB9-4CE9-BBE1-E00B30144E11}</UniqueIdentifier>
      <Extensions>cpp;c;cxx;moc;h;def;odl;idl;res;</Extensions>
    </Filter>
    <Filter Include="Generated Files">
      <UniqueIdentifier>{71ED8ED8-ACB9-4CE9-BBE1-E00B30144E11}</UniqueIdentifier>
      <Extensions>cpp;c;cxx;moc;h;def;odl;idl;res;</Extensions>
    </Filter>
    <Filter Include="Header Files">
      <UniqueIdentifier>{93995380-89BD-4b04-88EB-625FBE52EBFB}</UniqueIdentifier>
      <Extensions>h;hpp;hxx;hm;inl;inc;xsd</Extensions>
    </Filter>
    <Filter Include="Header Files">
      <UniqueIdentifier>{93995380-89BD-4b04-88EB-625FBE52EBFB}</UniqueIdentifier>
      <Extensions>h;hpp;hxx;hm;inl;inc;xsd</Extensions>
    </Filter>
    <Filter Include="Resource Files">
      <UniqueIdentifier>{D9D6E242-F8AF-46E4-B9FD-80ECBC20BA3E}</UniqueIdentifier>
      <Extensions>qrc;*</Extensions>
      <ParseFiles>false</ParseFiles>
    </Filter>
    <Filter Include="Resource Files">
      <UniqueIdentifier>{D9D6E242-F8AF-46E4-B9FD-80ECBC20BA3E}</UniqueIdentifier>
      <Extensions>qrc;*</Extensions>
      <ParseFiles>false</ParseFiles>
    </Filter>
    <Filter Include="Source Files">
      <UniqueIdentifier>{4FC737F1-C7A5-4376-A066-2A32D752A2FF}</UniqueIdentifier>
      <Extensions>cpp;c;cxx;def;odl;idl;hpj;bat;asm;asmx</Extensions>
    </Filter>
    <Filter Include="Source Files">
      <UniqueIdentifier>{4FC737F1-C7A5-4376-A066-2A32D752A2FF}</UniqueIdentifier>
      <Extensions>cpp;c;cxx;def;odl;idl;hpj;bat;asm;asmx</Extensions>
    </Filter>
    <Filter Include="Generated Files\Debug">
      <UniqueIdentifier>{69d7a7d3-d97b-4f2e-8339-5f46b1d19f44}</UniqueIdentifier>
      <Extensions>cpp;moc</Extensions>
      <SourceControlFiles>False</SourceControlFiles>
    </Filter>
    <Filter Include="Generated Files\Release">
      <UniqueIdentifier>{208d78ca-f201-44ba-97dd-6a6580295bd2}</UniqueIdentifier>
      <Extensions>cpp;moc</Extensions>
      <SourceControlFiles>False</SourceControlFiles>
    </Filter>
  </ItemGroup>
  <ItemGroup>
    <ClCompile Include="attrwgt.cpp">
      <Filter>Source Files</Filter>
    </ClCompile>
    <ClCompile Include="axisframe.cpp">
      <Filter>Source Files</Filter>
    </ClCompile>
    <ClCompile Include="callsritem.cpp">
      <Filter>Source Files</Filter>
    </ClCompile>
    <ClCompile Include="commentitem.cpp">
      <Filter>Source Files</Filter>
    </ClCompile>
    <ClCompile Include="compareorderitem.cpp">
      <Filter>Source Files</Filter>
    </ClCompile>
    <ClCompile Include="connectionlineitem.cpp">
      <Filter>Source Files</Filter>
    </ClCompile>
    <ClCompile Include="connectionrouter.cpp">
      <Filter>Source Files</Filter>
    </ClCompile>
    <ClCompile Include="dataioanalyse.cpp">
      <Filter>Source Files</Filter>
    </ClCompile>
    <ClCompile Include="fdbitemchoosewgt.cpp">
      <Filter>Source Files</Filter>
    </ClCompile>
    <ClCompile Include="fdborderbaseitem.cpp">
      <Filter>Source Files</Filter>
    </ClCompile>
    <ClCompile Include="fdborderscene.cpp">
      <Filter>Source Files</Filter>
    </ClCompile>
    <ClCompile Include="fdborderview.cpp">
      <Filter>Source Files</Filter>
    </ClCompile>
    <ClCompile Include="funblockdiagramitem.cpp">
      <Filter>Source Files</Filter>
    </ClCompile>
    <ClCompile Include="logicpropertywgt.cpp">
      <Filter>Source Files</Filter>
    </ClCompile>
    <ClCompile Include="logicxmlreader.cpp">
      <Filter>Source Files</Filter>
    </ClCompile>
    <ClCompile Include="logicxmlwriter.cpp">
      <Filter>Source Files</Filter>
    </ClCompile>
    <ClCompile Include="main.cpp">
      <Filter>Source Files</Filter>
    </ClCompile>
    <ClCompile Include="mathorderitem.cpp">
      <Filter>Source Files</Filter>
    </ClCompile>
    <ClCompile Include="moveorderitem.cpp">
      <Filter>Source Files</Filter>
    </ClCompile>
    <ClCompile Include="pincallwgt.cpp">
      <Filter>Source Files</Filter>
    </ClCompile>
    <ClCompile Include="prjectatrrwgt.cpp">
      <Filter>Source Files</Filter>
    </ClCompile>
    <ClCompile Include="seqcontrolwgt.cpp">
      <Filter>Source Files</Filter>
    </ClCompile>
    <ClCompile Include="timersorderitem.cpp">
      <Filter>Source Files</Filter>
    </ClCompile>
    <ClCompile Include="treewidget.cpp">
      <Filter>Source Files</Filter>
    </ClCompile>
    <ClCompile Include="Debug\moc_attrwgt.cpp">
      <Filter>Generated Files\Debug</Filter>
    </ClCompile>
    <ClCompile Include="Release\moc_attrwgt.cpp">
      <Filter>Generated Files\Release</Filter>
    </ClCompile>
    <ClCompile Include="Debug\moc_callsritem.cpp">
      <Filter>Generated Files\Debug</Filter>
    </ClCompile>
    <ClCompile Include="Release\moc_callsritem.cpp">
      <Filter>Generated Files\Release</Filter>
    </ClCompile>
    <ClCompile Include="Debug\moc_commentitem.cpp">
      <Filter>Generated Files\Debug</Filter>
    </ClCompile>
    <ClCompile Include="Release\moc_commentitem.cpp">
      <Filter>Generated Files\Release</Filter>
    </ClCompile>
    <ClCompile Include="Debug\moc_compareorderitem.cpp">
      <Filter>Generated Files\Debug</Filter>
    </ClCompile>
    <ClCompile Include="Release\moc_compareorderitem.cpp">
      <Filter>Generated Files\Release</Filter>
    </ClCompile>
    <ClCompile Include="Debug\moc_connectionlineitem.cpp">
      <Filter>Generated Files\Debug</Filter>
    </ClCompile>
    <ClCompile Include="Release\moc_connectionlineitem.cpp">
      <Filter>Generated Files\Release</Filter>
    </ClCompile>
    <ClCompile Include="Debug\moc_connectionrouter.cpp">
      <Filter>Generated Files\Debug</Filter>
    </ClCompile>
    <ClCompile Include="Release\moc_connectionrouter.cpp">
      <Filter>Generated Files\Release</Filter>
    </ClCompile>
    <ClCompile Include="Debug\moc_dataioanalyse.cpp">
      <Filter>Generated Files\Debug</Filter>
    </ClCompile>
    <ClCompile Include="Release\moc_dataioanalyse.cpp">
      <Filter>Generated Files\Release</Filter>
    </ClCompile>
    <ClCompile Include="Debug\moc_fdbitemchoosewgt.cpp">
      <Filter>Generated Files\Debug</Filter>
    </ClCompile>
    <ClCompile Include="Release\moc_fdbitemchoosewgt.cpp">
      <Filter>Generated Files\Release</Filter>
    </ClCompile>
    <ClCompile Include="Debug\moc_fdborderbaseitem.cpp">
      <Filter>Generated Files\Debug</Filter>
    </ClCompile>
    <ClCompile Include="Release\moc_fdborderbaseitem.cpp">
      <Filter>Generated Files\Release</Filter>
    </ClCompile>
    <ClCompile Include="Debug\moc_fdborderscene.cpp">
      <Filter>Generated Files\Debug</Filter>
    </ClCompile>
    <ClCompile Include="Release\moc_fdborderscene.cpp">
      <Filter>Generated Files\Release</Filter>
    </ClCompile>
    <ClCompile Include="Debug\moc_fdborderview.cpp">
      <Filter>Generated Files\Debug</Filter>
    </ClCompile>
    <ClCompile Include="Release\moc_fdborderview.cpp">
      <Filter>Generated Files\Release</Filter>
    </ClCompile>
    <ClCompile Include="Debug\moc_funblockdiagramitem.cpp">
      <Filter>Generated Files\Debug</Filter>
    </ClCompile>
    <ClCompile Include="Release\moc_funblockdiagramitem.cpp">
      <Filter>Generated Files\Release</Filter>
    </ClCompile>
    <ClCompile Include="Debug\moc_logicpropertywgt.cpp">
      <Filter>Generated Files\Debug</Filter>
    </ClCompile>
    <ClCompile Include="Release\moc_logicpropertywgt.cpp">
      <Filter>Generated Files\Release</Filter>
    </ClCompile>
    <ClCompile Include="Debug\moc_logicxmlreader.cpp">
      <Filter>Generated Files\Debug</Filter>
    </ClCompile>
    <ClCompile Include="Release\moc_logicxmlreader.cpp">
      <Filter>Generated Files\Release</Filter>
    </ClCompile>
    <ClCompile Include="Debug\moc_mathorderitem.cpp">
      <Filter>Generated Files\Debug</Filter>
    </ClCompile>
    <ClCompile Include="Release\moc_mathorderitem.cpp">
      <Filter>Generated Files\Release</Filter>
    </ClCompile>
    <ClCompile Include="Debug\moc_moveorderitem.cpp">
      <Filter>Generated Files\Debug</Filter>
    </ClCompile>
    <ClCompile Include="Release\moc_moveorderitem.cpp">
      <Filter>Generated Files\Release</Filter>
    </ClCompile>
    <ClCompile Include="Debug\moc_pincallwgt.cpp">
      <Filter>Generated Files\Debug</Filter>
    </ClCompile>
    <ClCompile Include="Release\moc_pincallwgt.cpp">
      <Filter>Generated Files\Release</Filter>
    </ClCompile>
    <ClCompile Include="Debug\moc_prjectatrrwgt.cpp">
      <Filter>Generated Files\Debug</Filter>
    </ClCompile>
    <ClCompile Include="Release\moc_prjectatrrwgt.cpp">
      <Filter>Generated Files\Release</Filter>
    </ClCompile>
    <ClCompile Include="Debug\moc_seqcontrolwgt.cpp">
      <Filter>Generated Files\Debug</Filter>
    </ClCompile>
    <ClCompile Include="Release\moc_seqcontrolwgt.cpp">
      <Filter>Generated Files\Release</Filter>
    </ClCompile>
    <ClCompile Include="Debug\moc_timersorderitem.cpp">
      <Filter>Generated Files\Debug</Filter>
    </ClCompile>
    <ClCompile Include="Release\moc_timersorderitem.cpp">
      <Filter>Generated Files\Release</Filter>
    </ClCompile>
    <ClCompile Include="Debug\moc_treewidget.cpp">
      <Filter>Generated Files\Debug</Filter>
    </ClCompile>
    <ClCompile Include="Release\moc_treewidget.cpp">
      <Filter>Generated Files\Release</Filter>
    </ClCompile>
    <ClCompile Include="GeneratedFiles\qrc_seqcontrol.cpp">
      <Filter>Generated Files</Filter>
    </ClCompile>
  </ItemGroup>
  <ItemGroup>
    <CustomBuild Include="attrwgt.h">
      <Filter>Header Files</Filter>
    </CustomBuild>
    <ClInclude Include="axisframe.h">
      <Filter>Header Files</Filter>
    </ClInclude>
    <CustomBuild Include="callsritem.h">
      <Filter>Header Files</Filter>
    </CustomBuild>
    <CustomBuild Include="commentitem.h">
      <Filter>Header Files</Filter>
    </CustomBuild>
    <CustomBuild Include="compareorderitem.h">
      <Filter>Header Files</Filter>
    </CustomBuild>
    <CustomBuild Include="connectionlineitem.h">
      <Filter>Header Files</Filter>
    </CustomBuild>
    <CustomBuild Include="connectionrouter.h">
      <Filter>Header Files</Filter>
    </CustomBuild>
    <CustomBuild Include="dataioanalyse.h">
      <Filter>Header Files</Filter>
    </CustomBuild>
    <CustomBuild Include="fdbitemchoosewgt.h">
      <Filter>Header Files</Filter>
    </CustomBuild>
    <CustomBuild Include="fdborderbaseitem.h">
      <Filter>Header Files</Filter>
    </CustomBuild>
    <CustomBuild Include="fdborderscene.h">
      <Filter>Header Files</Filter>
    </CustomBuild>
    <CustomBuild Include="fdborderview.h">
      <Filter>Header Files</Filter>
    </CustomBuild>
    <CustomBuild Include="funblockdiagramitem.h">
      <Filter>Header Files</Filter>
    </CustomBuild>
    <CustomBuild Include="logicpropertywgt.h">
      <Filter>Header Files</Filter>
    </CustomBuild>
    <CustomBuild Include="logicxmlreader.h">
      <Filter>Header Files</Filter>
    </CustomBuild>
    <ClInclude Include="logicxmlwriter.h">
      <Filter>Header Files</Filter>
    </ClInclude>
    <CustomBuild Include="mathorderitem.h">
      <Filter>Header Files</Filter>
    </CustomBuild>
    <CustomBuild Include="moveorderitem.h">
      <Filter>Header Files</Filter>
    </CustomBuild>
    <CustomBuild Include="pincallwgt.h">
      <Filter>Header Files</Filter>
    </CustomBuild>
    <CustomBuild Include="prjectatrrwgt.h">
      <Filter>Header Files</Filter>
    </CustomBuild>
    <CustomBuild Include="seqcontrolwgt.h">
      <Filter>Header Files</Filter>
    </CustomBuild>
    <ClInclude Include="seqdefine.h">
      <Filter>Header Files</Filter>
    </ClInclude>
    <CustomBuild Include="timersorderitem.h">
      <Filter>Header Files</Filter>
    </CustomBuild>
    <CustomBuild Include="treewidget.h">
      <Filter>Header Files</Filter>
    </CustomBuild>
  </ItemGroup>
  <ItemGroup>
    <CustomBuild Include="attrwgt.ui">
      <Filter>Form Files</Filter>
    </CustomBuild>
    <CustomBuild Include="logicpropertywgt.ui">
      <Filter>Form Files</Filter>
    </CustomBuild>
    <CustomBuild Include="pincallwgt.ui">
      <Filter>Form Files</Filter>
    </CustomBuild>
    <CustomBuild Include="prjectatrrwgt.ui">
      <Filter>Form Files</Filter>
    </CustomBuild>
  </ItemGroup>
  <ItemGroup>
    <None Include="logicmove.png">
      <Filter>Resource Files</Filter>
    </None>
    <None Include="pen.png">
      <Filter>Resource Files</Filter>
    </None>
    <CustomBuild Include="seqcontrol.qrc">
      <Filter>Resource Files</Filter>
    </CustomBuild>
  </ItemGroup>
  <ItemGroup>
    <ClInclude Include="GeneratedFiles\ui_attrwgt.h">
      <Filter>Generated Files</Filter>
    </ClInclude>
    <ClInclude Include="GeneratedFiles\ui_logicpropertywgt.h">
      <Filter>Generated Files</Filter>
    </ClInclude>
    <ClInclude Include="GeneratedFiles\ui_pincallwgt.h">
      <Filter>Generated Files</Filter>
    </ClInclude>
    <ClInclude Include="GeneratedFiles\ui_prjectatrrwgt.h">
      <Filter>Generated Files</Filter>
    </ClInclude>
  </ItemGroup>
</Project>