<?xml version="1.0" encoding="utf-8"?>
<Project ToolsVersion="4.0" xmlns="http://schemas.microsoft.com/developer/msbuild/2003">
  <ItemGroup>
    <Filter Include="Source Files">
      <UniqueIdentifier>{4FC737F1-C7A5-4376-A066-2A32D752A2FF}</UniqueIdentifier>
      <Extensions>cpp;cxx;c;def</Extensions>
    </Filter>
    <Filter Include="Header Files">
      <UniqueIdentifier>{93995380-89BD-4b04-88EB-625FBE52EBFB}</UniqueIdentifier>
      <Extensions>h</Extensions>
    </Filter>
    <Filter Include="Form Files">
      <UniqueIdentifier>{99349809-55BA-4b9d-BF79-8FDBB0286EB3}</UniqueIdentifier>
      <Extensions>ui</Extensions>
    </Filter>
    <Filter Include="Resource Files">
      <UniqueIdentifier>{D9D6E242-F8AF-46E4-B9FD-80ECBC20BA3E}</UniqueIdentifier>
      <Extensions>qrc;*</Extensions>
      <ParseFiles>false</ParseFiles>
    </Filter>
    <Filter Include="Generated Files">
      <UniqueIdentifier>{71ED8ED8-ACB9-4CE9-BBE1-E00B30144E11}</UniqueIdentifier>
      <Extensions>moc;h;cpp</Extensions>
      <SourceControlFiles>False</SourceControlFiles>
    </Filter>
    <Filter Include="Generated Files\Debug">
      <UniqueIdentifier>{011414fd-2a9c-4cdb-a9de-c101e4a7c8c8}</UniqueIdentifier>
      <Extensions>cpp;moc</Extensions>
      <SourceControlFiles>False</SourceControlFiles>
    </Filter>
    <Filter Include="Generated Files\Release">
      <UniqueIdentifier>{9e56240c-5a6e-4c33-8926-4fbaedc9d8c5}</UniqueIdentifier>
      <Extensions>cpp;moc</Extensions>
      <SourceControlFiles>False</SourceControlFiles>
    </Filter>
    <Filter Include="Header Files\fes">
      <UniqueIdentifier>{0ff6fadf-97b9-456d-8b11-a2a6d2fef68b}</UniqueIdentifier>
    </Filter>
    <Filter Include="Header Files\fes\channel">
      <UniqueIdentifier>{4d7f9bf0-ffbc-497d-ad82-25f4a98b5517}</UniqueIdentifier>
    </Filter>
    <Filter Include="Source Files\channel">
      <UniqueIdentifier>{d65f1c7d-566e-4142-91a4-3330bee9daa9}</UniqueIdentifier>
    </Filter>
    <Filter Include="Source Files\fes">
      <UniqueIdentifier>{c1aa3464-58d4-476e-8758-5ec1bd6aa071}</UniqueIdentifier>
    </Filter>
  </ItemGroup>
  <ItemGroup>
    <ClCompile Include="coreui.cpp">
      <Filter>Source Files</Filter>
    </ClCompile>
    <ClCompile Include="sysoutdock.cpp">
      <Filter>Source Files</Filter>
    </ClCompile>
    <ClCompile Include="leftdock.cpp">
      <Filter>Source Files</Filter>
    </ClCompile>
    <ClCompile Include="rightdock.cpp">
      <Filter>Source Files</Filter>
    </ClCompile>
    <ClCompile Include="systemoutputmodel.cpp">
      <Filter>Source Files</Filter>
    </ClCompile>
    <ClCompile Include="tabwidget.cpp">
      <Filter>Source Files</Filter>
    </ClCompile>
    <ClCompile Include="treewidget.cpp">
      <Filter>Source Files</Filter>
    </ClCompile>
    <ClCompile Include="icoreui.cpp">
      <Filter>Source Files</Filter>
    </ClCompile>
    <ClCompile Include="fesmodel.cpp">
      <Filter>Source Files\fes</Filter>
    </ClCompile>
    <ClCompile Include="channel.cpp">
      <Filter>Source Files\channel</Filter>
    </ClCompile>
    <ClCompile Include="outputmessagerserver.cpp">
      <Filter>Source Files</Filter>
    </ClCompile>
    <ClCompile Include="systemoutputview.cpp">
      <Filter>Source Files</Filter>
    </ClCompile>
    <ClCompile Include="GeneratedFiles\Debug\moc_outputmessagerserver.cpp">
      <Filter>Generated Files\Debug</Filter>
    </ClCompile>
    <ClCompile Include="GeneratedFiles\Release\moc_outputmessagerserver.cpp">
      <Filter>Generated Files\Release</Filter>
    </ClCompile>
    <ClCompile Include="GeneratedFiles\Debug\moc_tabwidget.cpp">
      <Filter>Generated Files\Debug</Filter>
    </ClCompile>
    <ClCompile Include="GeneratedFiles\Release\moc_tabwidget.cpp">
      <Filter>Generated Files\Release</Filter>
    </ClCompile>
    <ClCompile Include="GeneratedFiles\Debug\moc_treewidget.cpp">
      <Filter>Generated Files\Debug</Filter>
    </ClCompile>
    <ClCompile Include="GeneratedFiles\Release\moc_treewidget.cpp">
      <Filter>Generated Files\Release</Filter>
    </ClCompile>
    <ClCompile Include="GeneratedFiles\Debug\moc_sysoutdock.cpp">
      <Filter>Generated Files\Debug</Filter>
    </ClCompile>
    <ClCompile Include="GeneratedFiles\Release\moc_sysoutdock.cpp">
      <Filter>Generated Files\Release</Filter>
    </ClCompile>
    <ClCompile Include="GeneratedFiles\Debug\moc_rightdock.cpp">
      <Filter>Generated Files\Debug</Filter>
    </ClCompile>
    <ClCompile Include="GeneratedFiles\Release\moc_rightdock.cpp">
      <Filter>Generated Files\Release</Filter>
    </ClCompile>
    <ClCompile Include="GeneratedFiles\Debug\moc_leftdock.cpp">
      <Filter>Generated Files\Debug</Filter>
    </ClCompile>
    <ClCompile Include="GeneratedFiles\Release\moc_leftdock.cpp">
      <Filter>Generated Files\Release</Filter>
    </ClCompile>
    <ClCompile Include="GeneratedFiles\Debug\moc_systemoutputview.cpp">
      <Filter>Generated Files\Debug</Filter>
    </ClCompile>
    <ClCompile Include="GeneratedFiles\Release\moc_systemoutputview.cpp">
      <Filter>Generated Files\Release</Filter>
    </ClCompile>
    <ClCompile Include="GeneratedFiles\Debug\moc_icoreui.cpp">
      <Filter>Generated Files\Debug</Filter>
    </ClCompile>
    <ClCompile Include="GeneratedFiles\Release\moc_icoreui.cpp">
      <Filter>Generated Files\Release</Filter>
    </ClCompile>
    <ClCompile Include="GeneratedFiles\Debug\moc_imodel.cpp">
      <Filter>Generated Files\Debug</Filter>
    </ClCompile>
    <ClCompile Include="GeneratedFiles\Release\moc_imodel.cpp">
      <Filter>Generated Files\Release</Filter>
    </ClCompile>
    <ClCompile Include="GeneratedFiles\Debug\moc_fesmodel.cpp">
      <Filter>Generated Files\Debug</Filter>
    </ClCompile>
    <ClCompile Include="GeneratedFiles\Release\moc_fesmodel.cpp">
      <Filter>Generated Files\Release</Filter>
    </ClCompile>
    <ClCompile Include="GeneratedFiles\Debug\moc_channel.cpp">
      <Filter>Generated Files\Debug</Filter>
    </ClCompile>
    <ClCompile Include="GeneratedFiles\Release\moc_channel.cpp">
      <Filter>Generated Files\Release</Filter>
    </ClCompile>
    <ClCompile Include="GeneratedFiles\qrc_coreui.cpp">
      <Filter>Generated Files</Filter>
    </ClCompile>
  </ItemGroup>
  <ItemGroup>
    <CustomBuild Include="leftdock.h">
      <Filter>Header Files</Filter>
    </CustomBuild>
    <CustomBuild Include="rightdock.h">
      <Filter>Header Files</Filter>
    </CustomBuild>
    <CustomBuild Include="sysoutdock.h">
      <Filter>Header Files</Filter>
    </CustomBuild>
    <CustomBuild Include="coreui.qrc">
      <Filter>Form Files</Filter>
    </CustomBuild>
    <CustomBuild Include="fesmodel.h">
      <Filter>Header Files\fes</Filter>
    </CustomBuild>
    <CustomBuild Include="channel.h">
      <Filter>Header Files\fes\channel</Filter>
    </CustomBuild>
    <CustomBuild Include="..\..\include\icore\tabwidget.h">
      <Filter>Header Files</Filter>
    </CustomBuild>
    <CustomBuild Include="..\..\include\icore\treewidget.h">
      <Filter>Header Files</Filter>
    </CustomBuild>
    <CustomBuild Include="..\..\include\icore\icoreui.h">
      <Filter>Header Files\fes</Filter>
    </CustomBuild>
    <CustomBuild Include="..\..\include\icore\imodel.h">
      <Filter>Header Files\fes</Filter>
    </CustomBuild>
    <CustomBuild Include="outputmessagerserver.h">
      <Filter>Header Files</Filter>
    </CustomBuild>
    <CustomBuild Include="systemoutputview.h">
      <Filter>Header Files</Filter>
    </CustomBuild>
  </ItemGroup>
  <ItemGroup>
    <ClInclude Include="..\..\include\icore\coreui.h">
      <Filter>Header Files</Filter>
    </ClInclude>
    <ClInclude Include="..\..\include\icore\coreui_global.h">
      <Filter>Header Files</Filter>
    </ClInclude>
    <ClInclude Include="..\..\include\icore\define.h">
      <Filter>Header Files</Filter>
    </ClInclude>
    <ClInclude Include="..\..\include\icore\quoteItem.h">
      <Filter>Header Files</Filter>
    </ClInclude>
    <ClInclude Include="systemoutputmodel.h">
      <Filter>Header Files</Filter>
    </ClInclude>
  </ItemGroup>
  <ItemGroup>
    <None Include="images\alarm.png" />
    <None Include="images\channel.png" />
    <None Include="images\close_group.png" />
    <None Include="images\delete.png" />
    <None Include="images\device.png" />
    <None Include="images\equipment.png" />
    <None Include="images\fes.png" />
    <None Include="images\graph.png" />
    <None Include="images\hissave.png" />
    <None Include="images\node.png" />
    <None Include="images\open_group.png" />
    <None Include="images\pdr.png" />
    <None Include="images\project.png" />
    <None Include="images\report.png" />
    <None Include="images\save.png" />
    <None Include="images\scale.png" />
    <None Include="images\seqscript.png" />
    <None Include="images\system.png" />
    <None Include="images\systemvariable.png" />
    <None Include="images\uservariable.png" />
    <None Include="images\variablelist.png" />
  </ItemGroup>
</Project>