<?xml version="1.0" encoding="utf-8"?>
<Project ToolsVersion="4.0" xmlns="http://schemas.microsoft.com/developer/msbuild/2003">
  <ItemGroup>
    <Filter Include="Header Files">
      <UniqueIdentifier>{93995380-89BD-4b04-88EB-625FBE52EBFB}</UniqueIdentifier>
      <Extensions>h;hpp;hxx;hm;inl;inc;xsd</Extensions>
    </Filter>
    <Filter Include="Header Files">
      <UniqueIdentifier>{93995380-89BD-4b04-88EB-625FBE52EBFB}</UniqueIdentifier>
      <Extensions>h;hpp;hxx;hm;inl;inc;xsd</Extensions>
    </Filter>
    <Filter Include="Source Files">
      <UniqueIdentifier>{4FC737F1-C7A5-4376-A066-2A32D752A2FF}</UniqueIdentifier>
      <Extensions>cpp;c;cxx;def;odl;idl;hpj;bat;asm;asmx</Extensions>
    </Filter>
    <Filter Include="Source Files">
      <UniqueIdentifier>{4FC737F1-C7A5-4376-A066-2A32D752A2FF}</UniqueIdentifier>
      <Extensions>cpp;c;cxx;def;odl;idl;hpj;bat;asm;asmx</Extensions>
    </Filter>
    <Filter Include="Generated Files">
      <UniqueIdentifier>{71ED8ED8-ACB9-4CE9-BBE1-E00B30144E11}</UniqueIdentifier>
      <Extensions>moc;h;cpp</Extensions>
      <ParseFiles>true</ParseFiles>
    </Filter>
    <Filter Include="Generated Files\Debug">
      <UniqueIdentifier>{dd60fe0f-96c8-472a-8383-ff22fb69ee10}</UniqueIdentifier>
      <Extensions>cpp;moc</Extensions>
      <SourceControlFiles>False</SourceControlFiles>
    </Filter>
    <Filter Include="Generated Files\Release">
      <UniqueIdentifier>{f324bf73-23dd-44eb-8601-4ced251db5a7}</UniqueIdentifier>
      <Extensions>cpp;moc</Extensions>
      <SourceControlFiles>False</SourceControlFiles>
    </Filter>
    <Filter Include="communicate">
      <UniqueIdentifier>{cc60c778-d89e-42ba-9192-9bd627434487}</UniqueIdentifier>
    </Filter>
    <Filter Include="communicate\Header Files">
      <UniqueIdentifier>{d53a7733-245c-46a3-ab82-bb1372b868cf}</UniqueIdentifier>
    </Filter>
    <Filter Include="communicate\Source Files">
      <UniqueIdentifier>{14cb94bd-c590-4689-968d-7b49c4075cbc}</UniqueIdentifier>
    </Filter>
    <Filter Include="Form Files">
      <UniqueIdentifier>{99349809-55BA-4b9d-BF79-8FDBB0286EB3}</UniqueIdentifier>
      <Extensions>ui</Extensions>
      <ParseFiles>true</ParseFiles>
    </Filter>
    <Filter Include="Translation Files">
      <UniqueIdentifier>{639EADAA-A684-42e4-A9AD-28FC9BCB8F7C}</UniqueIdentifier>
      <Extensions>ts</Extensions>
      <ParseFiles>false</ParseFiles>
    </Filter>
    <Filter Include="Resource Files">
      <UniqueIdentifier>{D9D6E242-F8AF-46E4-B9FD-80ECBC20BA3E}</UniqueIdentifier>
      <Extensions>qrc;*</Extensions>
      <ParseFiles>false</ParseFiles>
    </Filter>
  </ItemGroup>
  <ItemGroup>
    <ClCompile Include="ftu_module.cpp">
      <Filter>Source Files</Filter>
    </ClCompile>
    <ClCompile Include="GeneratedFiles\Debug\moc_plugin_module.cpp">
      <Filter>Generated Files\Debug</Filter>
    </ClCompile>
    <ClCompile Include="GeneratedFiles\Debug\moc_treewidget.cpp">
      <Filter>Generated Files\Debug</Filter>
    </ClCompile>
    <ClCompile Include="GeneratedFiles\Release\moc_treewidget.cpp">
      <Filter>Generated Files\Release</Filter>
    </ClCompile>
    <ClCompile Include="GeneratedFiles\Release\moc_plugin_module.cpp">
      <Filter>Generated Files\Release</Filter>
    </ClCompile>
    <ClCompile Include="GeneratedFiles\Debug\moc_ftu_module.cpp">
      <Filter>Generated Files\Debug</Filter>
    </ClCompile>
    <ClCompile Include="GeneratedFiles\Release\moc_ftu_module.cpp">
      <Filter>Generated Files\Release</Filter>
    </ClCompile>
    <ClCompile Include="..\..\devicestudio\treewidget.cpp">
      <Filter>Source Files</Filter>
    </ClCompile>
    <ClCompile Include="realtimebinary.cpp">
      <Filter>Source Files</Filter>
    </ClCompile>
    <ClCompile Include="GeneratedFiles\Debug\moc_realtimebinary.cpp">
      <Filter>Generated Files\Debug</Filter>
    </ClCompile>
    <ClCompile Include="GeneratedFiles\Release\moc_realtimebinary.cpp">
      <Filter>Generated Files\Release</Filter>
    </ClCompile>
    <ClCompile Include="realtimeanalog.cpp">
      <Filter>Source Files</Filter>
    </ClCompile>
    <ClCompile Include="GeneratedFiles\Debug\moc_realtimeanalog.cpp">
      <Filter>Generated Files\Debug</Filter>
    </ClCompile>
    <ClCompile Include="GeneratedFiles\Release\moc_realtimeanalog.cpp">
      <Filter>Generated Files\Release</Filter>
    </ClCompile>
    <ClCompile Include="realtimesoe.cpp">
      <Filter>Source Files</Filter>
    </ClCompile>
    <ClCompile Include="GeneratedFiles\Debug\moc_realtimesoe.cpp">
      <Filter>Generated Files\Debug</Filter>
    </ClCompile>
    <ClCompile Include="GeneratedFiles\Release\moc_realtimesoe.cpp">
      <Filter>Generated Files\Release</Filter>
    </ClCompile>
    <ClCompile Include="realtimekwh.cpp">
      <Filter>Source Files</Filter>
    </ClCompile>
    <ClCompile Include="GeneratedFiles\Debug\moc_realtimekwh.cpp">
      <Filter>Generated Files\Debug</Filter>
    </ClCompile>
    <ClCompile Include="GeneratedFiles\Release\moc_realtimekwh.cpp">
      <Filter>Generated Files\Release</Filter>
    </ClCompile>
    <ClCompile Include="GeneratedFiles\Debug\moc_apdurecver.cpp">
      <Filter>Generated Files\Debug</Filter>
    </ClCompile>
    <ClCompile Include="GeneratedFiles\Release\moc_apdurecver.cpp">
      <Filter>Generated Files\Release</Filter>
    </ClCompile>
    <ClCompile Include="GeneratedFiles\Debug\moc_apdusender.cpp">
      <Filter>Generated Files\Debug</Filter>
    </ClCompile>
    <ClCompile Include="GeneratedFiles\Release\moc_apdusender.cpp">
      <Filter>Generated Files\Release</Filter>
    </ClCompile>
    <ClCompile Include="GeneratedFiles\Debug\moc_commplugin.cpp">
      <Filter>Generated Files\Debug</Filter>
    </ClCompile>
    <ClCompile Include="GeneratedFiles\Release\moc_commplugin.cpp">
      <Filter>Generated Files\Release</Filter>
    </ClCompile>
    <ClCompile Include="GeneratedFiles\Debug\moc_commthread.cpp">
      <Filter>Generated Files\Debug</Filter>
    </ClCompile>
    <ClCompile Include="GeneratedFiles\Release\moc_commthread.cpp">
      <Filter>Generated Files\Release</Filter>
    </ClCompile>
    <ClCompile Include="GeneratedFiles\Debug\moc_icommplugin.cpp">
      <Filter>Generated Files\Debug</Filter>
    </ClCompile>
    <ClCompile Include="GeneratedFiles\Release\moc_icommplugin.cpp">
      <Filter>Generated Files\Release</Filter>
    </ClCompile>
    <ClCompile Include="GeneratedFiles\Debug\moc_socketthread.cpp">
      <Filter>Generated Files\Debug</Filter>
    </ClCompile>
    <ClCompile Include="GeneratedFiles\Release\moc_socketthread.cpp">
      <Filter>Generated Files\Release</Filter>
    </ClCompile>
    <ClCompile Include="..\..\iodrivers\104baseplugin\commplugin\104cache.cpp">
      <Filter>communicate\Source Files</Filter>
    </ClCompile>
    <ClCompile Include="..\..\iodrivers\104baseplugin\commplugin\apdurecver.cpp">
      <Filter>communicate\Source Files</Filter>
    </ClCompile>
    <ClCompile Include="..\..\iodrivers\104baseplugin\commplugin\apdusender.cpp">
      <Filter>communicate\Source Files</Filter>
    </ClCompile>
    <ClCompile Include="..\..\iodrivers\104baseplugin\commplugin\asdu_info.cpp">
      <Filter>communicate\Source Files</Filter>
    </ClCompile>
    <ClCompile Include="..\..\iodrivers\104baseplugin\commplugin\commplugin.cpp">
      <Filter>communicate\Source Files</Filter>
    </ClCompile>
    <ClCompile Include="..\..\iodrivers\104baseplugin\commplugin\commthread.cpp">
      <Filter>communicate\Source Files</Filter>
    </ClCompile>
    <ClCompile Include="..\..\iodrivers\104baseplugin\commplugin\define_104.cpp">
      <Filter>communicate\Source Files</Filter>
    </ClCompile>
    <ClCompile Include="..\..\iodrivers\104baseplugin\commplugin\icommplugin.cpp">
      <Filter>communicate\Source Files</Filter>
    </ClCompile>
    <ClCompile Include="..\..\iodrivers\104baseplugin\commplugin\socketthread.cpp">
      <Filter>communicate\Source Files</Filter>
    </ClCompile>
    <ClCompile Include="remoteponittableanalyse.cpp">
      <Filter>Source Files</Filter>
    </ClCompile>
    <ClCompile Include="GeneratedFiles\Debug\moc_remoteponittableanalyse.cpp">
      <Filter>Generated Files\Debug</Filter>
    </ClCompile>
    <ClCompile Include="GeneratedFiles\Release\moc_remoteponittableanalyse.cpp">
      <Filter>Generated Files\Release</Filter>
    </ClCompile>
    <ClCompile Include="dragtablewgt.cpp">
      <Filter>Source Files</Filter>
    </ClCompile>
    <ClCompile Include="GeneratedFiles\Debug\moc_dragtablewgt.cpp">
      <Filter>Generated Files\Debug</Filter>
    </ClCompile>
    <ClCompile Include="GeneratedFiles\Release\moc_dragtablewgt.cpp">
      <Filter>Generated Files\Release</Filter>
    </ClCompile>
    <ClCompile Include="choosepointswgt.cpp">
      <Filter>Source Files</Filter>
    </ClCompile>
    <ClCompile Include="GeneratedFiles\Debug\moc_choosepointswgt.cpp">
      <Filter>Generated Files\Debug</Filter>
    </ClCompile>
    <ClCompile Include="GeneratedFiles\Release\moc_choosepointswgt.cpp">
      <Filter>Generated Files\Release</Filter>
    </ClCompile>
    <ClCompile Include="pointinfo.cpp">
      <Filter>Source Files</Filter>
    </ClCompile>
    <ClCompile Include="infoconfigwgt.cpp">
      <Filter>Source Files</Filter>
    </ClCompile>
    <ClCompile Include="GeneratedFiles\Debug\moc_infoconfigwgt.cpp">
      <Filter>Generated Files\Debug</Filter>
    </ClCompile>
    <ClCompile Include="GeneratedFiles\Release\moc_infoconfigwgt.cpp">
      <Filter>Generated Files\Release</Filter>
    </ClCompile>
    <ClCompile Include="GeneratedFiles\Debug\moc_fixddeploy.cpp">
      <Filter>Generated Files\Debug</Filter>
    </ClCompile>
    <ClCompile Include="GeneratedFiles\Release\moc_fixddeploy.cpp">
      <Filter>Generated Files\Release</Filter>
    </ClCompile>
    <ClCompile Include="remotecontrolwgt.cpp">
      <Filter>Source Files</Filter>
    </ClCompile>
    <ClCompile Include="GeneratedFiles\Debug\moc_remotecontrolwgt.cpp">
      <Filter>Generated Files\Debug</Filter>
    </ClCompile>
    <ClCompile Include="GeneratedFiles\Release\moc_remotecontrolwgt.cpp">
      <Filter>Generated Files\Release</Filter>
    </ClCompile>
    <ClCompile Include="GeneratedFiles\qrc_f220.cpp">
      <Filter>Generated Files</Filter>
    </ClCompile>
    <ClCompile Include="recordwgt.cpp">
      <Filter>Source Files</Filter>
    </ClCompile>
    <ClCompile Include="GeneratedFiles\Debug\moc_recordwgt.cpp">
      <Filter>Generated Files\Debug</Filter>
    </ClCompile>
    <ClCompile Include="GeneratedFiles\Release\moc_recordwgt.cpp">
      <Filter>Generated Files\Release</Filter>
    </ClCompile>
    <ClCompile Include="GeneratedFiles\Debug\moc_loadfilethread.cpp">
      <Filter>Generated Files\Debug</Filter>
    </ClCompile>
    <ClCompile Include="GeneratedFiles\Release\moc_loadfilethread.cpp">
      <Filter>Generated Files\Release</Filter>
    </ClCompile>
    <ClCompile Include="loadfilethread.cpp">
      <Filter>communicate\Source Files</Filter>
    </ClCompile>
    <ClCompile Include="maintecancewgt.cpp">
      <Filter>Source Files</Filter>
    </ClCompile>
    <ClCompile Include="GeneratedFiles\Debug\moc_maintecancewgt.cpp">
      <Filter>Generated Files\Debug</Filter>
    </ClCompile>
    <ClCompile Include="GeneratedFiles\Release\moc_maintecancewgt.cpp">
      <Filter>Generated Files\Release</Filter>
    </ClCompile>
    <ClCompile Include="ftpuploadwgt.cpp">
      <Filter>Source Files</Filter>
    </ClCompile>
    <ClCompile Include="GeneratedFiles\Debug\moc_ftpuploadwgt.cpp">
      <Filter>Generated Files\Debug</Filter>
    </ClCompile>
    <ClCompile Include="GeneratedFiles\Release\moc_ftpuploadwgt.cpp">
      <Filter>Generated Files\Release</Filter>
    </ClCompile>
    <ClCompile Include="checkremotewgt.cpp">
      <Filter>Source Files</Filter>
    </ClCompile>
    <ClCompile Include="GeneratedFiles\Debug\moc_checkremotewgt.cpp">
      <Filter>Generated Files\Debug</Filter>
    </ClCompile>
    <ClCompile Include="GeneratedFiles\Release\moc_checkremotewgt.cpp">
      <Filter>Generated Files\Release</Filter>
    </ClCompile>
    <ClCompile Include="analysepointbin.cpp">
      <Filter>Source Files</Filter>
    </ClCompile>
    <ClCompile Include="GeneratedFiles\Debug\moc_analysepointbin.cpp">
      <Filter>Generated Files\Debug</Filter>
    </ClCompile>
    <ClCompile Include="GeneratedFiles\Release\moc_analysepointbin.cpp">
      <Filter>Generated Files\Release</Filter>
    </ClCompile>
    <ClCompile Include="historywgt.cpp">
      <Filter>Source Files</Filter>
    </ClCompile>
    <ClCompile Include="GeneratedFiles\Debug\moc_historywgt.cpp">
      <Filter>Generated Files\Debug</Filter>
    </ClCompile>
    <ClCompile Include="GeneratedFiles\Release\moc_historywgt.cpp">
      <Filter>Generated Files\Release</Filter>
    </ClCompile>
    <ClCompile Include="traninfo.cpp">
      <Filter>Source Files</Filter>
    </ClCompile>
    <ClCompile Include="cmdhistorywgt.cpp">
      <Filter>Source Files</Filter>
    </ClCompile>
    <ClCompile Include="GeneratedFiles\Debug\moc_cmdhistorywgt.cpp">
      <Filter>Generated Files\Debug</Filter>
    </ClCompile>
    <ClCompile Include="GeneratedFiles\Release\moc_cmdhistorywgt.cpp">
      <Filter>Generated Files\Release</Filter>
    </ClCompile>
    <ClCompile Include="recorddowndlg.cpp">
      <Filter>Source Files</Filter>
    </ClCompile>
    <ClCompile Include="GeneratedFiles\Debug\moc_recorddowndlg.cpp">
      <Filter>Generated Files\Debug</Filter>
    </ClCompile>
    <ClCompile Include="GeneratedFiles\Release\moc_recorddowndlg.cpp">
      <Filter>Generated Files\Release</Filter>
    </ClCompile>
    <ClCompile Include="analyse104msg.cpp">
      <Filter>Source Files</Filter>
    </ClCompile>
    <ClCompile Include="GeneratedFiles\Debug\moc_analyse104msg.cpp">
      <Filter>Generated Files\Debug</Filter>
    </ClCompile>
    <ClCompile Include="GeneratedFiles\Release\moc_analyse104msg.cpp">
      <Filter>Generated Files\Release</Filter>
    </ClCompile>
    <ClCompile Include="sycsconfigdlg.cpp">
      <Filter>Source Files</Filter>
    </ClCompile>
    <ClCompile Include="GeneratedFiles\Debug\moc_sycsconfigdlg.cpp">
      <Filter>Generated Files\Debug</Filter>
    </ClCompile>
    <ClCompile Include="GeneratedFiles\Release\moc_sycsconfigdlg.cpp">
      <Filter>Generated Files\Release</Filter>
    </ClCompile>
    <ClCompile Include="lcddisplaywgt.cpp">
      <Filter>Source Files</Filter>
    </ClCompile>
    <ClCompile Include="GeneratedFiles\Debug\moc_lcddisplaywgt.cpp">
      <Filter>Generated Files\Debug</Filter>
    </ClCompile>
    <ClCompile Include="GeneratedFiles\Release\moc_lcddisplaywgt.cpp">
      <Filter>Generated Files\Release</Filter>
    </ClCompile>
    <ClCompile Include="lcdoperatorwgt.cpp">
      <Filter>Source Files</Filter>
    </ClCompile>
    <ClCompile Include="GeneratedFiles\Debug\moc_lcdoperatorwgt.cpp">
      <Filter>Generated Files\Debug</Filter>
    </ClCompile>
    <ClCompile Include="GeneratedFiles\Release\moc_lcdoperatorwgt.cpp">
      <Filter>Generated Files\Release</Filter>
    </ClCompile>
    <ClCompile Include="lcdcontrolwgt.cpp">
      <Filter>Source Files</Filter>
    </ClCompile>
    <ClCompile Include="GeneratedFiles\Debug\moc_lcdcontrolwgt.cpp">
      <Filter>Generated Files\Debug</Filter>
    </ClCompile>
    <ClCompile Include="GeneratedFiles\Release\moc_lcdcontrolwgt.cpp">
      <Filter>Generated Files\Release</Filter>
    </ClCompile>
    <ClCompile Include="virtualtablewgt.cpp">
      <Filter>Source Files</Filter>
    </ClCompile>
    <ClCompile Include="GeneratedFiles\Debug\moc_virtualtablewgt.cpp">
      <Filter>Generated Files\Debug</Filter>
    </ClCompile>
    <ClCompile Include="GeneratedFiles\Release\moc_virtualtablewgt.cpp">
      <Filter>Generated Files\Release</Filter>
    </ClCompile>
    <ClCompile Include="faulteventwgt.cpp">
      <Filter>Source Files</Filter>
    </ClCompile>
    <ClCompile Include="GeneratedFiles\Debug\moc_faulteventwgt.cpp">
      <Filter>Generated Files\Debug</Filter>
    </ClCompile>
    <ClCompile Include="GeneratedFiles\Release\moc_faulteventwgt.cpp">
      <Filter>Generated Files\Release</Filter>
    </ClCompile>
    <ClCompile Include="fixddeploy.cpp">
      <Filter>Source Files</Filter>
    </ClCompile>
    <ClCompile Include="GeneratedFiles\Debug\moc_webdevicewgt.cpp">
      <Filter>Generated Files\Debug</Filter>
    </ClCompile>
    <ClCompile Include="GeneratedFiles\Release\moc_webdevicewgt.cpp">
      <Filter>Generated Files\Release</Filter>
    </ClCompile>
    <ClCompile Include="webdevicewgt.cpp">
      <Filter>Source Files</Filter>
    </ClCompile>
    <ClCompile Include="GeneratedFiles\Debug\moc_fixoperatewgt.cpp">
      <Filter>Generated Files\Debug</Filter>
    </ClCompile>
    <ClCompile Include="GeneratedFiles\Release\moc_fixoperatewgt.cpp">
      <Filter>Generated Files\Release</Filter>
    </ClCompile>
    <ClCompile Include="fixoperatewgt.cpp">
      <Filter>Source Files</Filter>
    </ClCompile>
    <ClCompile Include="GeneratedFiles\Debug\moc_filetranswgt.cpp">
      <Filter>Generated Files\Debug</Filter>
    </ClCompile>
    <ClCompile Include="GeneratedFiles\Release\moc_filetranswgt.cpp">
      <Filter>Generated Files\Release</Filter>
    </ClCompile>
    <ClCompile Include="filetranswgt.cpp">
      <Filter>Source Files</Filter>
    </ClCompile>
    <ClCompile Include="GeneratedFiles\Debug\moc_analogdragtablewgt.cpp">
      <Filter>Generated Files\Debug</Filter>
    </ClCompile>
    <ClCompile Include="GeneratedFiles\Release\moc_analogdragtablewgt.cpp">
      <Filter>Generated Files\Release</Filter>
    </ClCompile>
    <ClCompile Include="analogdragtablewgt.cpp">
      <Filter>Source Files</Filter>
    </ClCompile>
  </ItemGroup>
  <ItemGroup>
    <ClInclude Include="f220_global.h">
      <Filter>Header Files</Filter>
    </ClInclude>
    <ClInclude Include="..\..\..\include\devicestudio\module_export.h">
      <Filter>Header Files</Filter>
    </ClInclude>
    <ClInclude Include="resource.h">
      <Filter>Header Files</Filter>
    </ClInclude>
    <ClInclude Include="..\..\iodrivers\104baseplugin\commplugin\104cache.h">
      <Filter>communicate\Header Files</Filter>
    </ClInclude>
    <ClInclude Include="..\..\iodrivers\104baseplugin\commplugin\asdu_info.h">
      <Filter>communicate\Header Files</Filter>
    </ClInclude>
    <ClInclude Include="..\..\iodrivers\104baseplugin\commplugin\commplugin_global.h">
      <Filter>communicate\Header Files</Filter>
    </ClInclude>
    <ClInclude Include="..\..\iodrivers\104baseplugin\commplugin\define_104.h">
      <Filter>communicate\Header Files</Filter>
    </ClInclude>
    <ClInclude Include="GeneratedFiles\ui_remotecontrolwgt.h">
      <Filter>Generated Files</Filter>
    </ClInclude>
    <ClInclude Include="resource1.h">
      <Filter>Header Files</Filter>
    </ClInclude>
    <ClInclude Include="GeneratedFiles\ui_recordwgt.h">
      <Filter>Generated Files</Filter>
    </ClInclude>
    <ClInclude Include="GeneratedFiles\ui_maintecancewgt.h">
      <Filter>Generated Files</Filter>
    </ClInclude>
    <ClInclude Include="GeneratedFiles\ui_ftpuploadwgt.h">
      <Filter>Generated Files</Filter>
    </ClInclude>
    <ClInclude Include="GeneratedFiles\ui_checkremotewgt.h">
      <Filter>Generated Files</Filter>
    </ClInclude>
    <ClInclude Include="GeneratedFiles\ui_historywgt.h">
      <Filter>Generated Files</Filter>
    </ClInclude>
    <ClInclude Include="traninfo.h">
      <Filter>Header Files</Filter>
    </ClInclude>
    <ClInclude Include="GeneratedFiles\ui_cmdhistorywgt.h">
      <Filter>Generated Files</Filter>
    </ClInclude>
    <ClInclude Include="com103.h">
      <Filter>Header Files</Filter>
    </ClInclude>
    <ClInclude Include="stru.h">
      <Filter>Header Files</Filter>
    </ClInclude>
    <ClInclude Include="GeneratedFiles\ui_recorddowndlg.h">
      <Filter>Generated Files</Filter>
    </ClInclude>
    <ClInclude Include="qurlinfo.h">
      <Filter>Header Files</Filter>
    </ClInclude>
    <ClInclude Include="GeneratedFiles\ui_sycsconfigdlg.h">
      <Filter>Generated Files</Filter>
    </ClInclude>
    <ClInclude Include="GeneratedFiles\ui_lcdcontrolwgt.h">
      <Filter>Generated Files</Filter>
    </ClInclude>
    <ClInclude Include="GeneratedFiles\ui_faulteventwgt.h">
      <Filter>Generated Files</Filter>
    </ClInclude>
    <ClInclude Include="GeneratedFiles\ui_filetranswgt.h">
      <Filter>Generated Files</Filter>
    </ClInclude>
  </ItemGroup>
  <ItemGroup>
    <CustomBuild Include="..\..\..\include\devicestudio\plugin_module.h">
      <Filter>Header Files</Filter>
    </CustomBuild>
    <CustomBuild Include="..\..\..\include\devicestudio\treewidget.h">
      <Filter>Header Files</Filter>
    </CustomBuild>
    <CustomBuild Include="ftu_module.h">
      <Filter>Header Files</Filter>
    </CustomBuild>
    <CustomBuild Include="realtimebinary.h">
      <Filter>Header Files</Filter>
    </CustomBuild>
    <CustomBuild Include="realtimeanalog.h">
      <Filter>Header Files</Filter>
    </CustomBuild>
    <CustomBuild Include="realtimesoe.h">
      <Filter>Header Files</Filter>
    </CustomBuild>
    <CustomBuild Include="realtimekwh.h">
      <Filter>Header Files</Filter>
    </CustomBuild>
    <CustomBuild Include="..\..\iodrivers\104baseplugin\commplugin\apdurecver.h">
      <Filter>communicate\Header Files</Filter>
    </CustomBuild>
    <CustomBuild Include="..\..\iodrivers\104baseplugin\commplugin\apdusender.h">
      <Filter>communicate\Header Files</Filter>
    </CustomBuild>
    <CustomBuild Include="..\..\iodrivers\104baseplugin\commplugin\commplugin.h">
      <Filter>communicate\Header Files</Filter>
    </CustomBuild>
    <CustomBuild Include="..\..\iodrivers\104baseplugin\commplugin\commthread.h">
      <Filter>communicate\Header Files</Filter>
    </CustomBuild>
    <CustomBuild Include="..\..\iodrivers\104baseplugin\commplugin\icommplugin.h">
      <Filter>communicate\Header Files</Filter>
    </CustomBuild>
    <CustomBuild Include="..\..\iodrivers\104baseplugin\commplugin\socketthread.h">
      <Filter>communicate\Header Files</Filter>
    </CustomBuild>
    <CustomBuild Include="remoteponittableanalyse.h">
      <Filter>Header Files</Filter>
    </CustomBuild>
    <CustomBuild Include="dragtablewgt.h">
      <Filter>Header Files</Filter>
    </CustomBuild>
    <CustomBuild Include="choosepointswgt.h">
      <Filter>Header Files</Filter>
    </CustomBuild>
    <CustomBuild Include="pointinfo.h">
      <Filter>Header Files</Filter>
    </CustomBuild>
    <CustomBuild Include="infoconfigwgt.h">
      <Filter>Header Files</Filter>
    </CustomBuild>
    <CustomBuild Include="fixddeploy.h">
      <Filter>Header Files</Filter>
    </CustomBuild>
    <CustomBuild Include="remotecontrolwgt.h">
      <Filter>Header Files</Filter>
    </CustomBuild>
    <CustomBuild Include="remotecontrolwgt.ui">
      <Filter>Form Files</Filter>
    </CustomBuild>
    <CustomBuild Include="f220.qrc">
      <Filter>Resource Files</Filter>
    </CustomBuild>
    <CustomBuild Include="recordwgt.h">
      <Filter>Header Files</Filter>
    </CustomBuild>
    <CustomBuild Include="recordwgt.ui">
      <Filter>Form Files</Filter>
    </CustomBuild>
    <CustomBuild Include="loadfilethread.h">
      <Filter>communicate\Header Files</Filter>
    </CustomBuild>
    <CustomBuild Include="maintecancewgt.h">
      <Filter>Header Files</Filter>
    </CustomBuild>
    <CustomBuild Include="maintecancewgt.ui">
      <Filter>Form Files</Filter>
    </CustomBuild>
    <CustomBuild Include="ftpuploadwgt.h">
      <Filter>Header Files</Filter>
    </CustomBuild>
    <CustomBuild Include="ftpuploadwgt.ui">
      <Filter>Form Files</Filter>
    </CustomBuild>
    <CustomBuild Include="checkremotewgt.h">
      <Filter>Header Files</Filter>
    </CustomBuild>
    <CustomBuild Include="checkremotewgt.ui">
      <Filter>Form Files</Filter>
    </CustomBuild>
    <CustomBuild Include="analysepointbin.h">
      <Filter>Header Files</Filter>
    </CustomBuild>
    <CustomBuild Include="historywgt.h">
      <Filter>Header Files</Filter>
    </CustomBuild>
    <CustomBuild Include="historywgt.ui">
      <Filter>Form Files</Filter>
    </CustomBuild>
    <CustomBuild Include="cmdhistorywgt.h">
      <Filter>Header Files</Filter>
    </CustomBuild>
    <CustomBuild Include="cmdhistorywgt.ui">
      <Filter>Form Files</Filter>
    </CustomBuild>
    <CustomBuild Include="recorddowndlg.h">
      <Filter>Header Files</Filter>
    </CustomBuild>
    <CustomBuild Include="recorddowndlg.ui">
      <Filter>Form Files</Filter>
    </CustomBuild>
    <CustomBuild Include="qftp.h">
      <Filter>Header Files</Filter>
    </CustomBuild>
    <CustomBuild Include="analyse104msg.h">
      <Filter>Header Files</Filter>
    </CustomBuild>
    <CustomBuild Include="sycsconfigdlg.h">
      <Filter>Header Files</Filter>
    </CustomBuild>
    <CustomBuild Include="sycsconfigdlg.ui">
      <Filter>Form Files</Filter>
    </CustomBuild>
    <CustomBuild Include="lcddisplaywgt.h">
      <Filter>Header Files</Filter>
    </CustomBuild>
    <CustomBuild Include="lcdoperatorwgt.h">
      <Filter>Header Files</Filter>
    </CustomBuild>
    <CustomBuild Include="lcdcontrolwgt.h">
      <Filter>Header Files</Filter>
    </CustomBuild>
    <CustomBuild Include="lcdcontrolwgt.ui">
      <Filter>Form Files</Filter>
    </CustomBuild>
    <CustomBuild Include="virtualtablewgt.h">
      <Filter>Header Files</Filter>
    </CustomBuild>
    <CustomBuild Include="faulteventwgt.h">
      <Filter>Header Files</Filter>
    </CustomBuild>
    <CustomBuild Include="faulteventwgt.ui">
      <Filter>Form Files</Filter>
    </CustomBuild>
    <CustomBuild Include="webdevicewgt.h">
      <Filter>Header Files</Filter>
    </CustomBuild>
    <CustomBuild Include="fixoperatewgt.h">
      <Filter>Header Files</Filter>
    </CustomBuild>
    <CustomBuild Include="filetranswgt.h">
      <Filter>Header Files</Filter>
    </CustomBuild>
    <CustomBuild Include="filetranswgt.ui">
      <Filter>Form Files</Filter>
    </CustomBuild>
    <CustomBuild Include="analogdragtablewgt.h">
      <Filter>Header Files</Filter>
    </CustomBuild>
  </ItemGroup>
  <ItemGroup>
    <None Include="f220-zh-CN.ts">
      <Filter>Translation Files</Filter>
    </None>
  </ItemGroup>
  <ItemGroup>
    <Image Include="icons\analog.png">
      <Filter>Resource Files</Filter>
    </Image>
    <Image Include="icons\binary.png">
      <Filter>Resource Files</Filter>
    </Image>
    <Image Include="icons\choose.png">
      <Filter>Resource Files</Filter>
    </Image>
    <Image Include="icons\control.png">
      <Filter>Resource Files</Filter>
    </Image>
    <Image Include="icons\devicestudio.png">
      <Filter>Resource Files</Filter>
    </Image>
    <Image Include="icons\fix.png">
      <Filter>Resource Files</Filter>
    </Image>
    <Image Include="icons\ftu.png">
      <Filter>Resource Files</Filter>
    </Image>
    <Image Include="icons\gongcheng.png">
      <Filter>Resource Files</Filter>
    </Image>
    <Image Include="icons\jianshi.png">
      <Filter>Resource Files</Filter>
    </Image>
    <Image Include="icons\kwh.png">
      <Filter>Resource Files</Filter>
    </Image>
    <Image Include="icons\Open.png">
      <Filter>Resource Files</Filter>
    </Image>
    <Image Include="icons\soe.png">
      <Filter>Resource Files</Filter>
    </Image>
  </ItemGroup>
  <ItemGroup>
    <ResourceCompile Include="f220.rc" />
  </ItemGroup>
</Project>