<?xml version="1.0" encoding="utf-8"?>
<Project ToolsVersion="4.0" xmlns="http://schemas.microsoft.com/developer/msbuild/2003">
  <ItemGroup>
    <Filter Include="Form Files">
      <UniqueIdentifier>{99349809-55BA-4b9d-BF79-8FDBB0286EB3}</UniqueIdentifier>
      <Extensions>ui</Extensions>
      <ParseFiles>false</ParseFiles>
    </Filter>
    <Filter Include="Form Files">
      <UniqueIdentifier>{99349809-55BA-4b9d-BF79-8FDBB0286EB3}</UniqueIdentifier>
      <Extensions>ui</Extensions>
      <ParseFiles>false</ParseFiles>
    </Filter>
    <Filter Include="Generated Files">
      <UniqueIdentifier>{71ED8ED8-ACB9-4CE9-BBE1-E00B30144E11}</UniqueIdentifier>
      <Extensions>cpp;c;cxx;moc;h;def;odl;idl;res;</Extensions>
    </Filter>
    <Filter Include="Generated Files">
      <UniqueIdentifier>{71ED8ED8-ACB9-4CE9-BBE1-E00B30144E11}</UniqueIdentifier>
      <Extensions>cpp;c;cxx;moc;h;def;odl;idl;res;</Extensions>
    </Filter>
    <Filter Include="Header Files">
      <UniqueIdentifier>{93995380-89BD-4b04-88EB-625FBE52EBFB}</UniqueIdentifier>
      <Extensions>h;hpp;hxx;hm;inl;inc;xsd</Extensions>
    </Filter>
    <Filter Include="Header Files">
      <UniqueIdentifier>{93995380-89BD-4b04-88EB-625FBE52EBFB}</UniqueIdentifier>
      <Extensions>h;hpp;hxx;hm;inl;inc;xsd</Extensions>
    </Filter>
    <Filter Include="Resource Files">
      <UniqueIdentifier>{D9D6E242-F8AF-46E4-B9FD-80ECBC20BA3E}</UniqueIdentifier>
      <Extensions>qrc;*</Extensions>
      <ParseFiles>false</ParseFiles>
    </Filter>
    <Filter Include="Resource Files">
      <UniqueIdentifier>{D9D6E242-F8AF-46E4-B9FD-80ECBC20BA3E}</UniqueIdentifier>
      <Extensions>qrc;*</Extensions>
      <ParseFiles>false</ParseFiles>
    </Filter>
    <Filter Include="Source Files">
      <UniqueIdentifier>{4FC737F1-C7A5-4376-A066-2A32D752A2FF}</UniqueIdentifier>
      <Extensions>cpp;c;cxx;def;odl;idl;hpj;bat;asm;asmx</Extensions>
    </Filter>
    <Filter Include="Source Files">
      <UniqueIdentifier>{4FC737F1-C7A5-4376-A066-2A32D752A2FF}</UniqueIdentifier>
      <Extensions>cpp;c;cxx;def;odl;idl;hpj;bat;asm;asmx</Extensions>
    </Filter>
    <Filter Include="Generated Files\Debug">
      <UniqueIdentifier>{c5d32589-45a1-403b-8688-05e249c73136}</UniqueIdentifier>
      <Extensions>cpp;moc</Extensions>
      <SourceControlFiles>False</SourceControlFiles>
    </Filter>
    <Filter Include="Generated Files\Release">
      <UniqueIdentifier>{651ca07d-7f94-494c-b35f-f2b27363ca97}</UniqueIdentifier>
      <Extensions>cpp;moc</Extensions>
      <SourceControlFiles>False</SourceControlFiles>
    </Filter>
  </ItemGroup>
  <ItemGroup>
    <ClCompile Include="capturemsgwgt.cpp">
      <Filter>Source Files</Filter>
    </ClCompile>
    <ClCompile Include="imainwindow.cpp">
      <Filter>Source Files</Filter>
    </ClCompile>
    <ClCompile Include="log_impl.cpp">
      <Filter>Source Files</Filter>
    </ClCompile>
    <ClCompile Include="main.cpp">
      <Filter>Source Files</Filter>
    </ClCompile>
    <ClCompile Include="main_frame.cpp">
      <Filter>Source Files</Filter>
    </ClCompile>
    <ClCompile Include="main_module_impl.cpp">
      <Filter>Source Files</Filter>
    </ClCompile>
    <ClCompile Include="modulemgr.cpp">
      <Filter>Source Files</Filter>
    </ClCompile>
    <ClCompile Include="outputdock.cpp">
      <Filter>Source Files</Filter>
    </ClCompile>
    <ClCompile Include="pluginloadwgt.cpp">
      <Filter>Source Files</Filter>
    </ClCompile>
    <ClCompile Include="tabwidget.cpp">
      <Filter>Source Files</Filter>
    </ClCompile>
    <ClCompile Include="treewidget.cpp">
      <Filter>Source Files</Filter>
    </ClCompile>
    <ClCompile Include="GeneratedFiles\Debug\moc_capturemsgwgt.cpp">
      <Filter>Generated Files\Debug</Filter>
    </ClCompile>
    <ClCompile Include="GeneratedFiles\Release\moc_capturemsgwgt.cpp">
      <Filter>Generated Files\Release</Filter>
    </ClCompile>
    <ClCompile Include="GeneratedFiles\Debug\moc_main_frame.cpp">
      <Filter>Generated Files\Debug</Filter>
    </ClCompile>
    <ClCompile Include="GeneratedFiles\Release\moc_main_frame.cpp">
      <Filter>Generated Files\Release</Filter>
    </ClCompile>
    <ClCompile Include="GeneratedFiles\Debug\moc_main_module_impl.cpp">
      <Filter>Generated Files\Debug</Filter>
    </ClCompile>
    <ClCompile Include="GeneratedFiles\Release\moc_main_module_impl.cpp">
      <Filter>Generated Files\Release</Filter>
    </ClCompile>
    <ClCompile Include="GeneratedFiles\Debug\moc_outputdock.cpp">
      <Filter>Generated Files\Debug</Filter>
    </ClCompile>
    <ClCompile Include="GeneratedFiles\Release\moc_outputdock.cpp">
      <Filter>Generated Files\Release</Filter>
    </ClCompile>
    <ClCompile Include="GeneratedFiles\Debug\moc_pluginloadwgt.cpp">
      <Filter>Generated Files\Debug</Filter>
    </ClCompile>
    <ClCompile Include="GeneratedFiles\Release\moc_pluginloadwgt.cpp">
      <Filter>Generated Files\Release</Filter>
    </ClCompile>
    <ClCompile Include="GeneratedFiles\Debug\moc_tabwidget.cpp">
      <Filter>Generated Files\Debug</Filter>
    </ClCompile>
    <ClCompile Include="GeneratedFiles\Release\moc_tabwidget.cpp">
      <Filter>Generated Files\Release</Filter>
    </ClCompile>
    <ClCompile Include="GeneratedFiles\Debug\moc_treewidget.cpp">
      <Filter>Generated Files\Debug</Filter>
    </ClCompile>
    <ClCompile Include="GeneratedFiles\Release\moc_treewidget.cpp">
      <Filter>Generated Files\Release</Filter>
    </ClCompile>
    <ClCompile Include="GeneratedFiles\qrc_dbgstudio.cpp">
      <Filter>Generated Files</Filter>
    </ClCompile>
    <ClCompile Include="GeneratedFiles\Debug\moc_scadalog_view.cpp">
      <Filter>Generated Files\Debug</Filter>
    </ClCompile>
    <ClCompile Include="GeneratedFiles\Release\moc_scadalog_view.cpp">
      <Filter>Generated Files\Release</Filter>
    </ClCompile>
    <ClCompile Include="scadalog_view.cpp">
      <Filter>Source Files</Filter>
    </ClCompile>
    <ClCompile Include="scadalog_mq.cpp">
      <Filter>Source Files</Filter>
    </ClCompile>
    <ClCompile Include="base_module.cpp">
      <Filter>Source Files</Filter>
    </ClCompile>
    <ClCompile Include="scada_log.cpp">
      <Filter>Source Files</Filter>
    </ClCompile>
    <ClCompile Include="log_config.cpp">
      <Filter>Source Files</Filter>
    </ClCompile>
  </ItemGroup>
  <ItemGroup>
    <CustomBuild Include="capturemsgwgt.h">
      <Filter>Header Files</Filter>
    </CustomBuild>
    <ClInclude Include="log_impl.h">
      <Filter>Header Files</Filter>
    </ClInclude>
    <CustomBuild Include="main_frame.h">
      <Filter>Header Files</Filter>
    </CustomBuild>
    <ClInclude Include="..\..\include\dbgstudio\main_module.h">
      <Filter>Header Files</Filter>
    </ClInclude>
    <CustomBuild Include="main_module_impl.h">
      <Filter>Header Files</Filter>
    </CustomBuild>
    <ClInclude Include="modulemgr.h">
      <Filter>Header Files</Filter>
    </ClInclude>
    <CustomBuild Include="outputdock.h">
      <Filter>Header Files</Filter>
    </CustomBuild>
    <CustomBuild Include="pluginloadwgt.h">
      <Filter>Header Files</Filter>
    </CustomBuild>
    <ClInclude Include="stl_util-inl.h">
      <Filter>Header Files</Filter>
    </ClInclude>
    <CustomBuild Include="..\..\include\dbgstudio\tabwidget.h">
      <Filter>Header Files</Filter>
    </CustomBuild>
    <CustomBuild Include="..\..\include\dbgstudio\treewidget.h">
      <Filter>Header Files</Filter>
    </CustomBuild>
    <CustomBuild Include="..\..\include\dbgstudio\imainwindow.h">
      <Filter>Header Files</Filter>
    </CustomBuild>
    <CustomBuild Include="scadalog_view.h">
      <Filter>Header Files</Filter>
    </CustomBuild>
    <CustomBuild Include="scadalog_view.ui">
      <Filter>Form Files</Filter>
    </CustomBuild>
  </ItemGroup>
  <ItemGroup>
    <CustomBuild Include="capturemsgwgt.ui">
      <Filter>Form Files</Filter>
    </CustomBuild>
  </ItemGroup>
  <ItemGroup>
    <None Include="icons\Open.png">
      <Filter>Resource Files</Filter>
    </None>
    <None Include="images\add-line_horizontal.png">
      <Filter>Resource Files</Filter>
    </None>
    <None Include="images\add-line_vertical.png">
      <Filter>Resource Files</Filter>
    </None>
    <None Include="icons\analog.png">
      <Filter>Resource Files</Filter>
    </None>
    <None Include="images\array_down.png">
      <Filter>Resource Files</Filter>
    </None>
    <None Include="icons\binary.png">
      <Filter>Resource Files</Filter>
    </None>
    <None Include="images\checkbox_checked.png">
      <Filter>Resource Files</Filter>
    </None>
    <None Include="images\checkbox_unchecked.png">
      <Filter>Resource Files</Filter>
    </None>
    <None Include="icons\choose.png">
      <Filter>Resource Files</Filter>
    </None>
    <None Include="icons\control.png">
      <Filter>Resource Files</Filter>
    </None>
    <None Include="icons\dbgstudio.png">
      <Filter>Resource Files</Filter>
    </None>
    <CustomBuild Include="dbgstudio.qrc">
      <Filter>Resource Files</Filter>
    </CustomBuild>
    <None Include="dbgstudio.qss">
      <Filter>Resource Files</Filter>
    </None>
    <None Include="images\error.png">
      <Filter>Resource Files</Filter>
    </None>
    <None Include="icons\fix.png">
      <Filter>Resource Files</Filter>
    </None>
    <None Include="icons\ftu.png">
      <Filter>Resource Files</Filter>
    </None>
    <None Include="icons\gongcheng.png">
      <Filter>Resource Files</Filter>
    </None>
    <None Include="images\info.png">
      <Filter>Resource Files</Filter>
    </None>
    <None Include="icons\jianshi.png">
      <Filter>Resource Files</Filter>
    </None>
    <None Include="icons\kwh.png">
      <Filter>Resource Files</Filter>
    </None>
    <None Include="images\question.png">
      <Filter>Resource Files</Filter>
    </None>
    <None Include="images\radio_normal.png">
      <Filter>Resource Files</Filter>
    </None>
    <None Include="images\radio_selected.png">
      <Filter>Resource Files</Filter>
    </None>
    <None Include="icons\soe.png">
      <Filter>Resource Files</Filter>
    </None>
    <None Include="images\sub-line_horizontal.png">
      <Filter>Resource Files</Filter>
    </None>
    <None Include="images\sub-line_vertical.png">
      <Filter>Resource Files</Filter>
    </None>
  </ItemGroup>
  <ItemGroup>
    <ResourceCompile Include="dbgstudio.rc" />
  </ItemGroup>
  <ItemGroup>
    <ClInclude Include="GeneratedFiles\ui_capturemsgwgt.h">
      <Filter>Generated Files</Filter>
    </ClInclude>
    <ClInclude Include="GeneratedFiles\ui_scadalog_view.h">
      <Filter>Generated Files</Filter>
    </ClInclude>
    <ClInclude Include="scadalog_mq.h">
      <Filter>Header Files</Filter>
    </ClInclude>
    <ClInclude Include="base_module.h">
      <Filter>Header Files</Filter>
    </ClInclude>
    <ClInclude Include="scada_log.h">
      <Filter>Header Files</Filter>
    </ClInclude>
    <ClInclude Include="log_config.h">
      <Filter>Header Files</Filter>
    </ClInclude>
  </ItemGroup>
  <ItemGroup>
    <Image Include="icons\debug_icon.ico" />
  </ItemGroup>
</Project>