<?xml version="1.0" encoding="utf-8"?>
<Project ToolsVersion="4.0" xmlns="http://schemas.microsoft.com/developer/msbuild/2003">
  <ItemGroup>
    <Filter Include="Form Files">
      <UniqueIdentifier>{99349809-55BA-4b9d-BF79-8FDBB0286EB3}</UniqueIdentifier>
      <Extensions>ui</Extensions>
      <ParseFiles>false</ParseFiles>
    </Filter>
    <Filter Include="Form Files">
      <UniqueIdentifier>{99349809-55BA-4b9d-BF79-8FDBB0286EB3}</UniqueIdentifier>
      <Extensions>ui</Extensions>
      <ParseFiles>false</ParseFiles>
    </Filter>
    <Filter Include="Generated Files">
      <UniqueIdentifier>{71ED8ED8-ACB9-4CE9-BBE1-E00B30144E11}</UniqueIdentifier>
      <Extensions>cpp;c;cxx;moc;h;def;odl;idl;res;</Extensions>
    </Filter>
    <Filter Include="Generated Files">
      <UniqueIdentifier>{71ED8ED8-ACB9-4CE9-BBE1-E00B30144E11}</UniqueIdentifier>
      <Extensions>cpp;c;cxx;moc;h;def;odl;idl;res;</Extensions>
    </Filter>
    <Filter Include="Header Files">
      <UniqueIdentifier>{93995380-89BD-4b04-88EB-625FBE52EBFB}</UniqueIdentifier>
      <Extensions>h;hpp;hxx;hm;inl;inc;xsd</Extensions>
    </Filter>
    <Filter Include="Header Files">
      <UniqueIdentifier>{93995380-89BD-4b04-88EB-625FBE52EBFB}</UniqueIdentifier>
      <Extensions>h;hpp;hxx;hm;inl;inc;xsd</Extensions>
    </Filter>
    <Filter Include="Resource Files">
      <UniqueIdentifier>{D9D6E242-F8AF-46E4-B9FD-80ECBC20BA3E}</UniqueIdentifier>
      <Extensions>qrc;*</Extensions>
      <ParseFiles>false</ParseFiles>
    </Filter>
    <Filter Include="Resource Files">
      <UniqueIdentifier>{D9D6E242-F8AF-46E4-B9FD-80ECBC20BA3E}</UniqueIdentifier>
      <Extensions>qrc;*</Extensions>
      <ParseFiles>false</ParseFiles>
    </Filter>
    <Filter Include="Source Files">
      <UniqueIdentifier>{4FC737F1-C7A5-4376-A066-2A32D752A2FF}</UniqueIdentifier>
      <Extensions>cpp;c;cxx;def;odl;idl;hpj;bat;asm;asmx</Extensions>
    </Filter>
    <Filter Include="Source Files">
      <UniqueIdentifier>{4FC737F1-C7A5-4376-A066-2A32D752A2FF}</UniqueIdentifier>
      <Extensions>cpp;c;cxx;def;odl;idl;hpj;bat;asm;asmx</Extensions>
    </Filter>
    <Filter Include="Translation Files">
      <UniqueIdentifier>{639EADAA-A684-42e4-A9AD-28FC9BCB8F7C}</UniqueIdentifier>
      <Extensions>ts;xlf</Extensions>
      <ParseFiles>false</ParseFiles>
    </Filter>
    <Filter Include="Translation Files">
      <UniqueIdentifier>{639EADAA-A684-42e4-A9AD-28FC9BCB8F7C}</UniqueIdentifier>
      <Extensions>ts;xlf</Extensions>
      <ParseFiles>false</ParseFiles>
    </Filter>
  </ItemGroup>
  <ItemGroup>
    <ClCompile Include="aqp\alt_key.cpp">
      <Filter>Source Files</Filter>
    </ClCompile>
    <ClCompile Include="aqp\aqp.cpp">
      <Filter>Source Files</Filter>
    </ClCompile>
    <ClCompile Include="barview.cpp">
      <Filter>Source Files</Filter>
    </ClCompile>
    <ClCompile Include="calformula.cpp">
      <Filter>Source Files</Filter>
    </ClCompile>
    <ClCompile Include="cctrlparadialog.cpp">
      <Filter>Source Files</Filter>
    </ClCompile>
    <ClCompile Include="chartview.cpp">
      <Filter>Source Files</Filter>
    </ClCompile>
    <ClCompile Include="configinfo.cpp">
      <Filter>Source Files</Filter>
    </ClCompile>
    <ClCompile Include="createtimecolumn.cpp">
      <Filter>Source Files</Filter>
    </ClCompile>
    <ClCompile Include="ctree.cpp">
      <Filter>Source Files</Filter>
    </ClCompile>
    <ClCompile Include="cwidget.cpp">
      <Filter>Source Files</Filter>
    </ClCompile>
    <ClCompile Include="datatypedi.cpp">
      <Filter>Source Files</Filter>
    </ClCompile>
    <ClCompile Include="public\dcolorbutton.cpp">
      <Filter>Source Files</Filter>
    </ClCompile>
    <ClCompile Include="public\dcolorpanel.cpp">
      <Filter>Source Files</Filter>
    </ClCompile>
    <ClCompile Include="dgetselection.cpp">
      <Filter>Source Files</Filter>
    </ClCompile>
    <ClCompile Include="insertformula.cpp">
      <Filter>Source Files</Filter>
    </ClCompile>
    <ClCompile Include="aqp\kuhn_munkres.cpp">
      <Filter>Source Files</Filter>
    </ClCompile>
    <ClCompile Include="modfilename.cpp">
      <Filter>Source Files</Filter>
    </ClCompile>
    <ClCompile Include="modreporttype.cpp">
      <Filter>Source Files</Filter>
    </ClCompile>
    <ClCompile Include="pieview.cpp">
      <Filter>Source Files</Filter>
    </ClCompile>
    <ClCompile Include="public_functions.cpp">
      <Filter>Source Files</Filter>
    </ClCompile>
    <ClCompile Include="qcell.cpp">
      <Filter>Source Files</Filter>
    </ClCompile>
    <ClCompile Include="qcreatereport.cpp">
      <Filter>Source Files</Filter>
    </ClCompile>
    <ClCompile Include="qdataproperty.cpp">
      <Filter>Source Files</Filter>
    </ClCompile>
    <ClCompile Include="qgeneratereport.cpp">
      <Filter>Source Files</Filter>
    </ClCompile>
    <ClCompile Include="qspreadsheet.cpp">
      <Filter>Source Files</Filter>
    </ClCompile>
    <ClCompile Include="qxmlfunction.cpp">
      <Filter>Source Files</Filter>
    </ClCompile>
    <ClCompile Include="report.cpp">
      <Filter>Source Files</Filter>
    </ClCompile>
  </ItemGroup>
  <ItemGroup>
    <ClInclude Include="aqp\alt_key.hpp">
      <Filter>Header Files</Filter>
    </ClInclude>
    <ClInclude Include="aqp\aqp.hpp">
      <Filter>Header Files</Filter>
    </ClInclude>
    <CustomBuild Include="barview.h">
      <Filter>Header Files</Filter>
    </CustomBuild>
    <CustomBuild Include="calformula.h">
      <Filter>Header Files</Filter>
    </CustomBuild>
    <CustomBuild Include="chartview.h">
      <Filter>Header Files</Filter>
    </CustomBuild>
    <ClInclude Include="configinfo.h">
      <Filter>Header Files</Filter>
    </ClInclude>
    <CustomBuild Include="createreport.h">
      <Filter>Header Files</Filter>
    </CustomBuild>
    <CustomBuild Include="createtimecolumn.h">
      <Filter>Header Files</Filter>
    </CustomBuild>
    <CustomBuild Include="ctree.h">
      <Filter>Header Files</Filter>
    </CustomBuild>
    <CustomBuild Include="ctrlparadialog.h">
      <Filter>Header Files</Filter>
    </CustomBuild>
    <CustomBuild Include="cwidget.h">
      <Filter>Header Files</Filter>
    </CustomBuild>
    <ClInclude Include="public\dataconvert.h">
      <Filter>Header Files</Filter>
    </ClInclude>
    <CustomBuild Include="dataproperty.h">
      <Filter>Header Files</Filter>
    </CustomBuild>
    <CustomBuild Include="datatypedi.h">
      <Filter>Header Files</Filter>
    </CustomBuild>
    <ClInclude Include="public\dbasicwidget_global.h">
      <Filter>Header Files</Filter>
    </ClInclude>
    <CustomBuild Include="public\dcolorbutton.h">
      <Filter>Header Files</Filter>
    </CustomBuild>
    <CustomBuild Include="public\dcolorpanel.h">
      <Filter>Header Files</Filter>
    </CustomBuild>
    <CustomBuild Include="dgetselection.h">
      <Filter>Header Files</Filter>
    </CustomBuild>
    <CustomBuild Include="generatereport.h">
      <Filter>Header Files</Filter>
    </CustomBuild>
    <ClInclude Include="..\..\include\scadastudio\imodule.h">
      <Filter>Header Files</Filter>
    </ClInclude>
    <CustomBuild Include="insertformula.h">
      <Filter>Header Files</Filter>
    </CustomBuild>
    <ClInclude Include="aqp\kuhn_munkres.hpp">
      <Filter>Header Files</Filter>
    </ClInclude>
    <ClInclude Include="public\menumacro.h">
      <Filter>Header Files</Filter>
    </ClInclude>
    <CustomBuild Include="modfilename.h">
      <Filter>Header Files</Filter>
    </CustomBuild>
    <CustomBuild Include="modreporttype.h">
      <Filter>Header Files</Filter>
    </CustomBuild>
    <CustomBuild Include="pieview.h">
      <Filter>Header Files</Filter>
    </CustomBuild>
    <ClInclude Include="public_define.h">
      <Filter>Header Files</Filter>
    </ClInclude>
    <ClInclude Include="qcell.h">
      <Filter>Header Files</Filter>
    </ClInclude>
    <CustomBuild Include="qspreadsheet.h">
      <Filter>Header Files</Filter>
    </CustomBuild>
    <ClInclude Include="qxmlfunction.h">
      <Filter>Header Files</Filter>
    </ClInclude>
    <CustomBuild Include="report.h">
      <Filter>Header Files</Filter>
    </CustomBuild>
    <ClInclude Include="report_global.h">
      <Filter>Header Files</Filter>
    </ClInclude>
    <ClInclude Include="reportdefine.h">
      <Filter>Header Files</Filter>
    </ClInclude>
  </ItemGroup>
  <ItemGroup>
    <ClCompile Include="GeneratedFiles\debug\moc_barview.cpp">
      <Filter>Generated Files</Filter>
    </ClCompile>
    <ClCompile Include="GeneratedFiles\release\moc_barview.cpp">
      <Filter>Generated Files</Filter>
    </ClCompile>
    <ClCompile Include="GeneratedFiles\debug\moc_calformula.cpp">
      <Filter>Generated Files</Filter>
    </ClCompile>
    <ClCompile Include="GeneratedFiles\release\moc_calformula.cpp">
      <Filter>Generated Files</Filter>
    </ClCompile>
    <ClCompile Include="GeneratedFiles\debug\moc_chartview.cpp">
      <Filter>Generated Files</Filter>
    </ClCompile>
    <ClCompile Include="GeneratedFiles\release\moc_chartview.cpp">
      <Filter>Generated Files</Filter>
    </ClCompile>
    <ClCompile Include="GeneratedFiles\debug\moc_createreport.cpp">
      <Filter>Generated Files</Filter>
    </ClCompile>
    <ClCompile Include="GeneratedFiles\release\moc_createreport.cpp">
      <Filter>Generated Files</Filter>
    </ClCompile>
    <ClCompile Include="GeneratedFiles\debug\moc_createtimecolumn.cpp">
      <Filter>Generated Files</Filter>
    </ClCompile>
    <ClCompile Include="GeneratedFiles\release\moc_createtimecolumn.cpp">
      <Filter>Generated Files</Filter>
    </ClCompile>
    <ClCompile Include="GeneratedFiles\debug\moc_ctree.cpp">
      <Filter>Generated Files</Filter>
    </ClCompile>
    <ClCompile Include="GeneratedFiles\release\moc_ctree.cpp">
      <Filter>Generated Files</Filter>
    </ClCompile>
    <ClCompile Include="GeneratedFiles\debug\moc_ctrlparadialog.cpp">
      <Filter>Generated Files</Filter>
    </ClCompile>
    <ClCompile Include="GeneratedFiles\release\moc_ctrlparadialog.cpp">
      <Filter>Generated Files</Filter>
    </ClCompile>
    <ClCompile Include="GeneratedFiles\debug\moc_cwidget.cpp">
      <Filter>Generated Files</Filter>
    </ClCompile>
    <ClCompile Include="GeneratedFiles\release\moc_cwidget.cpp">
      <Filter>Generated Files</Filter>
    </ClCompile>
    <ClCompile Include="GeneratedFiles\debug\moc_dataproperty.cpp">
      <Filter>Generated Files</Filter>
    </ClCompile>
    <ClCompile Include="GeneratedFiles\release\moc_dataproperty.cpp">
      <Filter>Generated Files</Filter>
    </ClCompile>
    <ClCompile Include="GeneratedFiles\debug\moc_datatypedi.cpp">
      <Filter>Generated Files</Filter>
    </ClCompile>
    <ClCompile Include="GeneratedFiles\release\moc_datatypedi.cpp">
      <Filter>Generated Files</Filter>
    </ClCompile>
    <ClCompile Include="GeneratedFiles\debug\moc_dcolorbutton.cpp">
      <Filter>Generated Files</Filter>
    </ClCompile>
    <ClCompile Include="GeneratedFiles\release\moc_dcolorbutton.cpp">
      <Filter>Generated Files</Filter>
    </ClCompile>
    <ClCompile Include="GeneratedFiles\debug\moc_dcolorpanel.cpp">
      <Filter>Generated Files</Filter>
    </ClCompile>
    <ClCompile Include="GeneratedFiles\release\moc_dcolorpanel.cpp">
      <Filter>Generated Files</Filter>
    </ClCompile>
    <ClCompile Include="GeneratedFiles\debug\moc_dgetselection.cpp">
      <Filter>Generated Files</Filter>
    </ClCompile>
    <ClCompile Include="GeneratedFiles\release\moc_dgetselection.cpp">
      <Filter>Generated Files</Filter>
    </ClCompile>
    <ClCompile Include="GeneratedFiles\debug\moc_generatereport.cpp">
      <Filter>Generated Files</Filter>
    </ClCompile>
    <ClCompile Include="GeneratedFiles\release\moc_generatereport.cpp">
      <Filter>Generated Files</Filter>
    </ClCompile>
    <ClCompile Include="GeneratedFiles\debug\moc_insertformula.cpp">
      <Filter>Generated Files</Filter>
    </ClCompile>
    <ClCompile Include="GeneratedFiles\release\moc_insertformula.cpp">
      <Filter>Generated Files</Filter>
    </ClCompile>
    <ClCompile Include="GeneratedFiles\debug\moc_modfilename.cpp">
      <Filter>Generated Files</Filter>
    </ClCompile>
    <ClCompile Include="GeneratedFiles\release\moc_modfilename.cpp">
      <Filter>Generated Files</Filter>
    </ClCompile>
    <ClCompile Include="GeneratedFiles\debug\moc_modreporttype.cpp">
      <Filter>Generated Files</Filter>
    </ClCompile>
    <ClCompile Include="GeneratedFiles\release\moc_modreporttype.cpp">
      <Filter>Generated Files</Filter>
    </ClCompile>
    <ClCompile Include="GeneratedFiles\debug\moc_pieview.cpp">
      <Filter>Generated Files</Filter>
    </ClCompile>
    <ClCompile Include="GeneratedFiles\release\moc_pieview.cpp">
      <Filter>Generated Files</Filter>
    </ClCompile>
    <CustomBuild Include="GeneratedFiles\debug\moc_predefs.h.cbt">
      <Filter>Generated Files</Filter>
    </CustomBuild>
    <CustomBuild Include="GeneratedFiles\release\moc_predefs.h.cbt">
      <Filter>Generated Files</Filter>
    </CustomBuild>
    <ClCompile Include="GeneratedFiles\debug\moc_qspreadsheet.cpp">
      <Filter>Generated Files</Filter>
    </ClCompile>
    <ClCompile Include="GeneratedFiles\release\moc_qspreadsheet.cpp">
      <Filter>Generated Files</Filter>
    </ClCompile>
    <ClCompile Include="GeneratedFiles\debug\moc_report.cpp">
      <Filter>Generated Files</Filter>
    </ClCompile>
    <ClCompile Include="GeneratedFiles\release\moc_report.cpp">
      <Filter>Generated Files</Filter>
    </ClCompile>
    <ClCompile Include="GeneratedFiles\qrc_report.cpp">
      <Filter>Generated Files</Filter>
    </ClCompile>
    <ClInclude Include="GeneratedFiles\ui_calformula.h">
      <Filter>Generated Files</Filter>
    </ClInclude>
    <ClInclude Include="GeneratedFiles\ui_createreport.h">
      <Filter>Generated Files</Filter>
    </ClInclude>
    <ClInclude Include="GeneratedFiles\ui_createtimecolumn.h">
      <Filter>Generated Files</Filter>
    </ClInclude>
    <ClInclude Include="GeneratedFiles\ui_ctrlparadialog.h">
      <Filter>Generated Files</Filter>
    </ClInclude>
    <ClInclude Include="GeneratedFiles\ui_dataproperty.h">
      <Filter>Generated Files</Filter>
    </ClInclude>
    <ClInclude Include="GeneratedFiles\ui_datatypedi.h">
      <Filter>Generated Files</Filter>
    </ClInclude>
    <ClInclude Include="GeneratedFiles\ui_dgetselection.h">
      <Filter>Generated Files</Filter>
    </ClInclude>
    <ClInclude Include="GeneratedFiles\ui_generatereport.h">
      <Filter>Generated Files</Filter>
    </ClInclude>
    <ClInclude Include="GeneratedFiles\ui_insertformula.h">
      <Filter>Generated Files</Filter>
    </ClInclude>
    <ClInclude Include="GeneratedFiles\ui_modfilename.h">
      <Filter>Generated Files</Filter>
    </ClInclude>
    <ClInclude Include="GeneratedFiles\ui_modreporttype.h">
      <Filter>Generated Files</Filter>
    </ClInclude>
  </ItemGroup>
  <ItemGroup>
    <None Include="report_zh.ts">
      <Filter>Translation Files</Filter>
    </None>
  </ItemGroup>
  <ItemGroup>
    <CustomBuild Include="calformula.ui">
      <Filter>Form Files</Filter>
    </CustomBuild>
    <CustomBuild Include="createreport.ui">
      <Filter>Form Files</Filter>
    </CustomBuild>
    <CustomBuild Include="createtimecolumn.ui">
      <Filter>Form Files</Filter>
    </CustomBuild>
    <CustomBuild Include="ctrlparadialog.ui">
      <Filter>Form Files</Filter>
    </CustomBuild>
    <CustomBuild Include="dataproperty.ui">
      <Filter>Form Files</Filter>
    </CustomBuild>
    <CustomBuild Include="datatypedi.ui">
      <Filter>Form Files</Filter>
    </CustomBuild>
    <CustomBuild Include="dgetselection.ui">
      <Filter>Form Files</Filter>
    </CustomBuild>
    <CustomBuild Include="generatereport.ui">
      <Filter>Form Files</Filter>
    </CustomBuild>
    <CustomBuild Include="insertformula.ui">
      <Filter>Form Files</Filter>
    </CustomBuild>
    <CustomBuild Include="modfilename.ui">
      <Filter>Form Files</Filter>
    </CustomBuild>
    <CustomBuild Include="modreporttype.ui">
      <Filter>Form Files</Filter>
    </CustomBuild>
  </ItemGroup>
  <ItemGroup>
    <None Include="images\add_col.png">
      <Filter>Resource Files</Filter>
    </None>
    <None Include="images\add_report_file.ico">
      <Filter>Resource Files</Filter>
    </None>
    <None Include="images\add_report_group.ico">
      <Filter>Resource Files</Filter>
    </None>
    <None Include="images\add_row.png">
      <Filter>Resource Files</Filter>
    </None>
    <None Include="images\ali_center.png">
      <Filter>Resource Files</Filter>
    </None>
    <None Include="images\ali_left.png">
      <Filter>Resource Files</Filter>
    </None>
    <None Include="images\ali_right.png">
      <Filter>Resource Files</Filter>
    </None>
    <None Include="images\arrow_left.ico">
      <Filter>Resource Files</Filter>
    </None>
    <None Include="images\arrow_right.ico">
      <Filter>Resource Files</Filter>
    </None>
    <None Include="images\background_color.png">
      <Filter>Resource Files</Filter>
    </None>
    <None Include="images\brush_color.png">
      <Filter>Resource Files</Filter>
    </None>
    <None Include="images\cell_function.png">
      <Filter>Resource Files</Filter>
    </None>
    <None Include="images\cell_print.png">
      <Filter>Resource Files</Filter>
    </None>
    <None Include="images\copy.png">
      <Filter>Resource Files</Filter>
    </None>
    <None Include="images\cut.png">
      <Filter>Resource Files</Filter>
    </None>
    <None Include="images\data_s.png">
      <Filter>Resource Files</Filter>
    </None>
    <None Include="images\del_col.png">
      <Filter>Resource Files</Filter>
    </None>
    <None Include="images\del_row.png">
      <Filter>Resource Files</Filter>
    </None>
    <None Include="images\delete_report_file.ico">
      <Filter>Resource Files</Filter>
    </None>
    <None Include="images\delete_report_group.ico">
      <Filter>Resource Files</Filter>
    </None>
    <None Include="images\exportpdf.png">
      <Filter>Resource Files</Filter>
    </None>
    <None Include="images\font.png">
      <Filter>Resource Files</Filter>
    </None>
    <None Include="images\font_bold.png">
      <Filter>Resource Files</Filter>
    </None>
    <None Include="images\font_italic.png">
      <Filter>Resource Files</Filter>
    </None>
    <None Include="images\font_underline.png">
      <Filter>Resource Files</Filter>
    </None>
    <None Include="images\function.png">
      <Filter>Resource Files</Filter>
    </None>
    <None Include="images\moredata.png">
      <Filter>Resource Files</Filter>
    </None>
    <None Include="images\new.png">
      <Filter>Resource Files</Filter>
    </None>
    <None Include="images\no.png">
      <Filter>Resource Files</Filter>
    </None>
    <None Include="images\open.png">
      <Filter>Resource Files</Filter>
    </None>
    <None Include="images\open_group.ico">
      <Filter>Resource Files</Filter>
    </None>
    <None Include="images\paste.png">
      <Filter>Resource Files</Filter>
    </None>
    <None Include="images\preview.png">
      <Filter>Resource Files</Filter>
    </None>
    <None Include="images\print.png">
      <Filter>Resource Files</Filter>
    </None>
    <None Include="images\query.png">
      <Filter>Resource Files</Filter>
    </None>
    <None Include="images\report.ico">
      <Filter>Resource Files</Filter>
    </None>
    <CustomBuild Include="report.qrc">
      <Filter>Resource Files</Filter>
    </CustomBuild>
    <None Include="images\report_bar.ico">
      <Filter>Resource Files</Filter>
    </None>
    <None Include="images\report_curve.ico">
      <Filter>Resource Files</Filter>
    </None>
    <None Include="images\report_custom.ico">
      <Filter>Resource Files</Filter>
    </None>
    <None Include="images\report_day.ico">
      <Filter>Resource Files</Filter>
    </None>
    <None Include="images\report_file.ico">
      <Filter>Resource Files</Filter>
    </None>
    <None Include="images\report_import.ico">
      <Filter>Resource Files</Filter>
    </None>
    <None Include="images\report_modify_name.ico">
      <Filter>Resource Files</Filter>
    </None>
    <None Include="images\report_modify_type.ico">
      <Filter>Resource Files</Filter>
    </None>
    <None Include="images\report_month.ico">
      <Filter>Resource Files</Filter>
    </None>
    <None Include="images\report_pie.ico">
      <Filter>Resource Files</Filter>
    </None>
    <None Include="images\report_year.ico">
      <Filter>Resource Files</Filter>
    </None>
    <None Include="images\save.png">
      <Filter>Resource Files</Filter>
    </None>
    <None Include="images\save_as.png">
      <Filter>Resource Files</Filter>
    </None>
    <None Include="images\set_time.png">
      <Filter>Resource Files</Filter>
    </None>
    <None Include="images\singledata.png">
      <Filter>Resource Files</Filter>
    </None>
    <None Include="images\span_cell.png">
      <Filter>Resource Files</Filter>
    </None>
    <None Include="images\spancell.png">
      <Filter>Resource Files</Filter>
    </None>
    <None Include="images\split_cell.png">
      <Filter>Resource Files</Filter>
    </None>
    <None Include="images\splitcell.png">
      <Filter>Resource Files</Filter>
    </None>
    <None Include="images\win.png">
      <Filter>Resource Files</Filter>
    </None>
    <None Include="images\winicon.ico">
      <Filter>Resource Files</Filter>
    </None>
    <None Include="images\yes.png">
      <Filter>Resource Files</Filter>
    </None>
  </ItemGroup>
  <ItemGroup>
    <ResourceCompile Include="report.rc" />
  </ItemGroup>
</Project>