<?xml version="1.0" encoding="utf-8"?>
<Project ToolsVersion="4.0" xmlns="http://schemas.microsoft.com/developer/msbuild/2003">
  <ItemGroup>
    <Filter Include="Source Files">
      <UniqueIdentifier>{4FC737F1-C7A5-4376-A066-2A32D752A2FF}</UniqueIdentifier>
      <Extensions>cpp;cxx;c;def</Extensions>
    </Filter>
    <Filter Include="Header Files">
      <UniqueIdentifier>{93995380-89BD-4b04-88EB-625FBE52EBFB}</UniqueIdentifier>
      <Extensions>h</Extensions>
    </Filter>
    <Filter Include="Form Files">
      <UniqueIdentifier>{99349809-55BA-4b9d-BF79-8FDBB0286EB3}</UniqueIdentifier>
      <Extensions>ui</Extensions>
    </Filter>
    <Filter Include="Resource Files">
      <UniqueIdentifier>{D9D6E242-F8AF-46E4-B9FD-80ECBC20BA3E}</UniqueIdentifier>
      <Extensions>qrc;*</Extensions>
      <ParseFiles>false</ParseFiles>
    </Filter>
    <Filter Include="Generated Files">
      <UniqueIdentifier>{71ED8ED8-ACB9-4CE9-BBE1-E00B30144E11}</UniqueIdentifier>
      <Extensions>moc;h;cpp</Extensions>
      <SourceControlFiles>False</SourceControlFiles>
    </Filter>
    <Filter Include="Generated Files\Debug">
      <UniqueIdentifier>{d452a68f-4bbb-4199-850a-eb88fd90521c}</UniqueIdentifier>
      <Extensions>cpp;moc</Extensions>
      <SourceControlFiles>False</SourceControlFiles>
    </Filter>
    <Filter Include="Generated Files\Release">
      <UniqueIdentifier>{6fe39675-193d-418a-95ad-98da52a6cb38}</UniqueIdentifier>
      <Extensions>cpp;moc</Extensions>
      <SourceControlFiles>False</SourceControlFiles>
    </Filter>
  </ItemGroup>
  <ItemGroup>
    <ClCompile Include="logic_module.cpp">
      <Filter>Source Files</Filter>
    </ClCompile>
    <ClCompile Include="attrwgt.cpp">
      <Filter>Source Files</Filter>
    </ClCompile>
    <ClCompile Include="GeneratedFiles\Debug\moc_attrwgt.cpp">
      <Filter>Generated Files\Debug</Filter>
    </ClCompile>
    <ClCompile Include="GeneratedFiles\Release\moc_attrwgt.cpp">
      <Filter>Generated Files\Release</Filter>
    </ClCompile>
    <ClCompile Include="axisframe.cpp">
      <Filter>Source Files</Filter>
    </ClCompile>
    <ClCompile Include="callsritem.cpp">
      <Filter>Source Files</Filter>
    </ClCompile>
    <ClCompile Include="GeneratedFiles\Debug\moc_callsritem.cpp">
      <Filter>Generated Files\Debug</Filter>
    </ClCompile>
    <ClCompile Include="GeneratedFiles\Release\moc_callsritem.cpp">
      <Filter>Generated Files\Release</Filter>
    </ClCompile>
    <ClCompile Include="commentitem.cpp">
      <Filter>Source Files</Filter>
    </ClCompile>
    <ClCompile Include="GeneratedFiles\Debug\moc_commentitem.cpp">
      <Filter>Generated Files\Debug</Filter>
    </ClCompile>
    <ClCompile Include="GeneratedFiles\Release\moc_commentitem.cpp">
      <Filter>Generated Files\Release</Filter>
    </ClCompile>
    <ClCompile Include="compareorderitem.cpp">
      <Filter>Source Files</Filter>
    </ClCompile>
    <ClCompile Include="GeneratedFiles\Debug\moc_compareorderitem.cpp">
      <Filter>Generated Files\Debug</Filter>
    </ClCompile>
    <ClCompile Include="GeneratedFiles\Release\moc_compareorderitem.cpp">
      <Filter>Generated Files\Release</Filter>
    </ClCompile>
    <ClCompile Include="connectionlineitem.cpp">
      <Filter>Source Files</Filter>
    </ClCompile>
    <ClCompile Include="GeneratedFiles\Debug\moc_connectionlineitem.cpp">
      <Filter>Generated Files\Debug</Filter>
    </ClCompile>
    <ClCompile Include="GeneratedFiles\Release\moc_connectionlineitem.cpp">
      <Filter>Generated Files\Release</Filter>
    </ClCompile>
    <ClCompile Include="connectionrouter.cpp">
      <Filter>Source Files</Filter>
    </ClCompile>
    <ClCompile Include="GeneratedFiles\Debug\moc_connectionrouter.cpp">
      <Filter>Generated Files\Debug</Filter>
    </ClCompile>
    <ClCompile Include="GeneratedFiles\Release\moc_connectionrouter.cpp">
      <Filter>Generated Files\Release</Filter>
    </ClCompile>
    <ClCompile Include="dataioanalyse.cpp">
      <Filter>Source Files</Filter>
    </ClCompile>
    <ClCompile Include="fdbitemchoosewgt.cpp">
      <Filter>Source Files</Filter>
    </ClCompile>
    <ClCompile Include="GeneratedFiles\Debug\moc_fdbitemchoosewgt.cpp">
      <Filter>Generated Files\Debug</Filter>
    </ClCompile>
    <ClCompile Include="GeneratedFiles\Release\moc_fdbitemchoosewgt.cpp">
      <Filter>Generated Files\Release</Filter>
    </ClCompile>
    <ClCompile Include="fdborderbaseitem.cpp">
      <Filter>Source Files</Filter>
    </ClCompile>
    <ClCompile Include="GeneratedFiles\Debug\moc_fdborderbaseitem.cpp">
      <Filter>Generated Files\Debug</Filter>
    </ClCompile>
    <ClCompile Include="GeneratedFiles\Release\moc_fdborderbaseitem.cpp">
      <Filter>Generated Files\Release</Filter>
    </ClCompile>
    <ClCompile Include="fdborderscene.cpp">
      <Filter>Source Files</Filter>
    </ClCompile>
    <ClCompile Include="GeneratedFiles\Debug\moc_fdborderscene.cpp">
      <Filter>Generated Files\Debug</Filter>
    </ClCompile>
    <ClCompile Include="GeneratedFiles\Release\moc_fdborderscene.cpp">
      <Filter>Generated Files\Release</Filter>
    </ClCompile>
    <ClCompile Include="fdborderview.cpp">
      <Filter>Source Files</Filter>
    </ClCompile>
    <ClCompile Include="GeneratedFiles\Debug\moc_fdborderview.cpp">
      <Filter>Generated Files\Debug</Filter>
    </ClCompile>
    <ClCompile Include="GeneratedFiles\Release\moc_fdborderview.cpp">
      <Filter>Generated Files\Release</Filter>
    </ClCompile>
    <ClCompile Include="funblockdiagramitem.cpp">
      <Filter>Source Files</Filter>
    </ClCompile>
    <ClCompile Include="GeneratedFiles\Debug\moc_funblockdiagramitem.cpp">
      <Filter>Generated Files\Debug</Filter>
    </ClCompile>
    <ClCompile Include="GeneratedFiles\Release\moc_funblockdiagramitem.cpp">
      <Filter>Generated Files\Release</Filter>
    </ClCompile>
    <ClCompile Include="logicpropertywgt.cpp">
      <Filter>Source Files</Filter>
    </ClCompile>
    <ClCompile Include="GeneratedFiles\Debug\moc_logicpropertywgt.cpp">
      <Filter>Generated Files\Debug</Filter>
    </ClCompile>
    <ClCompile Include="GeneratedFiles\Release\moc_logicpropertywgt.cpp">
      <Filter>Generated Files\Release</Filter>
    </ClCompile>
    <ClCompile Include="logicxmlreader.cpp">
      <Filter>Source Files</Filter>
    </ClCompile>
    <ClCompile Include="logicxmlwriter.cpp">
      <Filter>Source Files</Filter>
    </ClCompile>
    <ClCompile Include="mathorderitem.cpp">
      <Filter>Source Files</Filter>
    </ClCompile>
    <ClCompile Include="GeneratedFiles\Debug\moc_mathorderitem.cpp">
      <Filter>Generated Files\Debug</Filter>
    </ClCompile>
    <ClCompile Include="GeneratedFiles\Release\moc_mathorderitem.cpp">
      <Filter>Generated Files\Release</Filter>
    </ClCompile>
    <ClCompile Include="moveorderitem.cpp">
      <Filter>Source Files</Filter>
    </ClCompile>
    <ClCompile Include="GeneratedFiles\Debug\moc_moveorderitem.cpp">
      <Filter>Generated Files\Debug</Filter>
    </ClCompile>
    <ClCompile Include="GeneratedFiles\Release\moc_moveorderitem.cpp">
      <Filter>Generated Files\Release</Filter>
    </ClCompile>
    <ClCompile Include="pincallwgt.cpp">
      <Filter>Source Files</Filter>
    </ClCompile>
    <ClCompile Include="GeneratedFiles\Debug\moc_pincallwgt.cpp">
      <Filter>Generated Files\Debug</Filter>
    </ClCompile>
    <ClCompile Include="GeneratedFiles\Release\moc_pincallwgt.cpp">
      <Filter>Generated Files\Release</Filter>
    </ClCompile>
    <ClCompile Include="prjectatrrwgt.cpp">
      <Filter>Source Files</Filter>
    </ClCompile>
    <ClCompile Include="GeneratedFiles\Debug\moc_prjectatrrwgt.cpp">
      <Filter>Generated Files\Debug</Filter>
    </ClCompile>
    <ClCompile Include="GeneratedFiles\Release\moc_prjectatrrwgt.cpp">
      <Filter>Generated Files\Release</Filter>
    </ClCompile>
    <ClCompile Include="timersorderitem.cpp">
      <Filter>Source Files</Filter>
    </ClCompile>
    <ClCompile Include="GeneratedFiles\Debug\moc_timersorderitem.cpp">
      <Filter>Generated Files\Debug</Filter>
    </ClCompile>
    <ClCompile Include="GeneratedFiles\Release\moc_timersorderitem.cpp">
      <Filter>Generated Files\Release</Filter>
    </ClCompile>
    <ClCompile Include="GeneratedFiles\Debug\moc_logic_module.cpp">
      <Filter>Generated Files\Debug</Filter>
    </ClCompile>
    <ClCompile Include="GeneratedFiles\Release\moc_logic_module.cpp">
      <Filter>Generated Files\Release</Filter>
    </ClCompile>
    <ClCompile Include="GeneratedFiles\qrc_logic.cpp">
      <Filter>Generated Files</Filter>
    </ClCompile>
    <ClCompile Include="xmlanalyselogic.cpp">
      <Filter>Source Files</Filter>
    </ClCompile>
    <ClCompile Include="GeneratedFiles\Debug\moc_xmlanalyselogic.cpp">
      <Filter>Generated Files\Debug</Filter>
    </ClCompile>
    <ClCompile Include="GeneratedFiles\Release\moc_xmlanalyselogic.cpp">
      <Filter>Generated Files\Release</Filter>
    </ClCompile>
    <ClCompile Include="logicmodel.cpp">
      <Filter>Source Files</Filter>
    </ClCompile>
    <ClCompile Include="logiccontainter.cpp">
      <Filter>Source Files</Filter>
    </ClCompile>
    <ClCompile Include="logicitemfactory.cpp">
      <Filter>Source Files</Filter>
    </ClCompile>
  </ItemGroup>
  <ItemGroup>
    <ClInclude Include="logic_global.h">
      <Filter>Header Files</Filter>
    </ClInclude>
    <ClInclude Include="GeneratedFiles\ui_attrwgt.h">
      <Filter>Generated Files</Filter>
    </ClInclude>
    <ClInclude Include="axisframe.h">
      <Filter>Header Files</Filter>
    </ClInclude>
    <ClInclude Include="GeneratedFiles\ui_logicpropertywgt.h">
      <Filter>Generated Files</Filter>
    </ClInclude>
    <ClInclude Include="logicxmlwriter.h">
      <Filter>Header Files</Filter>
    </ClInclude>
    <ClInclude Include="GeneratedFiles\ui_pincallwgt.h">
      <Filter>Generated Files</Filter>
    </ClInclude>
    <ClInclude Include="GeneratedFiles\ui_prjectatrrwgt.h">
      <Filter>Generated Files</Filter>
    </ClInclude>
    <ClInclude Include="resource.h">
      <Filter>Header Files</Filter>
    </ClInclude>
    <ClInclude Include="seqdefine.h">
      <Filter>Header Files</Filter>
    </ClInclude>
    <ClInclude Include="logicmodel.h">
      <Filter>Header Files</Filter>
    </ClInclude>
    <ClInclude Include="logiccontainter.h">
      <Filter>Header Files</Filter>
    </ClInclude>
    <ClInclude Include="logicitemfactory.h">
      <Filter>Header Files</Filter>
    </ClInclude>
    <ClInclude Include="logicabstractfactory.h">
      <Filter>Header Files</Filter>
    </ClInclude>
  </ItemGroup>
  <ItemGroup>
    <CustomBuild Include="attrwgt.h">
      <Filter>Header Files</Filter>
    </CustomBuild>
    <CustomBuild Include="attrwgt.ui">
      <Filter>Form Files</Filter>
    </CustomBuild>
    <CustomBuild Include="callsritem.h">
      <Filter>Header Files</Filter>
    </CustomBuild>
    <CustomBuild Include="commentitem.h">
      <Filter>Header Files</Filter>
    </CustomBuild>
    <CustomBuild Include="compareorderitem.h">
      <Filter>Header Files</Filter>
    </CustomBuild>
    <CustomBuild Include="connectionlineitem.h">
      <Filter>Header Files</Filter>
    </CustomBuild>
    <CustomBuild Include="connectionrouter.h">
      <Filter>Header Files</Filter>
    </CustomBuild>
    <CustomBuild Include="dataioanalyse.h">
      <Filter>Header Files</Filter>
    </CustomBuild>
    <CustomBuild Include="fdbitemchoosewgt.h">
      <Filter>Header Files</Filter>
    </CustomBuild>
    <CustomBuild Include="fdborderbaseitem.h">
      <Filter>Header Files</Filter>
    </CustomBuild>
    <CustomBuild Include="fdborderscene.h">
      <Filter>Header Files</Filter>
    </CustomBuild>
    <CustomBuild Include="fdborderview.h">
      <Filter>Header Files</Filter>
    </CustomBuild>
    <CustomBuild Include="funblockdiagramitem.h">
      <Filter>Header Files</Filter>
    </CustomBuild>
    <CustomBuild Include="logicpropertywgt.h">
      <Filter>Header Files</Filter>
    </CustomBuild>
    <CustomBuild Include="logicpropertywgt.ui">
      <Filter>Form Files</Filter>
    </CustomBuild>
    <CustomBuild Include="logicxmlreader.h">
      <Filter>Header Files</Filter>
    </CustomBuild>
    <CustomBuild Include="mathorderitem.h">
      <Filter>Header Files</Filter>
    </CustomBuild>
    <CustomBuild Include="moveorderitem.h">
      <Filter>Header Files</Filter>
    </CustomBuild>
    <CustomBuild Include="pincallwgt.h">
      <Filter>Header Files</Filter>
    </CustomBuild>
    <CustomBuild Include="pincallwgt.ui">
      <Filter>Form Files</Filter>
    </CustomBuild>
    <CustomBuild Include="prjectatrrwgt.h">
      <Filter>Header Files</Filter>
    </CustomBuild>
    <CustomBuild Include="prjectatrrwgt.ui">
      <Filter>Form Files</Filter>
    </CustomBuild>
    <CustomBuild Include="timersorderitem.h">
      <Filter>Header Files</Filter>
    </CustomBuild>
    <CustomBuild Include="logic_module.h">
      <Filter>Header Files</Filter>
    </CustomBuild>
    <CustomBuild Include="logic.qrc">
      <Filter>Resource Files</Filter>
    </CustomBuild>
    <CustomBuild Include="xmlanalyselogic.h">
      <Filter>Header Files</Filter>
    </CustomBuild>
  </ItemGroup>
  <ItemGroup>
    <Image Include="logicmove.png">
      <Filter>Resource Files</Filter>
    </Image>
    <Image Include="pen.png">
      <Filter>Resource Files</Filter>
    </Image>
  </ItemGroup>
</Project>