<?xml version="1.0" encoding="utf-8"?>
<Project ToolsVersion="4.0" xmlns="http://schemas.microsoft.com/developer/msbuild/2003">
  <ItemGroup>
    <Filter Include="Header Files">
      <UniqueIdentifier>{93995380-89BD-4b04-88EB-625FBE52EBFB}</UniqueIdentifier>
      <Extensions>h;hpp;hxx;hm;inl;inc;xsd</Extensions>
    </Filter>
    <Filter Include="Header Files">
      <UniqueIdentifier>{93995380-89BD-4b04-88EB-625FBE52EBFB}</UniqueIdentifier>
      <Extensions>h;hpp;hxx;hm;inl;inc;xsd</Extensions>
    </Filter>
    <Filter Include="Source Files">
      <UniqueIdentifier>{4FC737F1-C7A5-4376-A066-2A32D752A2FF}</UniqueIdentifier>
      <Extensions>cpp;c;cxx;def;odl;idl;hpj;bat;asm;asmx</Extensions>
    </Filter>
    <Filter Include="Source Files">
      <UniqueIdentifier>{4FC737F1-C7A5-4376-A066-2A32D752A2FF}</UniqueIdentifier>
      <Extensions>cpp;c;cxx;def;odl;idl;hpj;bat;asm;asmx</Extensions>
    </Filter>
    <Filter Include="Generated Files">
      <UniqueIdentifier>{71ED8ED8-ACB9-4CE9-BBE1-E00B30144E11}</UniqueIdentifier>
      <Extensions>moc;h;cpp</Extensions>
      <ParseFiles>true</ParseFiles>
    </Filter>
    <Filter Include="Generated Files\Debug">
      <UniqueIdentifier>{1a8d9705-5238-40db-ba8d-877d697145ed}</UniqueIdentifier>
      <Extensions>cpp;moc</Extensions>
      <SourceControlFiles>False</SourceControlFiles>
    </Filter>
    <Filter Include="Generated Files\Release">
      <UniqueIdentifier>{ac984ef8-b8d3-42c5-b99b-8a516af35b40}</UniqueIdentifier>
      <Extensions>cpp;moc</Extensions>
      <SourceControlFiles>False</SourceControlFiles>
    </Filter>
    <Filter Include="Form Files">
      <UniqueIdentifier>{99349809-55BA-4b9d-BF79-8FDBB0286EB3}</UniqueIdentifier>
      <Extensions>ui</Extensions>
      <ParseFiles>true</ParseFiles>
    </Filter>
  </ItemGroup>
  <ItemGroup>
    <ClCompile Include="channel.cpp">
      <Filter>Source Files</Filter>
    </ClCompile>
    <ClCompile Include="device.cpp">
      <Filter>Source Files</Filter>
    </ClCompile>
    <ClCompile Include="dll_lib.cpp">
      <Filter>Source Files</Filter>
    </ClCompile>
    <ClCompile Include="iodrv_main.cpp">
      <Filter>Source Files</Filter>
    </ClCompile>
    <ClCompile Include="simu_channel.cpp">
      <Filter>Source Files</Filter>
    </ClCompile>
    <ClCompile Include="simu_device.cpp">
      <Filter>Source Files</Filter>
    </ClCompile>
    <ClCompile Include="simu_point.cpp">
      <Filter>Source Files</Filter>
    </ClCompile>
    <ClCompile Include="tag.cpp">
      <Filter>Source Files</Filter>
    </ClCompile>
    <ClCompile Include="simudialog.cpp">
      <Filter>Source Files</Filter>
    </ClCompile>
    <ClCompile Include="GeneratedFiles\Debug\moc_simudialog.cpp">
      <Filter>Generated Files\Debug</Filter>
    </ClCompile>
    <ClCompile Include="GeneratedFiles\Release\moc_simudialog.cpp">
      <Filter>Generated Files\Release</Filter>
    </ClCompile>
  </ItemGroup>
  <ItemGroup>
    <ResourceCompile Include="simu_iodrv.rc" />
  </ItemGroup>
  <ItemGroup>
    <CustomBuild Include="channel.h">
      <Filter>Header Files</Filter>
    </CustomBuild>
    <CustomBuild Include="device.h">
      <Filter>Header Files</Filter>
    </CustomBuild>
    <CustomBuild Include="dll_lib.h">
      <Filter>Header Files</Filter>
    </CustomBuild>
    <CustomBuild Include="..\..\..\include\fesapi\fesapi.h">
      <Filter>Header Files</Filter>
    </CustomBuild>
    <CustomBuild Include="..\..\..\include\fesapi\fesdatadef.h">
      <Filter>Header Files</Filter>
    </CustomBuild>
    <CustomBuild Include="..\..\..\include\fesapi\iodriver_main.h">
      <Filter>Header Files</Filter>
    </CustomBuild>
    <CustomBuild Include="..\..\..\include\log\log.h">
      <Filter>Header Files</Filter>
    </CustomBuild>
    <CustomBuild Include="simu_channel.h">
      <Filter>Header Files</Filter>
    </CustomBuild>
    <CustomBuild Include="simu_device.h">
      <Filter>Header Files</Filter>
    </CustomBuild>
    <CustomBuild Include="simu_point.h">
      <Filter>Header Files</Filter>
    </CustomBuild>
    <CustomBuild Include="tag.h">
      <Filter>Header Files</Filter>
    </CustomBuild>
    <CustomBuild Include="simudialog.h">
      <Filter>Header Files</Filter>
    </CustomBuild>
    <CustomBuild Include="simudialog.ui">
      <Filter>Form Files</Filter>
    </CustomBuild>
  </ItemGroup>
  <ItemGroup>
    <ClInclude Include="GeneratedFiles\ui_simudialog.h">
      <Filter>Generated Files</Filter>
    </ClInclude>
  </ItemGroup>
</Project>