
Microsoft Visual Studio Solution File, Format Version 11.00
# Visual Studio 2010
Project("{2150E333-8FDC-42A3-9474-1A3956D46DE8}") = "fes", "fes", "{8C7BB026-9000-424A-8660-5CCDD2ADDF3D}"
EndProject
Project("{2150E333-8FDC-42A3-9474-1A3956D46DE8}") = "src", "src", "{19BF480F-ED73-4510-90E8-96C69210FAD5}"
EndProject
Project("{2150E333-8FDC-42A3-9474-1A3956D46DE8}") = "ext", "ext", "{B349C951-A37C-4C78-AD2A-DF41580CF111}"
EndProject
Project("{2150E333-8FDC-42A3-9474-1A3956D46DE8}") = "driver", "driver", "{D74975C0-A022-4A7F-86DD-E841116FCF05}"
EndProject
Project("{8BC9CEB8-8B4A-11D0-8D11-00A0C91BC942}") = "fes", "src\fes\fes.vcxproj", "{2EDD850F-ACFD-4C9F-BBA7-6043793EAFC5}"
EndProject
Project("{8BC9CEB8-8B4A-11D0-8D11-00A0C91BC942}") = "fesapi", "src\fesapi\fesapi.vcxproj", "{F97A6C34-2187-43FB-ABC5-028E16C1510D}"
EndProject
Project("{8BC9CEB8-8B4A-11D0-8D11-00A0C91BC942}") = "104", "src\iodrivers\104\104.vcxproj", "{7F41A8DF-C40B-430A-AA09-6123A67E852E}"
EndProject
Project("{8BC9CEB8-8B4A-11D0-8D11-00A0C91BC942}") = "mbrtu", "src\iodrivers\mbrtu\mbrtu.vcxproj", "{52258AF5-14F0-4676-A136-BBD6ECF8B256}"
EndProject
Project("{8BC9CEB8-8B4A-11D0-8D11-00A0C91BC942}") = "mbtcp", "src\iodrivers\mbtcp\mbtcp.vcxproj", "{A53380DC-7061-469D-BB83-63D8BE975F4F}"
EndProject
Project("{8BC9CEB8-8B4A-11D0-8D11-00A0C91BC942}") = "shell", "src\shell\shell.vcxproj", "{92948459-399F-4652-9507-9C61DC659A3A}"
EndProject
Project("{2150E333-8FDC-42A3-9474-1A3956D46DE8}") = "log", "log", "{F768233E-A0D2-482D-AD52-61267D88AEB6}"
EndProject
Project("{8BC9CEB8-8B4A-11D0-8D11-00A0C91BC942}") = "log", "src\log\log.vcxproj", "{80CC71A9-ADA4-4FBF-9B15-3A5DA9980BA0}"
	ProjectSection(ProjectDependencies) = postProject
		{39AE0BCC-3E75-4314-9776-73D0374A4B34} = {39AE0BCC-3E75-4314-9776-73D0374A4B34}
	EndProjectSection
EndProject
Project("{2150E333-8FDC-42A3-9474-1A3956D46DE8}") = "utils", "utils", "{881B3966-71C0-413C-8F8D-9898DE3ED267}"
EndProject
Project("{8BC9CEB8-8B4A-11D0-8D11-00A0C91BC942}") = "utils", "common\utils\utils.vcxproj", "{39AE0BCC-3E75-4314-9776-73D0374A4B34}"
EndProject
Project("{8BC9CEB8-8B4A-11D0-8D11-00A0C91BC942}") = "testlog", "src\log\testlog\testlog.vcxproj", "{6D362A9A-DD17-41D0-8DC0-70ECAF3BEC4B}"
	ProjectSection(ProjectDependencies) = postProject
		{93170A1D-6D85-4B55-AB25-DC2BD15AE7CB} = {93170A1D-6D85-4B55-AB25-DC2BD15AE7CB}
		{80CC71A9-ADA4-4FBF-9B15-3A5DA9980BA0} = {80CC71A9-ADA4-4FBF-9B15-3A5DA9980BA0}
	EndProjectSection
EndProject
Project("{2150E333-8FDC-42A3-9474-1A3956D46DE8}") = "thirdparty", "thirdparty", "{A9967B01-F2F6-4F0B-9767-0ADDD239BB58}"
EndProject
Project("{8BC9CEB8-8B4A-11D0-8D11-00A0C91BC942}") = "sqlite", "thirdparty\sqlite\sqlite.vcxproj", "{1DDD9E3F-1DFF-418E-A80D-DA5983B7B92D}"
EndProject
Project("{8BC9CEB8-8B4A-11D0-8D11-00A0C91BC942}") = "testchildlog", "src\log\testchildlog\testchildlog.vcxproj", "{93170A1D-6D85-4B55-AB25-DC2BD15AE7CB}"
	ProjectSection(ProjectDependencies) = postProject
		{80CC71A9-ADA4-4FBF-9B15-3A5DA9980BA0} = {80CC71A9-ADA4-4FBF-9B15-3A5DA9980BA0}
	EndProjectSection
EndProject
Project("{8BC9CEB8-8B4A-11D0-8D11-00A0C91BC942}") = "Kompex SQLite Wrapper", "thirdparty\KompexSQLiteWrapper\Kompex SQLite Wrapper\Kompex SQLite Wrapper.vcxproj", "{855DE711-855E-4BC0-9023-E8D92D45A4A5}"
EndProject
Global
	GlobalSection(SolutionConfigurationPlatforms) = preSolution
		Debug|Win32 = Debug|Win32
		DebugDynamicLib|Win32 = DebugDynamicLib|Win32
		DebugStaticLib|Win32 = DebugStaticLib|Win32
		Release|Win32 = Release|Win32
		ReleaseDynamicLib|Win32 = ReleaseDynamicLib|Win32
		ReleaseStaticLib|Win32 = ReleaseStaticLib|Win32
	EndGlobalSection
	GlobalSection(ProjectConfigurationPlatforms) = postSolution
		{2EDD850F-ACFD-4C9F-BBA7-6043793EAFC5}.Debug|Win32.ActiveCfg = Debug|Win32
		{2EDD850F-ACFD-4C9F-BBA7-6043793EAFC5}.Debug|Win32.Build.0 = Debug|Win32
		{2EDD850F-ACFD-4C9F-BBA7-6043793EAFC5}.DebugDynamicLib|Win32.ActiveCfg = Debug|Win32
		{2EDD850F-ACFD-4C9F-BBA7-6043793EAFC5}.DebugDynamicLib|Win32.Build.0 = Debug|Win32
		{2EDD850F-ACFD-4C9F-BBA7-6043793EAFC5}.DebugStaticLib|Win32.ActiveCfg = Debug|Win32
		{2EDD850F-ACFD-4C9F-BBA7-6043793EAFC5}.DebugStaticLib|Win32.Build.0 = Debug|Win32
		{2EDD850F-ACFD-4C9F-BBA7-6043793EAFC5}.Release|Win32.ActiveCfg = Release|Win32
		{2EDD850F-ACFD-4C9F-BBA7-6043793EAFC5}.Release|Win32.Build.0 = Release|Win32
		{2EDD850F-ACFD-4C9F-BBA7-6043793EAFC5}.ReleaseDynamicLib|Win32.ActiveCfg = Release|Win32
		{2EDD850F-ACFD-4C9F-BBA7-6043793EAFC5}.ReleaseDynamicLib|Win32.Build.0 = Release|Win32
		{2EDD850F-ACFD-4C9F-BBA7-6043793EAFC5}.ReleaseStaticLib|Win32.ActiveCfg = Release|Win32
		{2EDD850F-ACFD-4C9F-BBA7-6043793EAFC5}.ReleaseStaticLib|Win32.Build.0 = Release|Win32
		{F97A6C34-2187-43FB-ABC5-028E16C1510D}.Debug|Win32.ActiveCfg = Debug|Win32
		{F97A6C34-2187-43FB-ABC5-028E16C1510D}.Debug|Win32.Build.0 = Debug|Win32
		{F97A6C34-2187-43FB-ABC5-028E16C1510D}.DebugDynamicLib|Win32.ActiveCfg = Debug|Win32
		{F97A6C34-2187-43FB-ABC5-028E16C1510D}.DebugDynamicLib|Win32.Build.0 = Debug|Win32
		{F97A6C34-2187-43FB-ABC5-028E16C1510D}.DebugStaticLib|Win32.ActiveCfg = Debug|Win32
		{F97A6C34-2187-43FB-ABC5-028E16C1510D}.DebugStaticLib|Win32.Build.0 = Debug|Win32
		{F97A6C34-2187-43FB-ABC5-028E16C1510D}.Release|Win32.ActiveCfg = Release|Win32
		{F97A6C34-2187-43FB-ABC5-028E16C1510D}.Release|Win32.Build.0 = Release|Win32
		{F97A6C34-2187-43FB-ABC5-028E16C1510D}.ReleaseDynamicLib|Win32.ActiveCfg = Release|Win32
		{F97A6C34-2187-43FB-ABC5-028E16C1510D}.ReleaseDynamicLib|Win32.Build.0 = Release|Win32
		{F97A6C34-2187-43FB-ABC5-028E16C1510D}.ReleaseStaticLib|Win32.ActiveCfg = Release|Win32
		{F97A6C34-2187-43FB-ABC5-028E16C1510D}.ReleaseStaticLib|Win32.Build.0 = Release|Win32
		{7F41A8DF-C40B-430A-AA09-6123A67E852E}.Debug|Win32.ActiveCfg = Debug|Win32
		{7F41A8DF-C40B-430A-AA09-6123A67E852E}.Debug|Win32.Build.0 = Debug|Win32
		{7F41A8DF-C40B-430A-AA09-6123A67E852E}.DebugDynamicLib|Win32.ActiveCfg = Debug|Win32
		{7F41A8DF-C40B-430A-AA09-6123A67E852E}.DebugDynamicLib|Win32.Build.0 = Debug|Win32
		{7F41A8DF-C40B-430A-AA09-6123A67E852E}.DebugStaticLib|Win32.ActiveCfg = Debug|Win32
		{7F41A8DF-C40B-430A-AA09-6123A67E852E}.DebugStaticLib|Win32.Build.0 = Debug|Win32
		{7F41A8DF-C40B-430A-AA09-6123A67E852E}.Release|Win32.ActiveCfg = Release|Win32
		{7F41A8DF-C40B-430A-AA09-6123A67E852E}.Release|Win32.Build.0 = Release|Win32
		{7F41A8DF-C40B-430A-AA09-6123A67E852E}.ReleaseDynamicLib|Win32.ActiveCfg = Release|Win32
		{7F41A8DF-C40B-430A-AA09-6123A67E852E}.ReleaseDynamicLib|Win32.Build.0 = Release|Win32
		{7F41A8DF-C40B-430A-AA09-6123A67E852E}.ReleaseStaticLib|Win32.ActiveCfg = Release|Win32
		{7F41A8DF-C40B-430A-AA09-6123A67E852E}.ReleaseStaticLib|Win32.Build.0 = Release|Win32
		{52258AF5-14F0-4676-A136-BBD6ECF8B256}.Debug|Win32.ActiveCfg = Debug|Win32
		{52258AF5-14F0-4676-A136-BBD6ECF8B256}.Debug|Win32.Build.0 = Debug|Win32
		{52258AF5-14F0-4676-A136-BBD6ECF8B256}.DebugDynamicLib|Win32.ActiveCfg = Debug|Win32
		{52258AF5-14F0-4676-A136-BBD6ECF8B256}.DebugDynamicLib|Win32.Build.0 = Debug|Win32
		{52258AF5-14F0-4676-A136-BBD6ECF8B256}.DebugStaticLib|Win32.ActiveCfg = Debug|Win32
		{52258AF5-14F0-4676-A136-BBD6ECF8B256}.DebugStaticLib|Win32.Build.0 = Debug|Win32
		{52258AF5-14F0-4676-A136-BBD6ECF8B256}.Release|Win32.ActiveCfg = Release|Win32
		{52258AF5-14F0-4676-A136-BBD6ECF8B256}.Release|Win32.Build.0 = Release|Win32
		{52258AF5-14F0-4676-A136-BBD6ECF8B256}.ReleaseDynamicLib|Win32.ActiveCfg = Release|Win32
		{52258AF5-14F0-4676-A136-BBD6ECF8B256}.ReleaseDynamicLib|Win32.Build.0 = Release|Win32
		{52258AF5-14F0-4676-A136-BBD6ECF8B256}.ReleaseStaticLib|Win32.ActiveCfg = Release|Win32
		{52258AF5-14F0-4676-A136-BBD6ECF8B256}.ReleaseStaticLib|Win32.Build.0 = Release|Win32
		{A53380DC-7061-469D-BB83-63D8BE975F4F}.Debug|Win32.ActiveCfg = Debug|Win32
		{A53380DC-7061-469D-BB83-63D8BE975F4F}.Debug|Win32.Build.0 = Debug|Win32
		{A53380DC-7061-469D-BB83-63D8BE975F4F}.DebugDynamicLib|Win32.ActiveCfg = Debug|Win32
		{A53380DC-7061-469D-BB83-63D8BE975F4F}.DebugDynamicLib|Win32.Build.0 = Debug|Win32
		{A53380DC-7061-469D-BB83-63D8BE975F4F}.DebugStaticLib|Win32.ActiveCfg = Debug|Win32
		{A53380DC-7061-469D-BB83-63D8BE975F4F}.DebugStaticLib|Win32.Build.0 = Debug|Win32
		{A53380DC-7061-469D-BB83-63D8BE975F4F}.Release|Win32.ActiveCfg = Release|Win32
		{A53380DC-7061-469D-BB83-63D8BE975F4F}.Release|Win32.Build.0 = Release|Win32
		{A53380DC-7061-469D-BB83-63D8BE975F4F}.ReleaseDynamicLib|Win32.ActiveCfg = Release|Win32
		{A53380DC-7061-469D-BB83-63D8BE975F4F}.ReleaseDynamicLib|Win32.Build.0 = Release|Win32
		{A53380DC-7061-469D-BB83-63D8BE975F4F}.ReleaseStaticLib|Win32.ActiveCfg = Release|Win32
		{A53380DC-7061-469D-BB83-63D8BE975F4F}.ReleaseStaticLib|Win32.Build.0 = Release|Win32
		{92948459-399F-4652-9507-9C61DC659A3A}.Debug|Win32.ActiveCfg = Debug|Win32
		{92948459-399F-4652-9507-9C61DC659A3A}.Debug|Win32.Build.0 = Debug|Win32
		{92948459-399F-4652-9507-9C61DC659A3A}.DebugDynamicLib|Win32.ActiveCfg = Debug|Win32
		{92948459-399F-4652-9507-9C61DC659A3A}.DebugDynamicLib|Win32.Build.0 = Debug|Win32
		{92948459-399F-4652-9507-9C61DC659A3A}.DebugStaticLib|Win32.ActiveCfg = Debug|Win32
		{92948459-399F-4652-9507-9C61DC659A3A}.DebugStaticLib|Win32.Build.0 = Debug|Win32
		{92948459-399F-4652-9507-9C61DC659A3A}.Release|Win32.ActiveCfg = Release|Win32
		{92948459-399F-4652-9507-9C61DC659A3A}.Release|Win32.Build.0 = Release|Win32
		{92948459-399F-4652-9507-9C61DC659A3A}.ReleaseDynamicLib|Win32.ActiveCfg = Release|Win32
		{92948459-399F-4652-9507-9C61DC659A3A}.ReleaseDynamicLib|Win32.Build.0 = Release|Win32
		{92948459-399F-4652-9507-9C61DC659A3A}.ReleaseStaticLib|Win32.ActiveCfg = Release|Win32
		{92948459-399F-4652-9507-9C61DC659A3A}.ReleaseStaticLib|Win32.Build.0 = Release|Win32
		{80CC71A9-ADA4-4FBF-9B15-3A5DA9980BA0}.Debug|Win32.ActiveCfg = Debug|Win32
		{80CC71A9-ADA4-4FBF-9B15-3A5DA9980BA0}.Debug|Win32.Build.0 = Debug|Win32
		{80CC71A9-ADA4-4FBF-9B15-3A5DA9980BA0}.DebugDynamicLib|Win32.ActiveCfg = Debug|Win32
		{80CC71A9-ADA4-4FBF-9B15-3A5DA9980BA0}.DebugDynamicLib|Win32.Build.0 = Debug|Win32
		{80CC71A9-ADA4-4FBF-9B15-3A5DA9980BA0}.DebugStaticLib|Win32.ActiveCfg = Debug|Win32
		{80CC71A9-ADA4-4FBF-9B15-3A5DA9980BA0}.DebugStaticLib|Win32.Build.0 = Debug|Win32
		{80CC71A9-ADA4-4FBF-9B15-3A5DA9980BA0}.Release|Win32.ActiveCfg = Release|Win32
		{80CC71A9-ADA4-4FBF-9B15-3A5DA9980BA0}.Release|Win32.Build.0 = Release|Win32
		{80CC71A9-ADA4-4FBF-9B15-3A5DA9980BA0}.ReleaseDynamicLib|Win32.ActiveCfg = Release|Win32
		{80CC71A9-ADA4-4FBF-9B15-3A5DA9980BA0}.ReleaseDynamicLib|Win32.Build.0 = Release|Win32
		{80CC71A9-ADA4-4FBF-9B15-3A5DA9980BA0}.ReleaseStaticLib|Win32.ActiveCfg = Release|Win32
		{80CC71A9-ADA4-4FBF-9B15-3A5DA9980BA0}.ReleaseStaticLib|Win32.Build.0 = Release|Win32
		{39AE0BCC-3E75-4314-9776-73D0374A4B34}.Debug|Win32.ActiveCfg = Debug|Win32
		{39AE0BCC-3E75-4314-9776-73D0374A4B34}.Debug|Win32.Build.0 = Debug|Win32
		{39AE0BCC-3E75-4314-9776-73D0374A4B34}.DebugDynamicLib|Win32.ActiveCfg = Debug|Win32
		{39AE0BCC-3E75-4314-9776-73D0374A4B34}.DebugDynamicLib|Win32.Build.0 = Debug|Win32
		{39AE0BCC-3E75-4314-9776-73D0374A4B34}.DebugStaticLib|Win32.ActiveCfg = Debug|Win32
		{39AE0BCC-3E75-4314-9776-73D0374A4B34}.DebugStaticLib|Win32.Build.0 = Debug|Win32
		{39AE0BCC-3E75-4314-9776-73D0374A4B34}.Release|Win32.ActiveCfg = Release|Win32
		{39AE0BCC-3E75-4314-9776-73D0374A4B34}.Release|Win32.Build.0 = Release|Win32
		{39AE0BCC-3E75-4314-9776-73D0374A4B34}.ReleaseDynamicLib|Win32.ActiveCfg = Release|Win32
		{39AE0BCC-3E75-4314-9776-73D0374A4B34}.ReleaseDynamicLib|Win32.Build.0 = Release|Win32
		{39AE0BCC-3E75-4314-9776-73D0374A4B34}.ReleaseStaticLib|Win32.ActiveCfg = Release|Win32
		{39AE0BCC-3E75-4314-9776-73D0374A4B34}.ReleaseStaticLib|Win32.Build.0 = Release|Win32
		{6D362A9A-DD17-41D0-8DC0-70ECAF3BEC4B}.Debug|Win32.ActiveCfg = Debug|Win32
		{6D362A9A-DD17-41D0-8DC0-70ECAF3BEC4B}.Debug|Win32.Build.0 = Debug|Win32
		{6D362A9A-DD17-41D0-8DC0-70ECAF3BEC4B}.DebugDynamicLib|Win32.ActiveCfg = Debug|Win32
		{6D362A9A-DD17-41D0-8DC0-70ECAF3BEC4B}.DebugDynamicLib|Win32.Build.0 = Debug|Win32
		{6D362A9A-DD17-41D0-8DC0-70ECAF3BEC4B}.DebugStaticLib|Win32.ActiveCfg = Debug|Win32
		{6D362A9A-DD17-41D0-8DC0-70ECAF3BEC4B}.DebugStaticLib|Win32.Build.0 = Debug|Win32
		{6D362A9A-DD17-41D0-8DC0-70ECAF3BEC4B}.Release|Win32.ActiveCfg = Release|Win32
		{6D362A9A-DD17-41D0-8DC0-70ECAF3BEC4B}.Release|Win32.Build.0 = Release|Win32
		{6D362A9A-DD17-41D0-8DC0-70ECAF3BEC4B}.ReleaseDynamicLib|Win32.ActiveCfg = Release|Win32
		{6D362A9A-DD17-41D0-8DC0-70ECAF3BEC4B}.ReleaseDynamicLib|Win32.Build.0 = Release|Win32
		{6D362A9A-DD17-41D0-8DC0-70ECAF3BEC4B}.ReleaseStaticLib|Win32.ActiveCfg = Release|Win32
		{6D362A9A-DD17-41D0-8DC0-70ECAF3BEC4B}.ReleaseStaticLib|Win32.Build.0 = Release|Win32
		{1DDD9E3F-1DFF-418E-A80D-DA5983B7B92D}.Debug|Win32.ActiveCfg = Debug|Win32
		{1DDD9E3F-1DFF-418E-A80D-DA5983B7B92D}.Debug|Win32.Build.0 = Debug|Win32
		{1DDD9E3F-1DFF-418E-A80D-DA5983B7B92D}.DebugDynamicLib|Win32.ActiveCfg = Debug|Win32
		{1DDD9E3F-1DFF-418E-A80D-DA5983B7B92D}.DebugDynamicLib|Win32.Build.0 = Debug|Win32
		{1DDD9E3F-1DFF-418E-A80D-DA5983B7B92D}.DebugStaticLib|Win32.ActiveCfg = Debug|Win32
		{1DDD9E3F-1DFF-418E-A80D-DA5983B7B92D}.DebugStaticLib|Win32.Build.0 = Debug|Win32
		{1DDD9E3F-1DFF-418E-A80D-DA5983B7B92D}.Release|Win32.ActiveCfg = Release|Win32
		{1DDD9E3F-1DFF-418E-A80D-DA5983B7B92D}.Release|Win32.Build.0 = Release|Win32
		{1DDD9E3F-1DFF-418E-A80D-DA5983B7B92D}.ReleaseDynamicLib|Win32.ActiveCfg = Release|Win32
		{1DDD9E3F-1DFF-418E-A80D-DA5983B7B92D}.ReleaseDynamicLib|Win32.Build.0 = Release|Win32
		{1DDD9E3F-1DFF-418E-A80D-DA5983B7B92D}.ReleaseStaticLib|Win32.ActiveCfg = Release|Win32
		{1DDD9E3F-1DFF-418E-A80D-DA5983B7B92D}.ReleaseStaticLib|Win32.Build.0 = Release|Win32
		{93170A1D-6D85-4B55-AB25-DC2BD15AE7CB}.Debug|Win32.ActiveCfg = Debug|Win32
		{93170A1D-6D85-4B55-AB25-DC2BD15AE7CB}.Debug|Win32.Build.0 = Debug|Win32
		{93170A1D-6D85-4B55-AB25-DC2BD15AE7CB}.DebugDynamicLib|Win32.ActiveCfg = Debug|Win32
		{93170A1D-6D85-4B55-AB25-DC2BD15AE7CB}.DebugDynamicLib|Win32.Build.0 = Debug|Win32
		{93170A1D-6D85-4B55-AB25-DC2BD15AE7CB}.DebugStaticLib|Win32.ActiveCfg = Debug|Win32
		{93170A1D-6D85-4B55-AB25-DC2BD15AE7CB}.DebugStaticLib|Win32.Build.0 = Debug|Win32
		{93170A1D-6D85-4B55-AB25-DC2BD15AE7CB}.Release|Win32.ActiveCfg = Release|Win32
		{93170A1D-6D85-4B55-AB25-DC2BD15AE7CB}.Release|Win32.Build.0 = Release|Win32
		{93170A1D-6D85-4B55-AB25-DC2BD15AE7CB}.ReleaseDynamicLib|Win32.ActiveCfg = Release|Win32
		{93170A1D-6D85-4B55-AB25-DC2BD15AE7CB}.ReleaseDynamicLib|Win32.Build.0 = Release|Win32
		{93170A1D-6D85-4B55-AB25-DC2BD15AE7CB}.ReleaseStaticLib|Win32.ActiveCfg = Release|Win32
		{93170A1D-6D85-4B55-AB25-DC2BD15AE7CB}.ReleaseStaticLib|Win32.Build.0 = Release|Win32
		{855DE711-855E-4BC0-9023-E8D92D45A4A5}.Debug|Win32.ActiveCfg = DebugStaticLib|Win32
		{855DE711-855E-4BC0-9023-E8D92D45A4A5}.Debug|Win32.Build.0 = DebugStaticLib|Win32
		{855DE711-855E-4BC0-9023-E8D92D45A4A5}.DebugDynamicLib|Win32.ActiveCfg = DebugDynamicLib|Win32
		{855DE711-855E-4BC0-9023-E8D92D45A4A5}.DebugDynamicLib|Win32.Build.0 = DebugDynamicLib|Win32
		{855DE711-855E-4BC0-9023-E8D92D45A4A5}.DebugStaticLib|Win32.ActiveCfg = DebugStaticLib|Win32
		{855DE711-855E-4BC0-9023-E8D92D45A4A5}.DebugStaticLib|Win32.Build.0 = DebugStaticLib|Win32
		{855DE711-855E-4BC0-9023-E8D92D45A4A5}.Release|Win32.ActiveCfg = ReleaseStaticLib|Win32
		{855DE711-855E-4BC0-9023-E8D92D45A4A5}.Release|Win32.Build.0 = ReleaseStaticLib|Win32
		{855DE711-855E-4BC0-9023-E8D92D45A4A5}.ReleaseDynamicLib|Win32.ActiveCfg = ReleaseDynamicLib|Win32
		{855DE711-855E-4BC0-9023-E8D92D45A4A5}.ReleaseDynamicLib|Win32.Build.0 = ReleaseDynamicLib|Win32
		{855DE711-855E-4BC0-9023-E8D92D45A4A5}.ReleaseStaticLib|Win32.ActiveCfg = ReleaseStaticLib|Win32
		{855DE711-855E-4BC0-9023-E8D92D45A4A5}.ReleaseStaticLib|Win32.Build.0 = ReleaseStaticLib|Win32
	EndGlobalSection
	GlobalSection(SolutionProperties) = preSolution
		HideSolutionNode = FALSE
	EndGlobalSection
	GlobalSection(NestedProjects) = preSolution
		{8C7BB026-9000-424A-8660-5CCDD2ADDF3D} = {19BF480F-ED73-4510-90E8-96C69210FAD5}
		{F768233E-A0D2-482D-AD52-61267D88AEB6} = {19BF480F-ED73-4510-90E8-96C69210FAD5}
		{881B3966-71C0-413C-8F8D-9898DE3ED267} = {19BF480F-ED73-4510-90E8-96C69210FAD5}
		{2EDD850F-ACFD-4C9F-BBA7-6043793EAFC5} = {8C7BB026-9000-424A-8660-5CCDD2ADDF3D}
		{F97A6C34-2187-43FB-ABC5-028E16C1510D} = {8C7BB026-9000-424A-8660-5CCDD2ADDF3D}
		{92948459-399F-4652-9507-9C61DC659A3A} = {8C7BB026-9000-424A-8660-5CCDD2ADDF3D}
		{D74975C0-A022-4A7F-86DD-E841116FCF05} = {B349C951-A37C-4C78-AD2A-DF41580CF111}
		{7F41A8DF-C40B-430A-AA09-6123A67E852E} = {D74975C0-A022-4A7F-86DD-E841116FCF05}
		{52258AF5-14F0-4676-A136-BBD6ECF8B256} = {D74975C0-A022-4A7F-86DD-E841116FCF05}
		{A53380DC-7061-469D-BB83-63D8BE975F4F} = {D74975C0-A022-4A7F-86DD-E841116FCF05}
		{80CC71A9-ADA4-4FBF-9B15-3A5DA9980BA0} = {F768233E-A0D2-482D-AD52-61267D88AEB6}
		{6D362A9A-DD17-41D0-8DC0-70ECAF3BEC4B} = {F768233E-A0D2-482D-AD52-61267D88AEB6}
		{93170A1D-6D85-4B55-AB25-DC2BD15AE7CB} = {F768233E-A0D2-482D-AD52-61267D88AEB6}
		{39AE0BCC-3E75-4314-9776-73D0374A4B34} = {881B3966-71C0-413C-8F8D-9898DE3ED267}
		{1DDD9E3F-1DFF-418E-A80D-DA5983B7B92D} = {A9967B01-F2F6-4F0B-9767-0ADDD239BB58}
		{855DE711-855E-4BC0-9023-E8D92D45A4A5} = {A9967B01-F2F6-4F0B-9767-0ADDD239BB58}
	EndGlobalSection
EndGlobal
