
Microsoft Visual Studio Solution File, Format Version 12.00
# Visual Studio 14
VisualStudioVersion = 14.0.25420.1
MinimumVisualStudioVersion = 10.0.40219.1
Project("{8BC9CEB8-8B4A-11D0-8D11-00A0C91BC942}") = "scada", "src\scada\scada.vcxproj", "{0678D1BF-D385-39D6-801C-F773D9656B12}"
EndProject
Project("{8BC9CEB8-8B4A-11D0-8D11-00A0C91BC942}") = "scadaapi", "src\scadaapi\scadaapi.vcxproj", "{B2931BEE-4EDE-3C16-A835-96D1A4498544}"
EndProject
Project("{8BC9CEB8-8B4A-11D0-8D11-00A0C91BC942}") = "fes", "src\fes\fes.vcxproj", "{57FE960E-B818-3963-83A4-BF02B6A5B275}"
EndProject
Project("{8BC9CEB8-8B4A-11D0-8D11-00A0C91BC942}") = "fesapi", "src\fesapi\fesapi.vcxproj", "{7CBE9EA3-471F-32D8-82AE-097E345F1E55}"
EndProject
Project("{8BC9CEB8-8B4A-11D0-8D11-00A0C91BC942}") = "mail", "src\mail\mail.vcxproj", "{0237FA4A-BFF9-3C30-93E8-AB955D814EE5}"
EndProject
Project("{8BC9CEB8-8B4A-11D0-8D11-00A0C91BC942}") = "netbus", "src\netbus\netbus.vcxproj", "{2BFE645B-C81A-4138-8951-12904CB6F584}"
EndProject
Project("{8BC9CEB8-8B4A-11D0-8D11-00A0C91BC942}") = "scdsvc", "src\scdsvc\scdsvc.vcxproj", "{AB958D0E-7011-33A2-ABDD-55C4A8B54107}"
EndProject
Project("{8BC9CEB8-8B4A-11D0-8D11-00A0C91BC942}") = "log", "src\log\log.vcxproj", "{80CC71A9-ADA4-4FBF-9B15-3A5DA9980BA0}"
EndProject
Project("{8BC9CEB8-8B4A-11D0-8D11-00A0C91BC942}") = "fsh", "src\fsh\fsh.vcxproj", "{AB413518-40B0-34B7-93AF-0050B51F5804}"
EndProject
Project("{2150E333-8FDC-42A3-9474-1A3956D46DE8}") = "io_driver", "io_driver", "{8EC0BA65-0C59-451A-94EF-EB11102D7D9A}"
EndProject
Project("{8BC9CEB8-8B4A-11D0-8D11-00A0C91BC942}") = "simu_iodrv", "src\iodrivers\simu_iodrv\simu_iodrv.vcxproj", "{E47EC40D-AF08-3A0C-9386-354E96216160}"
EndProject
Project("{8BC9CEB8-8B4A-11D0-8D11-00A0C91BC942}") = "comm_log", "src\comm_log\comm_log.vcxproj", "{22BEB15B-0754-3D8A-93B3-64B039E4CD90}"
EndProject
Project("{8BC9CEB8-8B4A-11D0-8D11-00A0C91BC942}") = "vmcs", "src\graph\vmcs.vcxproj", "{2B6B9FB4-67B2-3489-9FFB-34AF578A27F1}"
EndProject
Project("{8BC9CEB8-8B4A-11D0-8D11-00A0C91BC942}") = "104m", "src\iodrivers\104m\104m.vcxproj", "{240313CE-5D0C-460C-89D0-939E5AFE34B0}"
EndProject
Project("{8BC9CEB8-8B4A-11D0-8D11-00A0C91BC942}") = "alarmlite", "src\alarmlite\alarmlite.vcxproj", "{ECE7DE49-DEB4-3F7D-A9EA-8EF2B0074B9C}"
EndProject
Project("{8BC9CEB8-8B4A-11D0-8D11-00A0C91BC942}") = "alarmfes", "src\alarmfes\alarmfes.vcxproj", "{5B7EAD00-96E9-3EF2-BB22-9D59E53FD5A1}"
EndProject
Project("{8BC9CEB8-8B4A-11D0-8D11-00A0C91BC942}") = "vmc", "src\vmc\vmc.vcxproj", "{B12702AD-ABFB-343A-A199-8E24837244A3}"
EndProject
Project("{2150E333-8FDC-42A3-9474-1A3956D46DE8}") = "advapp", "advapp", "{6AF04354-7F85-4432-9777-D86837F723AB}"
EndProject
Project("{8BC9CEB8-8B4A-11D0-8D11-00A0C91BC942}") = "appsh", "src\advapp\appsh\appsh.vcxproj", "{421A121B-DFC1-3235-872E-C350421CDDD1}"
EndProject
Project("{8BC9CEB8-8B4A-11D0-8D11-00A0C91BC942}") = "ppgf", "src\advapp\ppgf\ppgf.vcxproj", "{9D6952EF-25F6-3F53-9410-9D0D79E4B303}"
EndProject
Project("{2150E333-8FDC-42A3-9474-1A3956D46DE8}") = "ft_drivers", "ft_drivers", "{87B6C6EF-6118-4D5F-9CED-8F5E2D18F682}"
EndProject
Project("{8BC9CEB8-8B4A-11D0-8D11-00A0C91BC942}") = "iodrv_sh", "src\iodrivers\iodrv_sh\iodrv_sh.vcxproj", "{2A225ECE-87A6-302F-BECB-12D8AD1D4905}"
EndProject
Project("{8BC9CEB8-8B4A-11D0-8D11-00A0C91BC942}") = "ftdrv_sh", "src\ft_drivers\ftdrv_sh\ftdrv_sh.vcxproj", "{5FCCC333-3439-328F-92A3-00292E83E617}"
EndProject
Project("{2150E333-8FDC-42A3-9474-1A3956D46DE8}") = "rmt_drivers", "rmt_drivers", "{AAF8916E-CBED-419D-AE2B-F0A40A2A3F55}"
EndProject
Project("{8BC9CEB8-8B4A-11D0-8D11-00A0C91BC942}") = "rmtdrv_sh", "src\rmt_drivers\rmtdrv_sh\rmtdrv_sh.vcxproj", "{69C08392-49B1-3323-8344-00C8C742F6E5}"
EndProject
Global
	GlobalSection(SolutionConfigurationPlatforms) = preSolution
		Debug|x64 = Debug|x64
		Release|x64 = Release|x64
	EndGlobalSection
	GlobalSection(ProjectConfigurationPlatforms) = postSolution
		{0678D1BF-D385-39D6-801C-F773D9656B12}.Debug|x64.ActiveCfg = Debug|x64
		{0678D1BF-D385-39D6-801C-F773D9656B12}.Debug|x64.Build.0 = Debug|x64
		{0678D1BF-D385-39D6-801C-F773D9656B12}.Release|x64.ActiveCfg = Release|x64
		{0678D1BF-D385-39D6-801C-F773D9656B12}.Release|x64.Build.0 = Release|x64
		{B2931BEE-4EDE-3C16-A835-96D1A4498544}.Debug|x64.ActiveCfg = Debug|x64
		{B2931BEE-4EDE-3C16-A835-96D1A4498544}.Debug|x64.Build.0 = Debug|x64
		{B2931BEE-4EDE-3C16-A835-96D1A4498544}.Release|x64.ActiveCfg = Release|x64
		{B2931BEE-4EDE-3C16-A835-96D1A4498544}.Release|x64.Build.0 = Release|x64
		{57FE960E-B818-3963-83A4-BF02B6A5B275}.Debug|x64.ActiveCfg = Debug|x64
		{57FE960E-B818-3963-83A4-BF02B6A5B275}.Debug|x64.Build.0 = Debug|x64
		{57FE960E-B818-3963-83A4-BF02B6A5B275}.Release|x64.ActiveCfg = Release|x64
		{57FE960E-B818-3963-83A4-BF02B6A5B275}.Release|x64.Build.0 = Release|x64
		{7CBE9EA3-471F-32D8-82AE-097E345F1E55}.Debug|x64.ActiveCfg = Debug|x64
		{7CBE9EA3-471F-32D8-82AE-097E345F1E55}.Debug|x64.Build.0 = Debug|x64
		{7CBE9EA3-471F-32D8-82AE-097E345F1E55}.Release|x64.ActiveCfg = Release|x64
		{7CBE9EA3-471F-32D8-82AE-097E345F1E55}.Release|x64.Build.0 = Release|x64
		{0237FA4A-BFF9-3C30-93E8-AB955D814EE5}.Debug|x64.ActiveCfg = Debug|x64
		{0237FA4A-BFF9-3C30-93E8-AB955D814EE5}.Debug|x64.Build.0 = Debug|x64
		{0237FA4A-BFF9-3C30-93E8-AB955D814EE5}.Release|x64.ActiveCfg = Release|x64
		{0237FA4A-BFF9-3C30-93E8-AB955D814EE5}.Release|x64.Build.0 = Release|x64
		{2BFE645B-C81A-4138-8951-12904CB6F584}.Debug|x64.ActiveCfg = Debug|x64
		{2BFE645B-C81A-4138-8951-12904CB6F584}.Debug|x64.Build.0 = Debug|x64
		{2BFE645B-C81A-4138-8951-12904CB6F584}.Release|x64.ActiveCfg = Release|x64
		{2BFE645B-C81A-4138-8951-12904CB6F584}.Release|x64.Build.0 = Release|x64
		{AB958D0E-7011-33A2-ABDD-55C4A8B54107}.Debug|x64.ActiveCfg = Debug|x64
		{AB958D0E-7011-33A2-ABDD-55C4A8B54107}.Debug|x64.Build.0 = Debug|x64
		{AB958D0E-7011-33A2-ABDD-55C4A8B54107}.Release|x64.ActiveCfg = Release|x64
		{AB958D0E-7011-33A2-ABDD-55C4A8B54107}.Release|x64.Build.0 = Release|x64
		{80CC71A9-ADA4-4FBF-9B15-3A5DA9980BA0}.Debug|x64.ActiveCfg = Debug|x64
		{80CC71A9-ADA4-4FBF-9B15-3A5DA9980BA0}.Debug|x64.Build.0 = Debug|x64
		{80CC71A9-ADA4-4FBF-9B15-3A5DA9980BA0}.Release|x64.ActiveCfg = Release|x64
		{80CC71A9-ADA4-4FBF-9B15-3A5DA9980BA0}.Release|x64.Build.0 = Release|x64
		{AB413518-40B0-34B7-93AF-0050B51F5804}.Debug|x64.ActiveCfg = Debug|x64
		{AB413518-40B0-34B7-93AF-0050B51F5804}.Debug|x64.Build.0 = Debug|x64
		{AB413518-40B0-34B7-93AF-0050B51F5804}.Release|x64.ActiveCfg = Release|x64
		{AB413518-40B0-34B7-93AF-0050B51F5804}.Release|x64.Build.0 = Release|x64
		{E47EC40D-AF08-3A0C-9386-354E96216160}.Debug|x64.ActiveCfg = Debug|x64
		{E47EC40D-AF08-3A0C-9386-354E96216160}.Debug|x64.Build.0 = Debug|x64
		{E47EC40D-AF08-3A0C-9386-354E96216160}.Release|x64.ActiveCfg = Release|x64
		{E47EC40D-AF08-3A0C-9386-354E96216160}.Release|x64.Build.0 = Release|x64
		{22BEB15B-0754-3D8A-93B3-64B039E4CD90}.Debug|x64.ActiveCfg = Debug|x64
		{22BEB15B-0754-3D8A-93B3-64B039E4CD90}.Debug|x64.Build.0 = Debug|x64
		{22BEB15B-0754-3D8A-93B3-64B039E4CD90}.Release|x64.ActiveCfg = Release|x64
		{22BEB15B-0754-3D8A-93B3-64B039E4CD90}.Release|x64.Build.0 = Release|x64
		{2B6B9FB4-67B2-3489-9FFB-34AF578A27F1}.Debug|x64.ActiveCfg = Debug|x64
		{2B6B9FB4-67B2-3489-9FFB-34AF578A27F1}.Debug|x64.Build.0 = Debug|x64
		{2B6B9FB4-67B2-3489-9FFB-34AF578A27F1}.Release|x64.ActiveCfg = Release|x64
		{2B6B9FB4-67B2-3489-9FFB-34AF578A27F1}.Release|x64.Build.0 = Release|x64
		{240313CE-5D0C-460C-89D0-939E5AFE34B0}.Debug|x64.ActiveCfg = Debug|x64
		{240313CE-5D0C-460C-89D0-939E5AFE34B0}.Debug|x64.Build.0 = Debug|x64
		{240313CE-5D0C-460C-89D0-939E5AFE34B0}.Release|x64.ActiveCfg = Release|x64
		{240313CE-5D0C-460C-89D0-939E5AFE34B0}.Release|x64.Build.0 = Release|x64
		{ECE7DE49-DEB4-3F7D-A9EA-8EF2B0074B9C}.Debug|x64.ActiveCfg = Debug|x64
		{ECE7DE49-DEB4-3F7D-A9EA-8EF2B0074B9C}.Debug|x64.Build.0 = Debug|x64
		{ECE7DE49-DEB4-3F7D-A9EA-8EF2B0074B9C}.Release|x64.ActiveCfg = Release|x64
		{ECE7DE49-DEB4-3F7D-A9EA-8EF2B0074B9C}.Release|x64.Build.0 = Release|x64
		{5B7EAD00-96E9-3EF2-BB22-9D59E53FD5A1}.Debug|x64.ActiveCfg = Debug|x64
		{5B7EAD00-96E9-3EF2-BB22-9D59E53FD5A1}.Debug|x64.Build.0 = Debug|x64
		{5B7EAD00-96E9-3EF2-BB22-9D59E53FD5A1}.Release|x64.ActiveCfg = Release|x64
		{5B7EAD00-96E9-3EF2-BB22-9D59E53FD5A1}.Release|x64.Build.0 = Release|x64
		{B12702AD-ABFB-343A-A199-8E24837244A3}.Debug|x64.ActiveCfg = Debug|x64
		{B12702AD-ABFB-343A-A199-8E24837244A3}.Debug|x64.Build.0 = Debug|x64
		{B12702AD-ABFB-343A-A199-8E24837244A3}.Release|x64.ActiveCfg = Release|x64
		{B12702AD-ABFB-343A-A199-8E24837244A3}.Release|x64.Build.0 = Release|x64
		{421A121B-DFC1-3235-872E-C350421CDDD1}.Debug|x64.ActiveCfg = Debug|x64
		{421A121B-DFC1-3235-872E-C350421CDDD1}.Debug|x64.Build.0 = Debug|x64
		{421A121B-DFC1-3235-872E-C350421CDDD1}.Release|x64.ActiveCfg = Release|x64
		{421A121B-DFC1-3235-872E-C350421CDDD1}.Release|x64.Build.0 = Release|x64
		{9D6952EF-25F6-3F53-9410-9D0D79E4B303}.Debug|x64.ActiveCfg = Debug|x64
		{9D6952EF-25F6-3F53-9410-9D0D79E4B303}.Debug|x64.Build.0 = Debug|x64
		{9D6952EF-25F6-3F53-9410-9D0D79E4B303}.Release|x64.ActiveCfg = Release|x64
		{9D6952EF-25F6-3F53-9410-9D0D79E4B303}.Release|x64.Build.0 = Release|x64
		{2A225ECE-87A6-302F-BECB-12D8AD1D4905}.Debug|x64.ActiveCfg = Debug|x64
		{2A225ECE-87A6-302F-BECB-12D8AD1D4905}.Debug|x64.Build.0 = Debug|x64
		{2A225ECE-87A6-302F-BECB-12D8AD1D4905}.Release|x64.ActiveCfg = Release|x64
		{2A225ECE-87A6-302F-BECB-12D8AD1D4905}.Release|x64.Build.0 = Release|x64
		{5FCCC333-3439-328F-92A3-00292E83E617}.Debug|x64.ActiveCfg = Debug|x64
		{5FCCC333-3439-328F-92A3-00292E83E617}.Debug|x64.Build.0 = Debug|x64
		{5FCCC333-3439-328F-92A3-00292E83E617}.Release|x64.ActiveCfg = Release|x64
		{5FCCC333-3439-328F-92A3-00292E83E617}.Release|x64.Build.0 = Release|x64
		{69C08392-49B1-3323-8344-00C8C742F6E5}.Debug|x64.ActiveCfg = Debug|x64
		{69C08392-49B1-3323-8344-00C8C742F6E5}.Debug|x64.Build.0 = Debug|x64
		{69C08392-49B1-3323-8344-00C8C742F6E5}.Release|x64.ActiveCfg = Release|x64
		{69C08392-49B1-3323-8344-00C8C742F6E5}.Release|x64.Build.0 = Release|x64
	EndGlobalSection
	GlobalSection(SolutionProperties) = preSolution
		HideSolutionNode = FALSE
	EndGlobalSection
	GlobalSection(NestedProjects) = preSolution
		{E47EC40D-AF08-3A0C-9386-354E96216160} = {8EC0BA65-0C59-451A-94EF-EB11102D7D9A}
		{240313CE-5D0C-460C-89D0-939E5AFE34B0} = {8EC0BA65-0C59-451A-94EF-EB11102D7D9A}
		{421A121B-DFC1-3235-872E-C350421CDDD1} = {6AF04354-7F85-4432-9777-D86837F723AB}
		{9D6952EF-25F6-3F53-9410-9D0D79E4B303} = {6AF04354-7F85-4432-9777-D86837F723AB}
		{2A225ECE-87A6-302F-BECB-12D8AD1D4905} = {8EC0BA65-0C59-451A-94EF-EB11102D7D9A}
		{5FCCC333-3439-328F-92A3-00292E83E617} = {87B6C6EF-6118-4D5F-9CED-8F5E2D18F682}
		{69C08392-49B1-3323-8344-00C8C742F6E5} = {AAF8916E-CBED-419D-AE2B-F0A40A2A3F55}
	EndGlobalSection
	GlobalSection(ExtensibilityGlobals) = postSolution
		Qt5Version = msvc2015_64
	EndGlobalSection
EndGlobal
