<?xml version="1.0" encoding="utf-8"?>
<Project ToolsVersion="4.0" xmlns="http://schemas.microsoft.com/developer/msbuild/2003">
  <ItemGroup>
    <Filter Include="Form Files">
      <UniqueIdentifier>{99349809-55BA-4b9d-BF79-8FDBB0286EB3}</UniqueIdentifier>
      <Extensions>ui</Extensions>
      <ParseFiles>false</ParseFiles>
    </Filter>
    <Filter Include="Form Files">
      <UniqueIdentifier>{99349809-55BA-4b9d-BF79-8FDBB0286EB3}</UniqueIdentifier>
      <Extensions>ui</Extensions>
      <ParseFiles>false</ParseFiles>
    </Filter>
    <Filter Include="Generated Files">
      <UniqueIdentifier>{71ED8ED8-ACB9-4CE9-BBE1-E00B30144E11}</UniqueIdentifier>
      <Extensions>cpp;c;cxx;moc;h;def;odl;idl;res;</Extensions>
    </Filter>
    <Filter Include="Generated Files">
      <UniqueIdentifier>{71ED8ED8-ACB9-4CE9-BBE1-E00B30144E11}</UniqueIdentifier>
      <Extensions>cpp;c;cxx;moc;h;def;odl;idl;res;</Extensions>
    </Filter>
    <Filter Include="Header Files">
      <UniqueIdentifier>{93995380-89BD-4b04-88EB-625FBE52EBFB}</UniqueIdentifier>
      <Extensions>h;hpp;hxx;hm;inl;inc;xsd</Extensions>
    </Filter>
    <Filter Include="Header Files">
      <UniqueIdentifier>{93995380-89BD-4b04-88EB-625FBE52EBFB}</UniqueIdentifier>
      <Extensions>h;hpp;hxx;hm;inl;inc;xsd</Extensions>
    </Filter>
    <Filter Include="Resource Files">
      <UniqueIdentifier>{D9D6E242-F8AF-46E4-B9FD-80ECBC20BA3E}</UniqueIdentifier>
      <Extensions>qrc;*</Extensions>
      <ParseFiles>false</ParseFiles>
    </Filter>
    <Filter Include="Resource Files">
      <UniqueIdentifier>{D9D6E242-F8AF-46E4-B9FD-80ECBC20BA3E}</UniqueIdentifier>
      <Extensions>qrc;*</Extensions>
      <ParseFiles>false</ParseFiles>
    </Filter>
    <Filter Include="Source Files">
      <UniqueIdentifier>{4FC737F1-C7A5-4376-A066-2A32D752A2FF}</UniqueIdentifier>
      <Extensions>cpp;c;cxx;def;odl;idl;hpj;bat;asm;asmx</Extensions>
    </Filter>
    <Filter Include="Source Files">
      <UniqueIdentifier>{4FC737F1-C7A5-4376-A066-2A32D752A2FF}</UniqueIdentifier>
      <Extensions>cpp;c;cxx;def;odl;idl;hpj;bat;asm;asmx</Extensions>
    </Filter>
    <Filter Include="Generated Files\Debug">
      <UniqueIdentifier>{3d582d51-44ea-4a1f-a4f7-101d561003c1}</UniqueIdentifier>
      <Extensions>cpp;moc</Extensions>
      <SourceControlFiles>False</SourceControlFiles>
    </Filter>
    <Filter Include="Generated Files\Release">
      <UniqueIdentifier>{18994da4-a629-4304-8dbb-65c251d21c8b}</UniqueIdentifier>
      <Extensions>cpp;moc</Extensions>
      <SourceControlFiles>False</SourceControlFiles>
    </Filter>
    <Filter Include="Translation Files">
      <UniqueIdentifier>{639EADAA-A684-42e4-A9AD-28FC9BCB8F7C}</UniqueIdentifier>
      <Extensions>ts</Extensions>
      <ParseFiles>false</ParseFiles>
    </Filter>
  </ItemGroup>
  <ItemGroup>
    <ClCompile Include="base_module.cpp">
      <Filter>Source Files</Filter>
    </ClCompile>
    <ClCompile Include="datamodel.cpp">
      <Filter>Source Files</Filter>
    </ClCompile>
    <ClCompile Include="dataview.cpp">
      <Filter>Source Files</Filter>
    </ClCompile>
    <ClCompile Include="db_api.cpp">
      <Filter>Source Files</Filter>
    </ClCompile>
    <ClCompile Include="db_svc.cpp">
      <Filter>Source Files</Filter>
    </ClCompile>
    <ClCompile Include="db_svc_build.cpp">
      <Filter>Source Files</Filter>
    </ClCompile>
    <ClCompile Include="db_svc_xml.cpp">
      <Filter>Source Files</Filter>
    </ClCompile>
    <ClCompile Include="dbg_svc.cpp">
      <Filter>Source Files</Filter>
    </ClCompile>
    <ClCompile Include="fes.cpp">
      <Filter>Source Files</Filter>
    </ClCompile>
    <ClCompile Include="fes_main.cpp">
      <Filter>Source Files</Filter>
    </ClCompile>
    <ClCompile Include="fesconfig.cpp">
      <Filter>Source Files</Filter>
    </ClCompile>
    <ClCompile Include="io_channel.cpp">
      <Filter>Source Files</Filter>
    </ClCompile>
    <ClCompile Include="nb_svc.cpp">
      <Filter>Source Files</Filter>
    </ClCompile>
    <ClCompile Include="netmsg_packer.cpp">
      <Filter>Source Files</Filter>
    </ClCompile>
    <ClCompile Include="parseproj.cpp">
      <Filter>Source Files</Filter>
    </ClCompile>
    <ClCompile Include="..\fespub\sharemem.cpp">
      <Filter>Source Files</Filter>
    </ClCompile>
    <ClCompile Include="sys_var.cpp">
      <Filter>Source Files</Filter>
    </ClCompile>
    <ClCompile Include="..\fespub\tag_att.cpp">
      <Filter>Source Files</Filter>
    </ClCompile>
    <ClCompile Include="GeneratedFiles\Debug\moc_dataview.cpp">
      <Filter>Generated Files\Debug</Filter>
    </ClCompile>
    <ClCompile Include="GeneratedFiles\Release\moc_dataview.cpp">
      <Filter>Generated Files\Release</Filter>
    </ClCompile>
    <ClCompile Include="GeneratedFiles\Debug\moc_datamodel.cpp">
      <Filter>Generated Files\Debug</Filter>
    </ClCompile>
    <ClCompile Include="GeneratedFiles\Release\moc_datamodel.cpp">
      <Filter>Generated Files\Release</Filter>
    </ClCompile>
    <ClCompile Include="GeneratedFiles\qrc_fes.cpp">
      <Filter>Generated Files</Filter>
    </ClCompile>
    <ClCompile Include="doutoperdialog.cpp">
      <Filter>Source Files</Filter>
    </ClCompile>
    <ClCompile Include="GeneratedFiles\Debug\moc_doutoperdialog.cpp">
      <Filter>Generated Files\Debug</Filter>
    </ClCompile>
    <ClCompile Include="GeneratedFiles\Release\moc_doutoperdialog.cpp">
      <Filter>Generated Files\Release</Filter>
    </ClCompile>
    <ClCompile Include="GeneratedFiles\Debug\moc_aoutoperdialog.cpp">
      <Filter>Generated Files\Debug</Filter>
    </ClCompile>
    <ClCompile Include="GeneratedFiles\Release\moc_aoutoperdialog.cpp">
      <Filter>Generated Files\Release</Filter>
    </ClCompile>
    <ClCompile Include="aoutoperdialog.cpp">
      <Filter>Source Files</Filter>
    </ClCompile>
    <ClCompile Include="ft_channel.cpp">
      <Filter>Source Files</Filter>
    </ClCompile>
  </ItemGroup>
  <ItemGroup>
    <ClInclude Include="base_module.h">
      <Filter>Header Files</Filter>
    </ClInclude>
    <CustomBuild Include="datamodel.h">
      <Filter>Header Files</Filter>
    </CustomBuild>
    <CustomBuild Include="dataview.h">
      <Filter>Header Files</Filter>
    </CustomBuild>
    <ClInclude Include="db_svc.h">
      <Filter>Header Files</Filter>
    </ClInclude>
    <ClInclude Include="dbg_svc.h">
      <Filter>Header Files</Filter>
    </ClInclude>
    <ClInclude Include="fes.h">
      <Filter>Header Files</Filter>
    </ClInclude>
    <ClInclude Include="..\..\include\fesapi\fes_magicmem.h">
      <Filter>Header Files</Filter>
    </ClInclude>
    <ClInclude Include="fes_main.h">
      <Filter>Header Files</Filter>
    </ClInclude>
    <ClInclude Include="..\..\include\fesapi\fes_msg.h">
      <Filter>Header Files</Filter>
    </ClInclude>
    <ClInclude Include="..\..\include\fesapi\fescnst.h">
      <Filter>Header Files</Filter>
    </ClInclude>
    <ClInclude Include="fesconfig.h">
      <Filter>Header Files</Filter>
    </ClInclude>
    <ClInclude Include="..\..\include\fesapi\fesdatadef.h">
      <Filter>Header Files</Filter>
    </ClInclude>
    <ClInclude Include="io_channel.h">
      <Filter>Header Files</Filter>
    </ClInclude>
    <ClInclude Include="..\..\include\log\log.h">
      <Filter>Header Files</Filter>
    </ClInclude>
    <ClInclude Include="nb_svc.h">
      <Filter>Header Files</Filter>
    </ClInclude>
    <ClInclude Include="netmsg_packer.h">
      <Filter>Header Files</Filter>
    </ClInclude>
    <ClInclude Include="rtnet_msg_packer.h">
      <Filter>Header Files</Filter>
    </ClInclude>
    <ClInclude Include="..\fespub\sharemem.h">
      <Filter>Header Files</Filter>
    </ClInclude>
    <ClInclude Include="singleton.h">
      <Filter>Header Files</Filter>
    </ClInclude>
    <ClInclude Include="stl_util-inl.h">
      <Filter>Header Files</Filter>
    </ClInclude>
    <ClInclude Include="sys_var.h">
      <Filter>Header Files</Filter>
    </ClInclude>
    <ClInclude Include="..\fespub\tag_att.h">
      <Filter>Header Files</Filter>
    </ClInclude>
    <ClInclude Include="GeneratedFiles\ui_dataview.h">
      <Filter>Generated Files</Filter>
    </ClInclude>
    <ClInclude Include="GeneratedFiles\ui_doutoperdialog.h">
      <Filter>Generated Files</Filter>
    </ClInclude>
    <ClInclude Include="GeneratedFiles\ui_aoutoperdialog.h">
      <Filter>Generated Files</Filter>
    </ClInclude>
    <ClInclude Include="ft_channel.h">
      <Filter>Header Files</Filter>
    </ClInclude>
  </ItemGroup>
  <ItemGroup>
    <CustomBuild Include="GeneratedFiles\debug\moc_predefs.h.cbt">
      <Filter>Generated Files</Filter>
    </CustomBuild>
    <CustomBuild Include="GeneratedFiles\release\moc_predefs.h.cbt">
      <Filter>Generated Files</Filter>
    </CustomBuild>
    <CustomBuild Include="doutoperdialog.h">
      <Filter>Header Files</Filter>
    </CustomBuild>
    <CustomBuild Include="doutoperdialog.ui">
      <Filter>Form Files</Filter>
    </CustomBuild>
    <CustomBuild Include="aoutoperdialog.h">
      <Filter>Header Files</Filter>
    </CustomBuild>
    <CustomBuild Include="aoutoperdialog.ui">
      <Filter>Form Files</Filter>
    </CustomBuild>
  </ItemGroup>
  <ItemGroup>
    <CustomBuild Include="dataview.ui">
      <Filter>Form Files</Filter>
    </CustomBuild>
  </ItemGroup>
  <ItemGroup>
    <CustomBuild Include="fes.qrc">
      <Filter>Resource Files</Filter>
    </CustomBuild>
  </ItemGroup>
  <ItemGroup>
    <ResourceCompile Include="fes.rc" />
  </ItemGroup>
  <ItemGroup>
    <None Include="fes_zh.ts">
      <Filter>Translation Files</Filter>
    </None>
  </ItemGroup>
</Project>